// !$*UTF8*$!
{
	archiveVersion = 1;
	classes = {
	};
	objectVersion = 52;
	objects = {

/* Begin PBXBuildFile section */
		7E022BE52452181F000EFCD3 /* WebPreviewVC.swift in Sources */ = {isa = PBXBuildFile; fileRef = 7E022BE32452181F000EFCD3 /* WebPreviewVC.swift */; };
		7E022BE62452181F000EFCD3 /* WebPreviewVC.xib in Resources */ = {isa = PBXBuildFile; fileRef = 7E022BE42452181F000EFCD3 /* WebPreviewVC.xib */; };
		7E022BED245253B3000EFCD3 /* OutlinePreviewVC.swift in Sources */ = {isa = PBXBuildFile; fileRef = 7E022BEB245253B3000EFCD3 /* OutlinePreviewVC.swift */; };
		7E022BEE245253B3000EFCD3 /* OutlinePreviewVC.xib in Resources */ = {isa = PBXBuildFile; fileRef = 7E022BEC245253B3000EFCD3 /* OutlinePreviewVC.xib */; };
		7E08A50F2454372200B7FF53 /* TablePreviewVC.swift in Sources */ = {isa = PBXBuildFile; fileRef = 7E08A50D2454372200B7FF53 /* TablePreviewVC.swift */; };
		7E08A5102454372200B7FF53 /* TablePreviewVC.xib in Resources */ = {isa = PBXBuildFile; fileRef = 7E08A50E2454372200B7FF53 /* TablePreviewVC.xib */; };
		7E1B16922455D93E00E2B84D /* HTMLRenderer.swift in Sources */ = {isa = PBXBuildFile; fileRef = 7E1B16912455D93E00E2B84D /* HTMLRenderer.swift */; };
		7E1DC51F240E6CE300D0A061 /* PreviewVC.swift in Sources */ = {isa = PBXBuildFile; fileRef = 7E1DC51E240E6CE300D0A061 /* PreviewVC.swift */; };
		7E1DC521240E6D8000D0A061 /* MarkdownPreview.swift in Sources */ = {isa = PBXBuildFile; fileRef = 7E1DC520240E6D8000D0A061 /* MarkdownPreview.swift */; };
		7E1DC528240E6F4A00D0A061 /* PreviewVCFactory.swift in Sources */ = {isa = PBXBuildFile; fileRef = 7E1DC527240E6F4A00D0A061 /* PreviewVCFactory.swift */; };
		7E1DC52A240E6FDE00D0A061 /* CodePreview.swift in Sources */ = {isa = PBXBuildFile; fileRef = 7E1DC529240E6FDE00D0A061 /* CodePreview.swift */; };
		7E21C88B2438818100818EB2 /* Main.storyboard in Resources */ = {isa = PBXBuildFile; fileRef = 7E3DF744242CBE7F00DE7CD6 /* Main.storyboard */; };
		7E21C88D2438CAA500818EB2 /* Stats.swift in Sources */ = {isa = PBXBuildFile; fileRef = 7E21C88C2438CAA500818EB2 /* Stats.swift */; };
		7E21C88E24390BE400818EB2 /* Stats.swift in Sources */ = {isa = PBXBuildFile; fileRef = 7E21C88C2438CAA500818EB2 /* Stats.swift */; };
		7E21C89124390E3100818EB2 /* Date.swift in Sources */ = {isa = PBXBuildFile; fileRef = 7E21C89024390E3100818EB2 /* Date.swift */; };
		7E413F802418DD6200CFBB1D /* TSVPreview.swift in Sources */ = {isa = PBXBuildFile; fileRef = 7E413F7F2418DD6200CFBB1D /* TSVPreview.swift */; };
		7E42B61E245857D9008D7116 /* htmlconverter.a in Frameworks */ = {isa = PBXBuildFile; fileRef = 7E42B61D245857D9008D7116 /* htmlconverter.a */; };
		7E458AED2439176B0091BD0F /* Date.swift in Sources */ = {isa = PBXBuildFile; fileRef = 7E21C89024390E3100818EB2 /* Date.swift */; };
		7E458AF0243944810091BD0F /* URL.swift in Sources */ = {isa = PBXBuildFile; fileRef = 7E458AEF243944810091BD0F /* URL.swift */; };
		7E458AF22439474E0091BD0F /* NSMenuItem.swift in Sources */ = {isa = PBXBuildFile; fileRef = 7E458AF12439474E0091BD0F /* NSMenuItem.swift */; };
		7E458AF52439481F0091BD0F /* Menu.swift in Sources */ = {isa = PBXBuildFile; fileRef = 7E458AF42439481F0091BD0F /* Menu.swift */; };
		7E45F899244DA45500BFB869 /* FileTree.swift in Sources */ = {isa = PBXBuildFile; fileRef = 7E45F898244DA45500BFB869 /* FileTree.swift */; };
		7E5E494B2455E3EB00C8C148 /* SwiftExec in Frameworks */ = {isa = PBXBuildFile; productRef = 7E5E494A2455E3EB00C8C148 /* SwiftExec */; };
		7E616BB0244997420043F7AB /* SwiftCSV in Frameworks */ = {isa = PBXBuildFile; productRef = 7E616BAF244997420043F7AB /* SwiftCSV */; };
		7E616BB2244998650043F7AB /* MainVC.xib in Resources */ = {isa = PBXBuildFile; fileRef = 7E616BB1244998650043F7AB /* MainVC.xib */; };
		7E6EF1FD240CC802009E4199 /* Quartz.framework in Frameworks */ = {isa = PBXBuildFile; fileRef = 7E6EF1FC240CC802009E4199 /* Quartz.framework */; };
		7E6EF200240CC802009E4199 /* MainVC.swift in Sources */ = {isa = PBXBuildFile; fileRef = 7E6EF1FF240CC802009E4199 /* MainVC.swift */; };
		7E6EF208240CC802009E4199 /* QLPlugin.appex in Embed App Extensions */ = {isa = PBXBuildFile; fileRef = 7E6EF1FA240CC802009E4199 /* QLPlugin.appex */; settings = {ATTRIBUTES = (RemoveHeadersOnCopy, ); }; };
		7E7A9DAD244F24B900276E51 /* TARPreview.swift in Sources */ = {isa = PBXBuildFile; fileRef = 7E7A9DAC244F24B900276E51 /* TARPreview.swift */; };
		7E8DEDBF242C20A000F2DABB /* OfflineWebView.swift in Sources */ = {isa = PBXBuildFile; fileRef = 7E8DEDBE242C20A000F2DABB /* OfflineWebView.swift */; };
		7E9F0D7D24168870007F1008 /* Stylesheet.swift in Sources */ = {isa = PBXBuildFile; fileRef = 7E9F0D7A24168870007F1008 /* Stylesheet.swift */; };
		7E9F0D7E24168870007F1008 /* Script.swift in Sources */ = {isa = PBXBuildFile; fileRef = 7E9F0D7B24168870007F1008 /* Script.swift */; };
		7E9F0D7F24168870007F1008 /* WebAsset.swift in Sources */ = {isa = PBXBuildFile; fileRef = 7E9F0D7C24168870007F1008 /* WebAsset.swift */; };
		7EAC01EC240D220B009505D0 /* File.swift in Sources */ = {isa = PBXBuildFile; fileRef = 7EAC01EB240D220B009505D0 /* File.swift */; };
		7EB3643F244B03CC00D7F96F /* jupyter-katex.min.js in Resources */ = {isa = PBXBuildFile; fileRef = 7EB363F7244B03CC00D7F96F /* jupyter-katex.min.js */; };
		7EB36440244B03CC00D7F96F /* jupyter-katex-auto-render.min.js in Resources */ = {isa = PBXBuildFile; fileRef = 7EB363F8244B03CC00D7F96F /* jupyter-katex-auto-render.min.js */; };
		7EB36441244B03CC00D7F96F /* jupyter-katex.min.css in Resources */ = {isa = PBXBuildFile; fileRef = 7EB363F9244B03CC00D7F96F /* jupyter-katex.min.css */; };
		7EB36442244B03CC00D7F96F /* KaTeX_Typewriter-Regular.woff2 in Resources */ = {isa = PBXBuildFile; fileRef = 7EB363FB244B03CC00D7F96F /* KaTeX_Typewriter-Regular.woff2 */; };
		7EB36443244B03CC00D7F96F /* KaTeX_Main-Regular.woff in Resources */ = {isa = PBXBuildFile; fileRef = 7EB363FC244B03CC00D7F96F /* KaTeX_Main-Regular.woff */; };
		7EB36444244B03CC00D7F96F /* KaTeX_AMS-Regular.ttf in Resources */ = {isa = PBXBuildFile; fileRef = 7EB363FD244B03CC00D7F96F /* KaTeX_AMS-Regular.ttf */; };
		7EB36445244B03CC00D7F96F /* KaTeX_Main-BoldItalic.woff in Resources */ = {isa = PBXBuildFile; fileRef = 7EB363FE244B03CC00D7F96F /* KaTeX_Main-BoldItalic.woff */; };
		7EB36446244B03CC00D7F96F /* KaTeX_AMS-Regular.woff2 in Resources */ = {isa = PBXBuildFile; fileRef = 7EB363FF244B03CC00D7F96F /* KaTeX_AMS-Regular.woff2 */; };
		7EB36447244B03CC00D7F96F /* KaTeX_Size3-Regular.woff2 in Resources */ = {isa = PBXBuildFile; fileRef = 7EB36400244B03CC00D7F96F /* KaTeX_Size3-Regular.woff2 */; };
		7EB36448244B03CC00D7F96F /* KaTeX_Main-Regular.woff2 in Resources */ = {isa = PBXBuildFile; fileRef = 7EB36401244B03CC00D7F96F /* KaTeX_Main-Regular.woff2 */; };
		7EB36449244B03CC00D7F96F /* KaTeX_Script-Regular.ttf in Resources */ = {isa = PBXBuildFile; fileRef = 7EB36402244B03CC00D7F96F /* KaTeX_Script-Regular.ttf */; };
		7EB3644A244B03CC00D7F96F /* KaTeX_Caligraphic-Bold.woff2 in Resources */ = {isa = PBXBuildFile; fileRef = 7EB36403244B03CC00D7F96F /* KaTeX_Caligraphic-Bold.woff2 */; };
		7EB3644B244B03CC00D7F96F /* KaTeX_Size3-Regular.ttf in Resources */ = {isa = PBXBuildFile; fileRef = 7EB36404244B03CC00D7F96F /* KaTeX_Size3-Regular.ttf */; };
		7EB3644C244B03CC00D7F96F /* KaTeX_Typewriter-Regular.woff in Resources */ = {isa = PBXBuildFile; fileRef = 7EB36405244B03CC00D7F96F /* KaTeX_Typewriter-Regular.woff */; };
		7EB3644D244B03CC00D7F96F /* KaTeX_Caligraphic-Regular.woff in Resources */ = {isa = PBXBuildFile; fileRef = 7EB36406244B03CC00D7F96F /* KaTeX_Caligraphic-Regular.woff */; };
		7EB3644E244B03CC00D7F96F /* KaTeX_Typewriter-Regular.ttf in Resources */ = {isa = PBXBuildFile; fileRef = 7EB36407244B03CC00D7F96F /* KaTeX_Typewriter-Regular.ttf */; };
		7EB3644F244B03CC00D7F96F /* KaTeX_Main-Italic.woff in Resources */ = {isa = PBXBuildFile; fileRef = 7EB36408244B03CC00D7F96F /* KaTeX_Main-Italic.woff */; };
		7EB36450244B03CC00D7F96F /* KaTeX_Caligraphic-Bold.ttf in Resources */ = {isa = PBXBuildFile; fileRef = 7EB36409244B03CC00D7F96F /* KaTeX_Caligraphic-Bold.ttf */; };
		7EB36451244B03CC00D7F96F /* KaTeX_SansSerif-Bold.woff2 in Resources */ = {isa = PBXBuildFile; fileRef = 7EB3640A244B03CC00D7F96F /* KaTeX_SansSerif-Bold.woff2 */; };
		7EB36452244B03CC00D7F96F /* KaTeX_Math-Italic.woff2 in Resources */ = {isa = PBXBuildFile; fileRef = 7EB3640B244B03CC00D7F96F /* KaTeX_Math-Italic.woff2 */; };
		7EB36453244B03CC00D7F96F /* KaTeX_Size4-Regular.woff2 in Resources */ = {isa = PBXBuildFile; fileRef = 7EB3640C244B03CC00D7F96F /* KaTeX_Size4-Regular.woff2 */; };
		7EB36454244B03CC00D7F96F /* KaTeX_Fraktur-Bold.woff2 in Resources */ = {isa = PBXBuildFile; fileRef = 7EB3640D244B03CC00D7F96F /* KaTeX_Fraktur-Bold.woff2 */; };
		7EB36455244B03CC00D7F96F /* KaTeX_Caligraphic-Bold.woff in Resources */ = {isa = PBXBuildFile; fileRef = 7EB3640E244B03CC00D7F96F /* KaTeX_Caligraphic-Bold.woff */; };
		7EB36456244B03CC00D7F96F /* KaTeX_SansSerif-Bold.ttf in Resources */ = {isa = PBXBuildFile; fileRef = 7EB3640F244B03CC00D7F96F /* KaTeX_SansSerif-Bold.ttf */; };
		7EB36457244B03CC00D7F96F /* KaTeX_Fraktur-Regular.woff in Resources */ = {isa = PBXBuildFile; fileRef = 7EB36410244B03CC00D7F96F /* KaTeX_Fraktur-Regular.woff */; };
		7EB36458244B03CC00D7F96F /* KaTeX_Main-Bold.ttf in Resources */ = {isa = PBXBuildFile; fileRef = 7EB36411244B03CC00D7F96F /* KaTeX_Main-Bold.ttf */; };
		7EB36459244B03CC00D7F96F /* KaTeX_SansSerif-Italic.woff2 in Resources */ = {isa = PBXBuildFile; fileRef = 7EB36412244B03CC00D7F96F /* KaTeX_SansSerif-Italic.woff2 */; };
		7EB3645A244B03CC00D7F96F /* KaTeX_Main-Bold.woff2 in Resources */ = {isa = PBXBuildFile; fileRef = 7EB36413244B03CC00D7F96F /* KaTeX_Main-Bold.woff2 */; };
		7EB3645B244B03CC00D7F96F /* KaTeX_SansSerif-Regular.woff2 in Resources */ = {isa = PBXBuildFile; fileRef = 7EB36414244B03CC00D7F96F /* KaTeX_SansSerif-Regular.woff2 */; };
		7EB3645C244B03CC00D7F96F /* KaTeX_Fraktur-Regular.ttf in Resources */ = {isa = PBXBuildFile; fileRef = 7EB36415244B03CC00D7F96F /* KaTeX_Fraktur-Regular.ttf */; };
		7EB3645D244B03CC00D7F96F /* KaTeX_Main-Regular.ttf in Resources */ = {isa = PBXBuildFile; fileRef = 7EB36416244B03CC00D7F96F /* KaTeX_Main-Regular.ttf */; };
		7EB3645E244B03CC00D7F96F /* KaTeX_Size2-Regular.woff in Resources */ = {isa = PBXBuildFile; fileRef = 7EB36417244B03CC00D7F96F /* KaTeX_Size2-Regular.woff */; };
		7EB3645F244B03CC00D7F96F /* KaTeX_Main-BoldItalic.woff2 in Resources */ = {isa = PBXBuildFile; fileRef = 7EB36418244B03CC00D7F96F /* KaTeX_Main-BoldItalic.woff2 */; };
		7EB36460244B03CC00D7F96F /* KaTeX_Fraktur-Regular.woff2 in Resources */ = {isa = PBXBuildFile; fileRef = 7EB36419244B03CC00D7F96F /* KaTeX_Fraktur-Regular.woff2 */; };
		7EB36461244B03CC00D7F96F /* KaTeX_Script-Regular.woff2 in Resources */ = {isa = PBXBuildFile; fileRef = 7EB3641A244B03CC00D7F96F /* KaTeX_Script-Regular.woff2 */; };
		7EB36462244B03CC00D7F96F /* KaTeX_Size4-Regular.woff in Resources */ = {isa = PBXBuildFile; fileRef = 7EB3641B244B03CC00D7F96F /* KaTeX_Size4-Regular.woff */; };
		7EB36463244B03CC00D7F96F /* KaTeX_Size3-Regular.woff in Resources */ = {isa = PBXBuildFile; fileRef = 7EB3641C244B03CC00D7F96F /* KaTeX_Size3-Regular.woff */; };
		7EB36464244B03CC00D7F96F /* KaTeX_AMS-Regular.woff in Resources */ = {isa = PBXBuildFile; fileRef = 7EB3641D244B03CC00D7F96F /* KaTeX_AMS-Regular.woff */; };
		7EB36465244B03CC00D7F96F /* KaTeX_Main-Bold.woff in Resources */ = {isa = PBXBuildFile; fileRef = 7EB3641E244B03CC00D7F96F /* KaTeX_Main-Bold.woff */; };
		7EB36466244B03CC00D7F96F /* KaTeX_SansSerif-Italic.ttf in Resources */ = {isa = PBXBuildFile; fileRef = 7EB3641F244B03CC00D7F96F /* KaTeX_SansSerif-Italic.ttf */; };
		7EB36467244B03CC00D7F96F /* KaTeX_Math-Italic.ttf in Resources */ = {isa = PBXBuildFile; fileRef = 7EB36420244B03CC00D7F96F /* KaTeX_Math-Italic.ttf */; };
		7EB36468244B03CC00D7F96F /* KaTeX_Size1-Regular.woff in Resources */ = {isa = PBXBuildFile; fileRef = 7EB36421244B03CC00D7F96F /* KaTeX_Size1-Regular.woff */; };
		7EB36469244B03CC00D7F96F /* KaTeX_SansSerif-Regular.woff in Resources */ = {isa = PBXBuildFile; fileRef = 7EB36422244B03CC00D7F96F /* KaTeX_SansSerif-Regular.woff */; };
		7EB3646A244B03CC00D7F96F /* KaTeX_Main-Italic.ttf in Resources */ = {isa = PBXBuildFile; fileRef = 7EB36423244B03CC00D7F96F /* KaTeX_Main-Italic.ttf */; };
		7EB3646B244B03CC00D7F96F /* KaTeX_Math-Italic.woff in Resources */ = {isa = PBXBuildFile; fileRef = 7EB36424244B03CC00D7F96F /* KaTeX_Math-Italic.woff */; };
		7EB3646C244B03CC00D7F96F /* KaTeX_Math-BoldItalic.woff2 in Resources */ = {isa = PBXBuildFile; fileRef = 7EB36425244B03CC00D7F96F /* KaTeX_Math-BoldItalic.woff2 */; };
		7EB3646D244B03CC00D7F96F /* KaTeX_Fraktur-Bold.ttf in Resources */ = {isa = PBXBuildFile; fileRef = 7EB36426244B03CC00D7F96F /* KaTeX_Fraktur-Bold.ttf */; };
		7EB3646E244B03CC00D7F96F /* KaTeX_Size2-Regular.ttf in Resources */ = {isa = PBXBuildFile; fileRef = 7EB36427244B03CC00D7F96F /* KaTeX_Size2-Regular.ttf */; };
		7EB3646F244B03CC00D7F96F /* KaTeX_SansSerif-Italic.woff in Resources */ = {isa = PBXBuildFile; fileRef = 7EB36428244B03CC00D7F96F /* KaTeX_SansSerif-Italic.woff */; };
		7EB36470244B03CC00D7F96F /* KaTeX_Main-Italic.woff2 in Resources */ = {isa = PBXBuildFile; fileRef = 7EB36429244B03CC00D7F96F /* KaTeX_Main-Italic.woff2 */; };
		7EB36471244B03CC00D7F96F /* KaTeX_Size1-Regular.woff2 in Resources */ = {isa = PBXBuildFile; fileRef = 7EB3642A244B03CC00D7F96F /* KaTeX_Size1-Regular.woff2 */; };
		7EB36472244B03CC00D7F96F /* KaTeX_Fraktur-Bold.woff in Resources */ = {isa = PBXBuildFile; fileRef = 7EB3642B244B03CC00D7F96F /* KaTeX_Fraktur-Bold.woff */; };
		7EB36473244B03CC00D7F96F /* KaTeX_Script-Regular.woff in Resources */ = {isa = PBXBuildFile; fileRef = 7EB3642C244B03CC00D7F96F /* KaTeX_Script-Regular.woff */; };
		7EB36474244B03CC00D7F96F /* KaTeX_SansSerif-Regular.ttf in Resources */ = {isa = PBXBuildFile; fileRef = 7EB3642D244B03CC00D7F96F /* KaTeX_SansSerif-Regular.ttf */; };
		7EB36475244B03CC00D7F96F /* KaTeX_Math-BoldItalic.woff in Resources */ = {isa = PBXBuildFile; fileRef = 7EB3642E244B03CC00D7F96F /* KaTeX_Math-BoldItalic.woff */; };
		7EB36476244B03CC00D7F96F /* KaTeX_Size1-Regular.ttf in Resources */ = {isa = PBXBuildFile; fileRef = 7EB3642F244B03CC00D7F96F /* KaTeX_Size1-Regular.ttf */; };
		7EB36477244B03CC00D7F96F /* KaTeX_Caligraphic-Regular.ttf in Resources */ = {isa = PBXBuildFile; fileRef = 7EB36430244B03CC00D7F96F /* KaTeX_Caligraphic-Regular.ttf */; };
		7EB36478244B03CC00D7F96F /* KaTeX_Size4-Regular.ttf in Resources */ = {isa = PBXBuildFile; fileRef = 7EB36431244B03CC00D7F96F /* KaTeX_Size4-Regular.ttf */; };
		7EB36479244B03CC00D7F96F /* KaTeX_Size2-Regular.woff2 in Resources */ = {isa = PBXBuildFile; fileRef = 7EB36432244B03CC00D7F96F /* KaTeX_Size2-Regular.woff2 */; };
		7EB3647A244B03CC00D7F96F /* KaTeX_Caligraphic-Regular.woff2 in Resources */ = {isa = PBXBuildFile; fileRef = 7EB36433244B03CC00D7F96F /* KaTeX_Caligraphic-Regular.woff2 */; };
		7EB3647B244B03CC00D7F96F /* KaTeX_Main-BoldItalic.ttf in Resources */ = {isa = PBXBuildFile; fileRef = 7EB36434244B03CC00D7F96F /* KaTeX_Main-BoldItalic.ttf */; };
		7EB3647C244B03CC00D7F96F /* KaTeX_SansSerif-Bold.woff in Resources */ = {isa = PBXBuildFile; fileRef = 7EB36435244B03CC00D7F96F /* KaTeX_SansSerif-Bold.woff */; };
		7EB3647D244B03CC00D7F96F /* KaTeX_Math-BoldItalic.ttf in Resources */ = {isa = PBXBuildFile; fileRef = 7EB36436244B03CC00D7F96F /* KaTeX_Math-BoldItalic.ttf */; };
		7EB3647E244B03CC00D7F96F /* jupyter-main.css in Resources */ = {isa = PBXBuildFile; fileRef = 7EB36437244B03CC00D7F96F /* jupyter-main.css */; };
		7EB3647F244B03CC00D7F96F /* shared-main.css in Resources */ = {isa = PBXBuildFile; fileRef = 7EB36439244B03CC00D7F96F /* shared-main.css */; };
		7EB36480244B03CC00D7F96F /* shared-chroma.css in Resources */ = {isa = PBXBuildFile; fileRef = 7EB3643A244B03CC00D7F96F /* shared-chroma.css */; };
		7EB36482244B03CC00D7F96F /* markdown-main.css in Resources */ = {isa = PBXBuildFile; fileRef = 7EB3643D244B03CC00D7F96F /* markdown-main.css */; };
		7EB36488244B65D900D7F96F /* String.swift in Sources */ = {isa = PBXBuildFile; fileRef = 7EB36487244B65D900D7F96F /* String.swift */; };
		7EB3648A244B665700D7F96F /* ZIPPreview.swift in Sources */ = {isa = PBXBuildFile; fileRef = 7EB36489244B665700D7F96F /* ZIPPreview.swift */; };
		7EB7491924228549007265A4 /* JupyterPreview.swift in Sources */ = {isa = PBXBuildFile; fileRef = 7EB7491824228549007265A4 /* JupyterPreview.swift */; };
		7ECC8CF2240CB4CC000D6970 /* AppDelegate.swift in Sources */ = {isa = PBXBuildFile; fileRef = 7ECC8CF1240CB4CC000D6970 /* AppDelegate.swift */; };
		7ECC8CF4240CB4CC000D6970 /* ViewController.swift in Sources */ = {isa = PBXBuildFile; fileRef = 7ECC8CF3240CB4CC000D6970 /* ViewController.swift */; };
		7ECC8CF6240CB4CC000D6970 /* Assets.xcassets in Resources */ = {isa = PBXBuildFile; fileRef = 7ECC8CF5240CB4CC000D6970 /* Assets.xcassets */; };
		7ED140622450B36D007A7C70 /* SupportedFilesWC.xib in Resources */ = {isa = PBXBuildFile; fileRef = 7ED140602450B36D007A7C70 /* SupportedFilesWC.xib */; };
		7ED140642450C4A7007A7C70 /* Credits.rtf in Resources */ = {isa = PBXBuildFile; fileRef = 7ED140632450C4A7007A7C70 /* Credits.rtf */; };
		7ED140662450C671007A7C70 /* SupportedFilesWC.swift in Sources */ = {isa = PBXBuildFile; fileRef = 7ED140652450C671007A7C70 /* SupportedFilesWC.swift */; };
		7EE10F84244F679B007214D8 /* Log.swift in Sources */ = {isa = PBXBuildFile; fileRef = 7EE10F82244F6774007214D8 /* Log.swift */; };
		7EE10F85244F696F007214D8 /* Log.swift in Sources */ = {isa = PBXBuildFile; fileRef = 7EE10F82244F6774007214D8 /* Log.swift */; };
/* End PBXBuildFile section */

/* Begin PBXContainerItemProxy section */
		7E6EF206240CC802009E4199 /* PBXContainerItemProxy */ = {
			isa = PBXContainerItemProxy;
			containerPortal = 7ECC8CE6240CB4CC000D6970 /* Project object */;
			proxyType = 1;
			remoteGlobalIDString = 7E6EF1F9240CC802009E4199;
			remoteInfo = QLPlugin;
		};
/* End PBXContainerItemProxy section */

/* Begin PBXCopyFilesBuildPhase section */
		7E6EF209240CC802009E4199 /* Embed App Extensions */ = {
			isa = PBXCopyFilesBuildPhase;
			buildActionMask = 2147483647;
			dstPath = "";
			dstSubfolderSpec = 13;
			files = (
				7E6EF208240CC802009E4199 /* QLPlugin.appex in Embed App Extensions */,
			);
			name = "Embed App Extensions";
			runOnlyForDeploymentPostprocessing = 0;
		};
		7E9F0D5E2416427B007F1008 /* Copy Files */ = {
			isa = PBXCopyFilesBuildPhase;
			buildActionMask = 2147483647;
			dstPath = "";
			dstSubfolderSpec = 6;
			files = (
			);
			name = "Copy Files";
			runOnlyForDeploymentPostprocessing = 0;
		};
/* End PBXCopyFilesBuildPhase section */

/* Begin PBXFileReference section */
		7E022BE32452181F000EFCD3 /* WebPreviewVC.swift */ = {isa = PBXFileReference; lastKnownFileType = sourcecode.swift; path = WebPreviewVC.swift; sourceTree = "<group>"; };
		7E022BE42452181F000EFCD3 /* WebPreviewVC.xib */ = {isa = PBXFileReference; lastKnownFileType = file.xib; path = WebPreviewVC.xib; sourceTree = "<group>"; };
		7E022BEB245253B3000EFCD3 /* OutlinePreviewVC.swift */ = {isa = PBXFileReference; lastKnownFileType = sourcecode.swift; path = OutlinePreviewVC.swift; sourceTree = "<group>"; };
		7E022BEC245253B3000EFCD3 /* OutlinePreviewVC.xib */ = {isa = PBXFileReference; lastKnownFileType = file.xib; path = OutlinePreviewVC.xib; sourceTree = "<group>"; };
		7E08A50D2454372200B7FF53 /* TablePreviewVC.swift */ = {isa = PBXFileReference; lastKnownFileType = sourcecode.swift; path = TablePreviewVC.swift; sourceTree = "<group>"; };
		7E08A50E2454372200B7FF53 /* TablePreviewVC.xib */ = {isa = PBXFileReference; lastKnownFileType = file.xib; path = TablePreviewVC.xib; sourceTree = "<group>"; };
		7E1B16902455D8DB00E2B84D /* module.modulemap */ = {isa = PBXFileReference; lastKnownFileType = "sourcecode.module-map"; path = module.modulemap; sourceTree = "<group>"; };
		7E1B16912455D93E00E2B84D /* HTMLRenderer.swift */ = {isa = PBXFileReference; fileEncoding = 4; lastKnownFileType = sourcecode.swift; path = HTMLRenderer.swift; sourceTree = "<group>"; };
		7E1DC51E240E6CE300D0A061 /* PreviewVC.swift */ = {isa = PBXFileReference; lastKnownFileType = sourcecode.swift; path = PreviewVC.swift; sourceTree = "<group>"; };
		7E1DC520240E6D8000D0A061 /* MarkdownPreview.swift */ = {isa = PBXFileReference; lastKnownFileType = sourcecode.swift; path = MarkdownPreview.swift; sourceTree = "<group>"; };
		7E1DC527240E6F4A00D0A061 /* PreviewVCFactory.swift */ = {isa = PBXFileReference; lastKnownFileType = sourcecode.swift; path = PreviewVCFactory.swift; sourceTree = "<group>"; };
		7E1DC529240E6FDE00D0A061 /* CodePreview.swift */ = {isa = PBXFileReference; lastKnownFileType = sourcecode.swift; path = CodePreview.swift; sourceTree = "<group>"; };
		7E21C88C2438CAA500818EB2 /* Stats.swift */ = {isa = PBXFileReference; lastKnownFileType = sourcecode.swift; path = Stats.swift; sourceTree = "<group>"; };
		7E21C89024390E3100818EB2 /* Date.swift */ = {isa = PBXFileReference; lastKnownFileType = sourcecode.swift; path = Date.swift; sourceTree = "<group>"; };
		7E3DF744242CBE7F00DE7CD6 /* Main.storyboard */ = {isa = PBXFileReference; lastKnownFileType = file.storyboard; path = Main.storyboard; sourceTree = "<group>"; };
		7E413F7F2418DD6200CFBB1D /* TSVPreview.swift */ = {isa = PBXFileReference; lastKnownFileType = sourcecode.swift; path = TSVPreview.swift; sourceTree = "<group>"; };
		7E42B61C245857D9008D7116 /* htmlconverter.h */ = {isa = PBXFileReference; fileEncoding = 4; lastKnownFileType = sourcecode.c.h; name = htmlconverter.h; path = HTMLConverter/htmlconverter.h; sourceTree = "<group>"; };
		7E42B61D245857D9008D7116 /* htmlconverter.a */ = {isa = PBXFileReference; lastKnownFileType = archive.ar; name = htmlconverter.a; path = HTMLConverter/htmlconverter.a; sourceTree = "<group>"; };
		7E458AEF243944810091BD0F /* URL.swift */ = {isa = PBXFileReference; lastKnownFileType = sourcecode.swift; path = URL.swift; sourceTree = "<group>"; };
		7E458AF12439474E0091BD0F /* NSMenuItem.swift */ = {isa = PBXFileReference; lastKnownFileType = sourcecode.swift; path = NSMenuItem.swift; sourceTree = "<group>"; };
		7E458AF42439481F0091BD0F /* Menu.swift */ = {isa = PBXFileReference; lastKnownFileType = sourcecode.swift; path = Menu.swift; sourceTree = "<group>"; };
		7E45F898244DA45500BFB869 /* FileTree.swift */ = {isa = PBXFileReference; lastKnownFileType = sourcecode.swift; path = FileTree.swift; sourceTree = "<group>"; };
		7E616BB1244998650043F7AB /* MainVC.xib */ = {isa = PBXFileReference; fileEncoding = 4; lastKnownFileType = file.xib; path = MainVC.xib; sourceTree = "<group>"; };
		7E6EF1FA240CC802009E4199 /* QLPlugin.appex */ = {isa = PBXFileReference; explicitFileType = "wrapper.app-extension"; includeInIndex = 0; path = QLPlugin.appex; sourceTree = BUILT_PRODUCTS_DIR; };
		7E6EF1FC240CC802009E4199 /* Quartz.framework */ = {isa = PBXFileReference; lastKnownFileType = wrapper.framework; name = Quartz.framework; path = System/Library/Frameworks/Quartz.framework; sourceTree = SDKROOT; };
		7E6EF1FF240CC802009E4199 /* MainVC.swift */ = {isa = PBXFileReference; lastKnownFileType = sourcecode.swift; path = MainVC.swift; sourceTree = "<group>"; };
		7E6EF204240CC802009E4199 /* Info.plist */ = {isa = PBXFileReference; lastKnownFileType = text.plist.xml; path = Info.plist; sourceTree = "<group>"; };
		7E6EF205240CC802009E4199 /* QLPlugin.entitlements */ = {isa = PBXFileReference; lastKnownFileType = text.plist.entitlements; path = QLPlugin.entitlements; sourceTree = "<group>"; };
		7E7A9DAC244F24B900276E51 /* TARPreview.swift */ = {isa = PBXFileReference; fileEncoding = 4; lastKnownFileType = sourcecode.swift; path = TARPreview.swift; sourceTree = "<group>"; };
		7E8DEDBE242C20A000F2DABB /* OfflineWebView.swift */ = {isa = PBXFileReference; lastKnownFileType = sourcecode.swift; path = OfflineWebView.swift; sourceTree = "<group>"; };
		7E9F0D7A24168870007F1008 /* Stylesheet.swift */ = {isa = PBXFileReference; fileEncoding = 4; lastKnownFileType = sourcecode.swift; path = Stylesheet.swift; sourceTree = "<group>"; };
		7E9F0D7B24168870007F1008 /* Script.swift */ = {isa = PBXFileReference; fileEncoding = 4; lastKnownFileType = sourcecode.swift; path = Script.swift; sourceTree = "<group>"; };
		7E9F0D7C24168870007F1008 /* WebAsset.swift */ = {isa = PBXFileReference; fileEncoding = 4; lastKnownFileType = sourcecode.swift; path = WebAsset.swift; sourceTree = "<group>"; };
		7EAC01EB240D220B009505D0 /* File.swift */ = {isa = PBXFileReference; lastKnownFileType = sourcecode.swift; path = File.swift; sourceTree = "<group>"; };
		7EB363F7244B03CC00D7F96F /* jupyter-katex.min.js */ = {isa = PBXFileReference; fileEncoding = 4; lastKnownFileType = sourcecode.javascript; path = "jupyter-katex.min.js"; sourceTree = "<group>"; };
		7EB363F8244B03CC00D7F96F /* jupyter-katex-auto-render.min.js */ = {isa = PBXFileReference; fileEncoding = 4; lastKnownFileType = sourcecode.javascript; path = "jupyter-katex-auto-render.min.js"; sourceTree = "<group>"; };
		7EB363F9244B03CC00D7F96F /* jupyter-katex.min.css */ = {isa = PBXFileReference; fileEncoding = 4; lastKnownFileType = text.css; path = "jupyter-katex.min.css"; sourceTree = "<group>"; };
		7EB363FB244B03CC00D7F96F /* KaTeX_Typewriter-Regular.woff2 */ = {isa = PBXFileReference; lastKnownFileType = file; path = "KaTeX_Typewriter-Regular.woff2"; sourceTree = "<group>"; };
		7EB363FC244B03CC00D7F96F /* KaTeX_Main-Regular.woff */ = {isa = PBXFileReference; lastKnownFileType = file; path = "KaTeX_Main-Regular.woff"; sourceTree = "<group>"; };
		7EB363FD244B03CC00D7F96F /* KaTeX_AMS-Regular.ttf */ = {isa = PBXFileReference; lastKnownFileType = file; path = "KaTeX_AMS-Regular.ttf"; sourceTree = "<group>"; };
		7EB363FE244B03CC00D7F96F /* KaTeX_Main-BoldItalic.woff */ = {isa = PBXFileReference; lastKnownFileType = file; path = "KaTeX_Main-BoldItalic.woff"; sourceTree = "<group>"; };
		7EB363FF244B03CC00D7F96F /* KaTeX_AMS-Regular.woff2 */ = {isa = PBXFileReference; lastKnownFileType = file; path = "KaTeX_AMS-Regular.woff2"; sourceTree = "<group>"; };
		7EB36400244B03CC00D7F96F /* KaTeX_Size3-Regular.woff2 */ = {isa = PBXFileReference; lastKnownFileType = file; path = "KaTeX_Size3-Regular.woff2"; sourceTree = "<group>"; };
		7EB36401244B03CC00D7F96F /* KaTeX_Main-Regular.woff2 */ = {isa = PBXFileReference; lastKnownFileType = file; path = "KaTeX_Main-Regular.woff2"; sourceTree = "<group>"; };
		7EB36402244B03CC00D7F96F /* KaTeX_Script-Regular.ttf */ = {isa = PBXFileReference; lastKnownFileType = file; path = "KaTeX_Script-Regular.ttf"; sourceTree = "<group>"; };
		7EB36403244B03CC00D7F96F /* KaTeX_Caligraphic-Bold.woff2 */ = {isa = PBXFileReference; lastKnownFileType = file; path = "KaTeX_Caligraphic-Bold.woff2"; sourceTree = "<group>"; };
		7EB36404244B03CC00D7F96F /* KaTeX_Size3-Regular.ttf */ = {isa = PBXFileReference; lastKnownFileType = file; path = "KaTeX_Size3-Regular.ttf"; sourceTree = "<group>"; };
		7EB36405244B03CC00D7F96F /* KaTeX_Typewriter-Regular.woff */ = {isa = PBXFileReference; lastKnownFileType = file; path = "KaTeX_Typewriter-Regular.woff"; sourceTree = "<group>"; };
		7EB36406244B03CC00D7F96F /* KaTeX_Caligraphic-Regular.woff */ = {isa = PBXFileReference; lastKnownFileType = file; path = "KaTeX_Caligraphic-Regular.woff"; sourceTree = "<group>"; };
		7EB36407244B03CC00D7F96F /* KaTeX_Typewriter-Regular.ttf */ = {isa = PBXFileReference; lastKnownFileType = file; path = "KaTeX_Typewriter-Regular.ttf"; sourceTree = "<group>"; };
		7EB36408244B03CC00D7F96F /* KaTeX_Main-Italic.woff */ = {isa = PBXFileReference; lastKnownFileType = file; path = "KaTeX_Main-Italic.woff"; sourceTree = "<group>"; };
		7EB36409244B03CC00D7F96F /* KaTeX_Caligraphic-Bold.ttf */ = {isa = PBXFileReference; lastKnownFileType = file; path = "KaTeX_Caligraphic-Bold.ttf"; sourceTree = "<group>"; };
		7EB3640A244B03CC00D7F96F /* KaTeX_SansSerif-Bold.woff2 */ = {isa = PBXFileReference; lastKnownFileType = file; path = "KaTeX_SansSerif-Bold.woff2"; sourceTree = "<group>"; };
		7EB3640B244B03CC00D7F96F /* KaTeX_Math-Italic.woff2 */ = {isa = PBXFileReference; lastKnownFileType = file; path = "KaTeX_Math-Italic.woff2"; sourceTree = "<group>"; };
		7EB3640C244B03CC00D7F96F /* KaTeX_Size4-Regular.woff2 */ = {isa = PBXFileReference; lastKnownFileType = file; path = "KaTeX_Size4-Regular.woff2"; sourceTree = "<group>"; };
		7EB3640D244B03CC00D7F96F /* KaTeX_Fraktur-Bold.woff2 */ = {isa = PBXFileReference; lastKnownFileType = file; path = "KaTeX_Fraktur-Bold.woff2"; sourceTree = "<group>"; };
		7EB3640E244B03CC00D7F96F /* KaTeX_Caligraphic-Bold.woff */ = {isa = PBXFileReference; lastKnownFileType = file; path = "KaTeX_Caligraphic-Bold.woff"; sourceTree = "<group>"; };
		7EB3640F244B03CC00D7F96F /* KaTeX_SansSerif-Bold.ttf */ = {isa = PBXFileReference; lastKnownFileType = file; path = "KaTeX_SansSerif-Bold.ttf"; sourceTree = "<group>"; };
		7EB36410244B03CC00D7F96F /* KaTeX_Fraktur-Regular.woff */ = {isa = PBXFileReference; lastKnownFileType = file; path = "KaTeX_Fraktur-Regular.woff"; sourceTree = "<group>"; };
		7EB36411244B03CC00D7F96F /* KaTeX_Main-Bold.ttf */ = {isa = PBXFileReference; lastKnownFileType = file; path = "KaTeX_Main-Bold.ttf"; sourceTree = "<group>"; };
		7EB36412244B03CC00D7F96F /* KaTeX_SansSerif-Italic.woff2 */ = {isa = PBXFileReference; lastKnownFileType = file; path = "KaTeX_SansSerif-Italic.woff2"; sourceTree = "<group>"; };
		7EB36413244B03CC00D7F96F /* KaTeX_Main-Bold.woff2 */ = {isa = PBXFileReference; lastKnownFileType = file; path = "KaTeX_Main-Bold.woff2"; sourceTree = "<group>"; };
		7EB36414244B03CC00D7F96F /* KaTeX_SansSerif-Regular.woff2 */ = {isa = PBXFileReference; lastKnownFileType = file; path = "KaTeX_SansSerif-Regular.woff2"; sourceTree = "<group>"; };
		7EB36415244B03CC00D7F96F /* KaTeX_Fraktur-Regular.ttf */ = {isa = PBXFileReference; lastKnownFileType = file; path = "KaTeX_Fraktur-Regular.ttf"; sourceTree = "<group>"; };
		7EB36416244B03CC00D7F96F /* KaTeX_Main-Regular.ttf */ = {isa = PBXFileReference; lastKnownFileType = file; path = "KaTeX_Main-Regular.ttf"; sourceTree = "<group>"; };
		7EB36417244B03CC00D7F96F /* KaTeX_Size2-Regular.woff */ = {isa = PBXFileReference; lastKnownFileType = file; path = "KaTeX_Size2-Regular.woff"; sourceTree = "<group>"; };
		7EB36418244B03CC00D7F96F /* KaTeX_Main-BoldItalic.woff2 */ = {isa = PBXFileReference; lastKnownFileType = file; path = "KaTeX_Main-BoldItalic.woff2"; sourceTree = "<group>"; };
		7EB36419244B03CC00D7F96F /* KaTeX_Fraktur-Regular.woff2 */ = {isa = PBXFileReference; lastKnownFileType = file; path = "KaTeX_Fraktur-Regular.woff2"; sourceTree = "<group>"; };
		7EB3641A244B03CC00D7F96F /* KaTeX_Script-Regular.woff2 */ = {isa = PBXFileReference; lastKnownFileType = file; path = "KaTeX_Script-Regular.woff2"; sourceTree = "<group>"; };
		7EB3641B244B03CC00D7F96F /* KaTeX_Size4-Regular.woff */ = {isa = PBXFileReference; lastKnownFileType = file; path = "KaTeX_Size4-Regular.woff"; sourceTree = "<group>"; };
		7EB3641C244B03CC00D7F96F /* KaTeX_Size3-Regular.woff */ = {isa = PBXFileReference; lastKnownFileType = file; path = "KaTeX_Size3-Regular.woff"; sourceTree = "<group>"; };
		7EB3641D244B03CC00D7F96F /* KaTeX_AMS-Regular.woff */ = {isa = PBXFileReference; lastKnownFileType = file; path = "KaTeX_AMS-Regular.woff"; sourceTree = "<group>"; };
		7EB3641E244B03CC00D7F96F /* KaTeX_Main-Bold.woff */ = {isa = PBXFileReference; lastKnownFileType = file; path = "KaTeX_Main-Bold.woff"; sourceTree = "<group>"; };
		7EB3641F244B03CC00D7F96F /* KaTeX_SansSerif-Italic.ttf */ = {isa = PBXFileReference; lastKnownFileType = file; path = "KaTeX_SansSerif-Italic.ttf"; sourceTree = "<group>"; };
		7EB36420244B03CC00D7F96F /* KaTeX_Math-Italic.ttf */ = {isa = PBXFileReference; lastKnownFileType = file; path = "KaTeX_Math-Italic.ttf"; sourceTree = "<group>"; };
		7EB36421244B03CC00D7F96F /* KaTeX_Size1-Regular.woff */ = {isa = PBXFileReference; lastKnownFileType = file; path = "KaTeX_Size1-Regular.woff"; sourceTree = "<group>"; };
		7EB36422244B03CC00D7F96F /* KaTeX_SansSerif-Regular.woff */ = {isa = PBXFileReference; lastKnownFileType = file; path = "KaTeX_SansSerif-Regular.woff"; sourceTree = "<group>"; };
		7EB36423244B03CC00D7F96F /* KaTeX_Main-Italic.ttf */ = {isa = PBXFileReference; lastKnownFileType = file; path = "KaTeX_Main-Italic.ttf"; sourceTree = "<group>"; };
		7EB36424244B03CC00D7F96F /* KaTeX_Math-Italic.woff */ = {isa = PBXFileReference; lastKnownFileType = file; path = "KaTeX_Math-Italic.woff"; sourceTree = "<group>"; };
		7EB36425244B03CC00D7F96F /* KaTeX_Math-BoldItalic.woff2 */ = {isa = PBXFileReference; lastKnownFileType = file; path = "KaTeX_Math-BoldItalic.woff2"; sourceTree = "<group>"; };
		7EB36426244B03CC00D7F96F /* KaTeX_Fraktur-Bold.ttf */ = {isa = PBXFileReference; lastKnownFileType = file; path = "KaTeX_Fraktur-Bold.ttf"; sourceTree = "<group>"; };
		7EB36427244B03CC00D7F96F /* KaTeX_Size2-Regular.ttf */ = {isa = PBXFileReference; lastKnownFileType = file; path = "KaTeX_Size2-Regular.ttf"; sourceTree = "<group>"; };
		7EB36428244B03CC00D7F96F /* KaTeX_SansSerif-Italic.woff */ = {isa = PBXFileReference; lastKnownFileType = file; path = "KaTeX_SansSerif-Italic.woff"; sourceTree = "<group>"; };
		7EB36429244B03CC00D7F96F /* KaTeX_Main-Italic.woff2 */ = {isa = PBXFileReference; lastKnownFileType = file; path = "KaTeX_Main-Italic.woff2"; sourceTree = "<group>"; };
		7EB3642A244B03CC00D7F96F /* KaTeX_Size1-Regular.woff2 */ = {isa = PBXFileReference; lastKnownFileType = file; path = "KaTeX_Size1-Regular.woff2"; sourceTree = "<group>"; };
		7EB3642B244B03CC00D7F96F /* KaTeX_Fraktur-Bold.woff */ = {isa = PBXFileReference; lastKnownFileType = file; path = "KaTeX_Fraktur-Bold.woff"; sourceTree = "<group>"; };
		7EB3642C244B03CC00D7F96F /* KaTeX_Script-Regular.woff */ = {isa = PBXFileReference; lastKnownFileType = file; path = "KaTeX_Script-Regular.woff"; sourceTree = "<group>"; };
		7EB3642D244B03CC00D7F96F /* KaTeX_SansSerif-Regular.ttf */ = {isa = PBXFileReference; lastKnownFileType = file; path = "KaTeX_SansSerif-Regular.ttf"; sourceTree = "<group>"; };
		7EB3642E244B03CC00D7F96F /* KaTeX_Math-BoldItalic.woff */ = {isa = PBXFileReference; lastKnownFileType = file; path = "KaTeX_Math-BoldItalic.woff"; sourceTree = "<group>"; };
		7EB3642F244B03CC00D7F96F /* KaTeX_Size1-Regular.ttf */ = {isa = PBXFileReference; lastKnownFileType = file; path = "KaTeX_Size1-Regular.ttf"; sourceTree = "<group>"; };
		7EB36430244B03CC00D7F96F /* KaTeX_Caligraphic-Regular.ttf */ = {isa = PBXFileReference; lastKnownFileType = file; path = "KaTeX_Caligraphic-Regular.ttf"; sourceTree = "<group>"; };
		7EB36431244B03CC00D7F96F /* KaTeX_Size4-Regular.ttf */ = {isa = PBXFileReference; lastKnownFileType = file; path = "KaTeX_Size4-Regular.ttf"; sourceTree = "<group>"; };
		7EB36432244B03CC00D7F96F /* KaTeX_Size2-Regular.woff2 */ = {isa = PBXFileReference; lastKnownFileType = file; path = "KaTeX_Size2-Regular.woff2"; sourceTree = "<group>"; };
		7EB36433244B03CC00D7F96F /* KaTeX_Caligraphic-Regular.woff2 */ = {isa = PBXFileReference; lastKnownFileType = file; path = "KaTeX_Caligraphic-Regular.woff2"; sourceTree = "<group>"; };
		7EB36434244B03CC00D7F96F /* KaTeX_Main-BoldItalic.ttf */ = {isa = PBXFileReference; lastKnownFileType = file; path = "KaTeX_Main-BoldItalic.ttf"; sourceTree = "<group>"; };
		7EB36435244B03CC00D7F96F /* KaTeX_SansSerif-Bold.woff */ = {isa = PBXFileReference; lastKnownFileType = file; path = "KaTeX_SansSerif-Bold.woff"; sourceTree = "<group>"; };
		7EB36436244B03CC00D7F96F /* KaTeX_Math-BoldItalic.ttf */ = {isa = PBXFileReference; lastKnownFileType = file; path = "KaTeX_Math-BoldItalic.ttf"; sourceTree = "<group>"; };
		7EB36437244B03CC00D7F96F /* jupyter-main.css */ = {isa = PBXFileReference; fileEncoding = 4; lastKnownFileType = text.css; path = "jupyter-main.css"; sourceTree = "<group>"; };
		7EB36439244B03CC00D7F96F /* shared-main.css */ = {isa = PBXFileReference; fileEncoding = 4; lastKnownFileType = text.css; path = "shared-main.css"; sourceTree = "<group>"; };
		7EB3643A244B03CC00D7F96F /* shared-chroma.css */ = {isa = PBXFileReference; fileEncoding = 4; lastKnownFileType = text.css; path = "shared-chroma.css"; sourceTree = "<group>"; };
		7EB3643D244B03CC00D7F96F /* markdown-main.css */ = {isa = PBXFileReference; fileEncoding = 4; lastKnownFileType = text.css; path = "markdown-main.css"; sourceTree = "<group>"; };
		7EB36487244B65D900D7F96F /* String.swift */ = {isa = PBXFileReference; fileEncoding = 4; lastKnownFileType = sourcecode.swift; path = String.swift; sourceTree = "<group>"; };
		7EB36489244B665700D7F96F /* ZIPPreview.swift */ = {isa = PBXFileReference; fileEncoding = 4; lastKnownFileType = sourcecode.swift; path = ZIPPreview.swift; sourceTree = "<group>"; };
		7EB7491824228549007265A4 /* JupyterPreview.swift */ = {isa = PBXFileReference; fileEncoding = 4; lastKnownFileType = sourcecode.swift; path = JupyterPreview.swift; sourceTree = "<group>"; };
		7ECC8CEE240CB4CC000D6970 /* Glance.app */ = {isa = PBXFileReference; explicitFileType = wrapper.application; includeInIndex = 0; path = Glance.app; sourceTree = BUILT_PRODUCTS_DIR; };
		7ECC8CF1240CB4CC000D6970 /* AppDelegate.swift */ = {isa = PBXFileReference; lastKnownFileType = sourcecode.swift; path = AppDelegate.swift; sourceTree = "<group>"; };
		7ECC8CF3240CB4CC000D6970 /* ViewController.swift */ = {isa = PBXFileReference; lastKnownFileType = sourcecode.swift; path = ViewController.swift; sourceTree = "<group>"; };
		7ECC8CF5240CB4CC000D6970 /* Assets.xcassets */ = {isa = PBXFileReference; lastKnownFileType = folder.assetcatalog; path = Assets.xcassets; sourceTree = "<group>"; };
		7ECC8CFA240CB4CC000D6970 /* Info.plist */ = {isa = PBXFileReference; lastKnownFileType = text.plist.xml; path = Info.plist; sourceTree = "<group>"; };
		7ECC8CFB240CB4CC000D6970 /* Glance.entitlements */ = {isa = PBXFileReference; lastKnownFileType = text.plist.entitlements; path = Glance.entitlements; sourceTree = "<group>"; };
		7ED140602450B36D007A7C70 /* SupportedFilesWC.xib */ = {isa = PBXFileReference; lastKnownFileType = file.xib; path = SupportedFilesWC.xib; sourceTree = "<group>"; };
		7ED140632450C4A7007A7C70 /* Credits.rtf */ = {isa = PBXFileReference; fileEncoding = 4; lastKnownFileType = text.rtf; path = Credits.rtf; sourceTree = "<group>"; };
		7ED140652450C671007A7C70 /* SupportedFilesWC.swift */ = {isa = PBXFileReference; fileEncoding = 4; lastKnownFileType = sourcecode.swift; path = SupportedFilesWC.swift; sourceTree = "<group>"; };
		7EE10F82244F6774007214D8 /* Log.swift */ = {isa = PBXFileReference; lastKnownFileType = sourcecode.swift; path = Log.swift; sourceTree = "<group>"; };
/* End PBXFileReference section */

/* Begin PBXFrameworksBuildPhase section */
		7E6EF1F7240CC802009E4199 /* Frameworks */ = {
			isa = PBXFrameworksBuildPhase;
			buildActionMask = 2147483647;
			files = (
				7E616BB0244997420043F7AB /* SwiftCSV in Frameworks */,
				7E6EF1FD240CC802009E4199 /* Quartz.framework in Frameworks */,
				7E5E494B2455E3EB00C8C148 /* SwiftExec in Frameworks */,
				7E42B61E245857D9008D7116 /* htmlconverter.a in Frameworks */,
			);
			runOnlyForDeploymentPostprocessing = 0;
		};
		7ECC8CEB240CB4CC000D6970 /* Frameworks */ = {
			isa = PBXFrameworksBuildPhase;
			buildActionMask = 2147483647;
			files = (
			);
			runOnlyForDeploymentPostprocessing = 0;
		};
/* End PBXFrameworksBuildPhase section */

/* Begin PBXGroup section */
		7E1DC51C240E674300D0A061 /* Utils */ = {
			isa = PBXGroup;
			children = (
				7EAC01EB240D220B009505D0 /* File.swift */,
				7E45F898244DA45500BFB869 /* FileTree.swift */,
				7E1B16912455D93E00E2B84D /* HTMLRenderer.swift */,
				7E9F0D7924168870007F1008 /* WebAsset */,
			);
			path = Utils;
			sourceTree = "<group>";
		};
		7E1DC51D240E68AF00D0A061 /* Views */ = {
			isa = PBXGroup;
			children = (
				7E1DC527240E6F4A00D0A061 /* PreviewVCFactory.swift */,
				7E1DC51E240E6CE300D0A061 /* PreviewVC.swift */,
				7E616BB42449A4E00043F7AB /* Views */,
				7E616BB324499A380043F7AB /* PreviewVCs */,
				7E1DC52C240E9A3700D0A061 /* Previews */,
			);
			path = Views;
			sourceTree = "<group>";
		};
		7E1DC52B240E91FC00D0A061 /* Resources */ = {
			isa = PBXGroup;
			children = (
				7EB363F6244B03CC00D7F96F /* jupyter */,
				7EB3643B244B03CC00D7F96F /* markdown */,
				7EB36438244B03CC00D7F96F /* shared */,
			);
			path = Resources;
			sourceTree = "<group>";
		};
		7E1DC52C240E9A3700D0A061 /* Previews */ = {
			isa = PBXGroup;
			children = (
				7E1DC529240E6FDE00D0A061 /* CodePreview.swift */,
				7EB7491824228549007265A4 /* JupyterPreview.swift */,
				7E1DC520240E6D8000D0A061 /* MarkdownPreview.swift */,
				7E7A9DAC244F24B900276E51 /* TARPreview.swift */,
				7E413F7F2418DD6200CFBB1D /* TSVPreview.swift */,
				7EB36489244B665700D7F96F /* ZIPPreview.swift */,
			);
			path = Previews;
			sourceTree = "<group>";
		};
		7E21C88F24390E2400818EB2 /* Utils */ = {
			isa = PBXGroup;
			children = (
				7EE10F82244F6774007214D8 /* Log.swift */,
				7E21C88C2438CAA500818EB2 /* Stats.swift */,
			);
			path = Utils;
			sourceTree = "<group>";
		};
		7E21C89224390E4900818EB2 /* Extensions */ = {
			isa = PBXGroup;
			children = (
				7E21C89024390E3100818EB2 /* Date.swift */,
			);
			path = Extensions;
			sourceTree = "<group>";
		};
		7E458AEC243917600091BD0F /* Shared */ = {
			isa = PBXGroup;
			children = (
				7E21C89224390E4900818EB2 /* Extensions */,
				7E21C88F24390E2400818EB2 /* Utils */,
			);
			path = Shared;
			sourceTree = "<group>";
		};
		7E458AEE243944750091BD0F /* Extensions */ = {
			isa = PBXGroup;
			children = (
				7E458AEF243944810091BD0F /* URL.swift */,
				7E458AF12439474E0091BD0F /* NSMenuItem.swift */,
			);
			path = Extensions;
			sourceTree = "<group>";
		};
		7E458AF3243948130091BD0F /* Utils */ = {
			isa = PBXGroup;
			children = (
				7E458AF42439481F0091BD0F /* Menu.swift */,
			);
			path = Utils;
			sourceTree = "<group>";
		};
		7E616BB324499A380043F7AB /* PreviewVCs */ = {
			isa = PBXGroup;
			children = (
				7E022BEC245253B3000EFCD3 /* OutlinePreviewVC.xib */,
				7E022BEB245253B3000EFCD3 /* OutlinePreviewVC.swift */,
				7E08A50E2454372200B7FF53 /* TablePreviewVC.xib */,
				7E08A50D2454372200B7FF53 /* TablePreviewVC.swift */,
				7E022BE42452181F000EFCD3 /* WebPreviewVC.xib */,
				7E022BE32452181F000EFCD3 /* WebPreviewVC.swift */,
			);
			path = PreviewVCs;
			sourceTree = "<group>";
		};
		7E616BB42449A4E00043F7AB /* Views */ = {
			isa = PBXGroup;
			children = (
				7E8DEDBE242C20A000F2DABB /* OfflineWebView.swift */,
			);
			path = Views;
			sourceTree = "<group>";
		};
		7E6EF1FB240CC802009E4199 /* Frameworks */ = {
			isa = PBXGroup;
			children = (
				7E42B61D245857D9008D7116 /* htmlconverter.a */,
				7E42B61C245857D9008D7116 /* htmlconverter.h */,
				7E6EF1FC240CC802009E4199 /* Quartz.framework */,
			);
			name = Frameworks;
			sourceTree = "<group>";
		};
		7E6EF1FE240CC802009E4199 /* QLPlugin */ = {
			isa = PBXGroup;
			children = (
				7EB36486244B65D900D7F96F /* Extensions */,
				7E1DC51D240E68AF00D0A061 /* Views */,
				7E1DC51C240E674300D0A061 /* Utils */,
				7E1DC52B240E91FC00D0A061 /* Resources */,
				7E6EF204240CC802009E4199 /* Info.plist */,
				7E6EF205240CC802009E4199 /* QLPlugin.entitlements */,
				7E616BB1244998650043F7AB /* MainVC.xib */,
				7E6EF1FF240CC802009E4199 /* MainVC.swift */,
			);
			path = QLPlugin;
			sourceTree = "<group>";
		};
		7E9F0D7924168870007F1008 /* WebAsset */ = {
			isa = PBXGroup;
			children = (
				7E9F0D7B24168870007F1008 /* Script.swift */,
				7E9F0D7A24168870007F1008 /* Stylesheet.swift */,
				7E9F0D7C24168870007F1008 /* WebAsset.swift */,
			);
			path = WebAsset;
			sourceTree = "<group>";
		};
		7EB363F6244B03CC00D7F96F /* jupyter */ = {
			isa = PBXGroup;
			children = (
				7EB363FA244B03CC00D7F96F /* fonts */,
				7EB363F7244B03CC00D7F96F /* jupyter-katex.min.js */,
				7EB363F8244B03CC00D7F96F /* jupyter-katex-auto-render.min.js */,
				7EB363F9244B03CC00D7F96F /* jupyter-katex.min.css */,
				7EB36437244B03CC00D7F96F /* jupyter-main.css */,
			);
			path = jupyter;
			sourceTree = "<group>";
		};
		7EB363FA244B03CC00D7F96F /* fonts */ = {
			isa = PBXGroup;
			children = (
				7EB363FB244B03CC00D7F96F /* KaTeX_Typewriter-Regular.woff2 */,
				7EB363FC244B03CC00D7F96F /* KaTeX_Main-Regular.woff */,
				7EB363FD244B03CC00D7F96F /* KaTeX_AMS-Regular.ttf */,
				7EB363FE244B03CC00D7F96F /* KaTeX_Main-BoldItalic.woff */,
				7EB363FF244B03CC00D7F96F /* KaTeX_AMS-Regular.woff2 */,
				7EB36400244B03CC00D7F96F /* KaTeX_Size3-Regular.woff2 */,
				7EB36401244B03CC00D7F96F /* KaTeX_Main-Regular.woff2 */,
				7EB36402244B03CC00D7F96F /* KaTeX_Script-Regular.ttf */,
				7EB36403244B03CC00D7F96F /* KaTeX_Caligraphic-Bold.woff2 */,
				7EB36404244B03CC00D7F96F /* KaTeX_Size3-Regular.ttf */,
				7EB36405244B03CC00D7F96F /* KaTeX_Typewriter-Regular.woff */,
				7EB36406244B03CC00D7F96F /* KaTeX_Caligraphic-Regular.woff */,
				7EB36407244B03CC00D7F96F /* KaTeX_Typewriter-Regular.ttf */,
				7EB36408244B03CC00D7F96F /* KaTeX_Main-Italic.woff */,
				7EB36409244B03CC00D7F96F /* KaTeX_Caligraphic-Bold.ttf */,
				7EB3640A244B03CC00D7F96F /* KaTeX_SansSerif-Bold.woff2 */,
				7EB3640B244B03CC00D7F96F /* KaTeX_Math-Italic.woff2 */,
				7EB3640C244B03CC00D7F96F /* KaTeX_Size4-Regular.woff2 */,
				7EB3640D244B03CC00D7F96F /* KaTeX_Fraktur-Bold.woff2 */,
				7EB3640E244B03CC00D7F96F /* KaTeX_Caligraphic-Bold.woff */,
				7EB3640F244B03CC00D7F96F /* KaTeX_SansSerif-Bold.ttf */,
				7EB36410244B03CC00D7F96F /* KaTeX_Fraktur-Regular.woff */,
				7EB36411244B03CC00D7F96F /* KaTeX_Main-Bold.ttf */,
				7EB36412244B03CC00D7F96F /* KaTeX_SansSerif-Italic.woff2 */,
				7EB36413244B03CC00D7F96F /* KaTeX_Main-Bold.woff2 */,
				7EB36414244B03CC00D7F96F /* KaTeX_SansSerif-Regular.woff2 */,
				7EB36415244B03CC00D7F96F /* KaTeX_Fraktur-Regular.ttf */,
				7EB36416244B03CC00D7F96F /* KaTeX_Main-Regular.ttf */,
				7EB36417244B03CC00D7F96F /* KaTeX_Size2-Regular.woff */,
				7EB36418244B03CC00D7F96F /* KaTeX_Main-BoldItalic.woff2 */,
				7EB36419244B03CC00D7F96F /* KaTeX_Fraktur-Regular.woff2 */,
				7EB3641A244B03CC00D7F96F /* KaTeX_Script-Regular.woff2 */,
				7EB3641B244B03CC00D7F96F /* KaTeX_Size4-Regular.woff */,
				7EB3641C244B03CC00D7F96F /* KaTeX_Size3-Regular.woff */,
				7EB3641D244B03CC00D7F96F /* KaTeX_AMS-Regular.woff */,
				7EB3641E244B03CC00D7F96F /* KaTeX_Main-Bold.woff */,
				7EB3641F244B03CC00D7F96F /* KaTeX_SansSerif-Italic.ttf */,
				7EB36420244B03CC00D7F96F /* KaTeX_Math-Italic.ttf */,
				7EB36421244B03CC00D7F96F /* KaTeX_Size1-Regular.woff */,
				7EB36422244B03CC00D7F96F /* KaTeX_SansSerif-Regular.woff */,
				7EB36423244B03CC00D7F96F /* KaTeX_Main-Italic.ttf */,
				7EB36424244B03CC00D7F96F /* KaTeX_Math-Italic.woff */,
				7EB36425244B03CC00D7F96F /* KaTeX_Math-BoldItalic.woff2 */,
				7EB36426244B03CC00D7F96F /* KaTeX_Fraktur-Bold.ttf */,
				7EB36427244B03CC00D7F96F /* KaTeX_Size2-Regular.ttf */,
				7EB36428244B03CC00D7F96F /* KaTeX_SansSerif-Italic.woff */,
				7EB36429244B03CC00D7F96F /* KaTeX_Main-Italic.woff2 */,
				7EB3642A244B03CC00D7F96F /* KaTeX_Size1-Regular.woff2 */,
				7EB3642B244B03CC00D7F96F /* KaTeX_Fraktur-Bold.woff */,
				7EB3642C244B03CC00D7F96F /* KaTeX_Script-Regular.woff */,
				7EB3642D244B03CC00D7F96F /* KaTeX_SansSerif-Regular.ttf */,
				7EB3642E244B03CC00D7F96F /* KaTeX_Math-BoldItalic.woff */,
				7EB3642F244B03CC00D7F96F /* KaTeX_Size1-Regular.ttf */,
				7EB36430244B03CC00D7F96F /* KaTeX_Caligraphic-Regular.ttf */,
				7EB36431244B03CC00D7F96F /* KaTeX_Size4-Regular.ttf */,
				7EB36432244B03CC00D7F96F /* KaTeX_Size2-Regular.woff2 */,
				7EB36433244B03CC00D7F96F /* KaTeX_Caligraphic-Regular.woff2 */,
				7EB36434244B03CC00D7F96F /* KaTeX_Main-BoldItalic.ttf */,
				7EB36435244B03CC00D7F96F /* KaTeX_SansSerif-Bold.woff */,
				7EB36436244B03CC00D7F96F /* KaTeX_Math-BoldItalic.ttf */,
			);
			path = fonts;
			sourceTree = "<group>";
		};
		7EB36438244B03CC00D7F96F /* shared */ = {
			isa = PBXGroup;
			children = (
				7EB36439244B03CC00D7F96F /* shared-main.css */,
				7EB3643A244B03CC00D7F96F /* shared-chroma.css */,
			);
			path = shared;
			sourceTree = "<group>";
		};
		7EB3643B244B03CC00D7F96F /* markdown */ = {
			isa = PBXGroup;
			children = (
				7EB3643D244B03CC00D7F96F /* markdown-main.css */,
			);
			path = markdown;
			sourceTree = "<group>";
		};
		7EB36486244B65D900D7F96F /* Extensions */ = {
			isa = PBXGroup;
			children = (
				7EB36487244B65D900D7F96F /* String.swift */,
			);
			path = Extensions;
			sourceTree = "<group>";
		};
		7ECC8CE5240CB4CC000D6970 = {
			isa = PBXGroup;
			children = (
				7E1B16902455D8DB00E2B84D /* module.modulemap */,
				7ECC8CF0240CB4CC000D6970 /* Glance */,
				7E6EF1FE240CC802009E4199 /* QLPlugin */,
				7E6EF1FB240CC802009E4199 /* Frameworks */,
				7ECC8CEF240CB4CC000D6970 /* Products */,
			);
			sourceTree = "<group>";
			usesTabs = 1;
		};
		7ECC8CEF240CB4CC000D6970 /* Products */ = {
			isa = PBXGroup;
			children = (
				7ECC8CEE240CB4CC000D6970 /* Glance.app */,
				7E6EF1FA240CC802009E4199 /* QLPlugin.appex */,
			);
			name = Products;
			sourceTree = "<group>";
		};
		7ECC8CF0240CB4CC000D6970 /* Glance */ = {
			isa = PBXGroup;
			children = (
				7E458AEE243944750091BD0F /* Extensions */,
				7E458AF3243948130091BD0F /* Utils */,
				7E458AEC243917600091BD0F /* Shared */,
				7ECC8CF5240CB4CC000D6970 /* Assets.xcassets */,
				7ECC8CFA240CB4CC000D6970 /* Info.plist */,
				7ECC8CFB240CB4CC000D6970 /* Glance.entitlements */,
				7ED140632450C4A7007A7C70 /* Credits.rtf */,
				7E3DF744242CBE7F00DE7CD6 /* Main.storyboard */,
				7ECC8CF1240CB4CC000D6970 /* AppDelegate.swift */,
				7ECC8CF3240CB4CC000D6970 /* ViewController.swift */,
				7ED140602450B36D007A7C70 /* SupportedFilesWC.xib */,
				7ED140652450C671007A7C70 /* SupportedFilesWC.swift */,
			);
			path = Glance;
			sourceTree = "<group>";
		};
/* End PBXGroup section */

/* Begin PBXNativeTarget section */
		7E6EF1F9240CC802009E4199 /* QLPlugin */ = {
			isa = PBXNativeTarget;
			buildConfigurationList = 7E6EF20C240CC802009E4199 /* Build configuration list for PBXNativeTarget "QLPlugin" */;
			buildPhases = (
				7EAB42232458DBD5005DC89B /* ShellScript */,
				7E6EF1F6240CC802009E4199 /* Sources */,
				7E9F0D5E2416427B007F1008 /* Copy Files */,
				7E6EF1F7240CC802009E4199 /* Frameworks */,
				7E6EF1F8240CC802009E4199 /* Resources */,
			);
			buildRules = (
			);
			dependencies = (
			);
			name = QLPlugin;
			packageProductDependencies = (
				7E616BAF244997420043F7AB /* SwiftCSV */,
				7E5E494A2455E3EB00C8C148 /* SwiftExec */,
			);
			productName = QLPlugin;
			productReference = 7E6EF1FA240CC802009E4199 /* QLPlugin.appex */;
			productType = "com.apple.product-type.app-extension";
		};
		7ECC8CED240CB4CC000D6970 /* Glance */ = {
			isa = PBXNativeTarget;
			buildConfigurationList = 7ECC8CFE240CB4CC000D6970 /* Build configuration list for PBXNativeTarget "Glance" */;
			buildPhases = (
				7ECC8CEA240CB4CC000D6970 /* Sources */,
				7ECC8CEB240CB4CC000D6970 /* Frameworks */,
				7ECC8CEC240CB4CC000D6970 /* Resources */,
				7E6EF209240CC802009E4199 /* Embed App Extensions */,
			);
			buildRules = (
			);
			dependencies = (
				7E6EF207240CC802009E4199 /* PBXTargetDependency */,
			);
			name = Glance;
			productName = Glance;
			productReference = 7ECC8CEE240CB4CC000D6970 /* Glance.app */;
			productType = "com.apple.product-type.application";
		};
/* End PBXNativeTarget section */

/* Begin PBXProject section */
		7ECC8CE6240CB4CC000D6970 /* Project object */ = {
			isa = PBXProject;
			attributes = {
				LastSwiftUpdateCheck = 1130;
				LastUpgradeCheck = 1140;
				ORGANIZATIONNAME = "Samuel Meuli";
				TargetAttributes = {
					7E6EF1F9240CC802009E4199 = {
						CreatedOnToolsVersion = 11.3.1;
					};
					7ECC8CED240CB4CC000D6970 = {
						CreatedOnToolsVersion = 11.3.1;
					};
				};
			};
			buildConfigurationList = 7ECC8CE9240CB4CC000D6970 /* Build configuration list for PBXProject "Glance" */;
			compatibilityVersion = "Xcode 9.3";
			developmentRegion = en;
			hasScannedForEncodings = 0;
			knownRegions = (
				en,
				Base,
			);
			mainGroup = 7ECC8CE5240CB4CC000D6970;
			packageReferences = (
				7E616BAE244997420043F7AB /* XCRemoteSwiftPackageReference "SwiftCSV" */,
				7E5E49492455E3EB00C8C148 /* XCRemoteSwiftPackageReference "swift-exec" */,
			);
			productRefGroup = 7ECC8CEF240CB4CC000D6970 /* Products */;
			projectDirPath = "";
			projectRoot = "";
			targets = (
				7ECC8CED240CB4CC000D6970 /* Glance */,
				7E6EF1F9240CC802009E4199 /* QLPlugin */,
			);
		};
/* End PBXProject section */

/* Begin PBXResourcesBuildPhase section */
		7E6EF1F8240CC802009E4199 /* Resources */ = {
			isa = PBXResourcesBuildPhase;
			buildActionMask = 2147483647;
			files = (
				7EB36475244B03CC00D7F96F /* KaTeX_Math-BoldItalic.woff in Resources */,
				7EB36474244B03CC00D7F96F /* KaTeX_SansSerif-Regular.ttf in Resources */,
				7EB36455244B03CC00D7F96F /* KaTeX_Caligraphic-Bold.woff in Resources */,
				7EB3646F244B03CC00D7F96F /* KaTeX_SansSerif-Italic.woff in Resources */,
				7EB3644F244B03CC00D7F96F /* KaTeX_Main-Italic.woff in Resources */,
				7EB36448244B03CC00D7F96F /* KaTeX_Main-Regular.woff2 in Resources */,
				7EB36460244B03CC00D7F96F /* KaTeX_Fraktur-Regular.woff2 in Resources */,
				7EB36441244B03CC00D7F96F /* jupyter-katex.min.css in Resources */,
				7E022BE62452181F000EFCD3 /* WebPreviewVC.xib in Resources */,
				7EB36471244B03CC00D7F96F /* KaTeX_Size1-Regular.woff2 in Resources */,
				7EB36465244B03CC00D7F96F /* KaTeX_Main-Bold.woff in Resources */,
				7EB36456244B03CC00D7F96F /* KaTeX_SansSerif-Bold.ttf in Resources */,
				7EB36459244B03CC00D7F96F /* KaTeX_SansSerif-Italic.woff2 in Resources */,
				7EB36468244B03CC00D7F96F /* KaTeX_Size1-Regular.woff in Resources */,
				7E08A5102454372200B7FF53 /* TablePreviewVC.xib in Resources */,
				7EB3646B244B03CC00D7F96F /* KaTeX_Math-Italic.woff in Resources */,
				7EB36451244B03CC00D7F96F /* KaTeX_SansSerif-Bold.woff2 in Resources */,
				7EB36442244B03CC00D7F96F /* KaTeX_Typewriter-Regular.woff2 in Resources */,
				7EB36480244B03CC00D7F96F /* shared-chroma.css in Resources */,
				7EB36473244B03CC00D7F96F /* KaTeX_Script-Regular.woff in Resources */,
				7EB36470244B03CC00D7F96F /* KaTeX_Main-Italic.woff2 in Resources */,
				7EB3647B244B03CC00D7F96F /* KaTeX_Main-BoldItalic.ttf in Resources */,
				7EB3645F244B03CC00D7F96F /* KaTeX_Main-BoldItalic.woff2 in Resources */,
				7EB3646C244B03CC00D7F96F /* KaTeX_Math-BoldItalic.woff2 in Resources */,
				7EB36461244B03CC00D7F96F /* KaTeX_Script-Regular.woff2 in Resources */,
				7EB36440244B03CC00D7F96F /* jupyter-katex-auto-render.min.js in Resources */,
				7EB36466244B03CC00D7F96F /* KaTeX_SansSerif-Italic.ttf in Resources */,
				7EB3644E244B03CC00D7F96F /* KaTeX_Typewriter-Regular.ttf in Resources */,
				7EB36476244B03CC00D7F96F /* KaTeX_Size1-Regular.ttf in Resources */,
				7EB36443244B03CC00D7F96F /* KaTeX_Main-Regular.woff in Resources */,
				7EB3645B244B03CC00D7F96F /* KaTeX_SansSerif-Regular.woff2 in Resources */,
				7E616BB2244998650043F7AB /* MainVC.xib in Resources */,
				7EB36447244B03CC00D7F96F /* KaTeX_Size3-Regular.woff2 in Resources */,
				7EB3645E244B03CC00D7F96F /* KaTeX_Size2-Regular.woff in Resources */,
				7EB3643F244B03CC00D7F96F /* jupyter-katex.min.js in Resources */,
				7EB36449244B03CC00D7F96F /* KaTeX_Script-Regular.ttf in Resources */,
				7EB3647A244B03CC00D7F96F /* KaTeX_Caligraphic-Regular.woff2 in Resources */,
				7EB3645C244B03CC00D7F96F /* KaTeX_Fraktur-Regular.ttf in Resources */,
				7EB36446244B03CC00D7F96F /* KaTeX_AMS-Regular.woff2 in Resources */,
				7EB3644C244B03CC00D7F96F /* KaTeX_Typewriter-Regular.woff in Resources */,
				7EB36454244B03CC00D7F96F /* KaTeX_Fraktur-Bold.woff2 in Resources */,
				7EB36478244B03CC00D7F96F /* KaTeX_Size4-Regular.ttf in Resources */,
				7EB3647F244B03CC00D7F96F /* shared-main.css in Resources */,
				7EB36457244B03CC00D7F96F /* KaTeX_Fraktur-Regular.woff in Resources */,
				7EB3645A244B03CC00D7F96F /* KaTeX_Main-Bold.woff2 in Resources */,
				7EB36445244B03CC00D7F96F /* KaTeX_Main-BoldItalic.woff in Resources */,
				7EB3646E244B03CC00D7F96F /* KaTeX_Size2-Regular.ttf in Resources */,
				7EB36452244B03CC00D7F96F /* KaTeX_Math-Italic.woff2 in Resources */,
				7EB3647C244B03CC00D7F96F /* KaTeX_SansSerif-Bold.woff in Resources */,
				7EB3647E244B03CC00D7F96F /* jupyter-main.css in Resources */,
				7EB36472244B03CC00D7F96F /* KaTeX_Fraktur-Bold.woff in Resources */,
				7EB36469244B03CC00D7F96F /* KaTeX_SansSerif-Regular.woff in Resources */,
				7EB36479244B03CC00D7F96F /* KaTeX_Size2-Regular.woff2 in Resources */,
				7EB36477244B03CC00D7F96F /* KaTeX_Caligraphic-Regular.ttf in Resources */,
				7EB36453244B03CC00D7F96F /* KaTeX_Size4-Regular.woff2 in Resources */,
				7EB36458244B03CC00D7F96F /* KaTeX_Main-Bold.ttf in Resources */,
				7EB3646A244B03CC00D7F96F /* KaTeX_Main-Italic.ttf in Resources */,
				7EB36444244B03CC00D7F96F /* KaTeX_AMS-Regular.ttf in Resources */,
				7EB36464244B03CC00D7F96F /* KaTeX_AMS-Regular.woff in Resources */,
				7EB36482244B03CC00D7F96F /* markdown-main.css in Resources */,
				7EB36462244B03CC00D7F96F /* KaTeX_Size4-Regular.woff in Resources */,
				7EB3644A244B03CC00D7F96F /* KaTeX_Caligraphic-Bold.woff2 in Resources */,
				7EB3644D244B03CC00D7F96F /* KaTeX_Caligraphic-Regular.woff in Resources */,
				7E022BEE245253B3000EFCD3 /* OutlinePreviewVC.xib in Resources */,
				7EB36467244B03CC00D7F96F /* KaTeX_Math-Italic.ttf in Resources */,
				7EB36463244B03CC00D7F96F /* KaTeX_Size3-Regular.woff in Resources */,
				7EB3647D244B03CC00D7F96F /* KaTeX_Math-BoldItalic.ttf in Resources */,
				7EB3644B244B03CC00D7F96F /* KaTeX_Size3-Regular.ttf in Resources */,
				7EB3646D244B03CC00D7F96F /* KaTeX_Fraktur-Bold.ttf in Resources */,
				7EB3645D244B03CC00D7F96F /* KaTeX_Main-Regular.ttf in Resources */,
				7EB36450244B03CC00D7F96F /* KaTeX_Caligraphic-Bold.ttf in Resources */,
			);
			runOnlyForDeploymentPostprocessing = 0;
		};
		7ECC8CEC240CB4CC000D6970 /* Resources */ = {
			isa = PBXResourcesBuildPhase;
			buildActionMask = 2147483647;
			files = (
				7ED140622450B36D007A7C70 /* SupportedFilesWC.xib in Resources */,
				7ECC8CF6240CB4CC000D6970 /* Assets.xcassets in Resources */,
				7E21C88B2438818100818EB2 /* Main.storyboard in Resources */,
				7ED140642450C4A7007A7C70 /* Credits.rtf in Resources */,
			);
			runOnlyForDeploymentPostprocessing = 0;
		};
/* End PBXResourcesBuildPhase section */

/* Begin PBXShellScriptBuildPhase section */
		7EAB42232458DBD5005DC89B /* ShellScript */ = {
			isa = PBXShellScriptBuildPhase;
			buildActionMask = 2147483647;
			files = (
			);
			inputFileListPaths = (
			);
			inputPaths = (
			);
			outputFileListPaths = (
			);
			outputPaths = (
			);
			runOnlyForDeploymentPostprocessing = 0;
			shellPath = /bin/sh;
			shellScript = "cd ./HTMLConverter/\ngo build --buildmode=c-archive -ldflags \"-s -w\" -o ./htmlconverter.a\n";
		};
/* End PBXShellScriptBuildPhase section */

/* Begin PBXSourcesBuildPhase section */
		7E6EF1F6240CC802009E4199 /* Sources */ = {
			isa = PBXSourcesBuildPhase;
			buildActionMask = 2147483647;
			files = (
				7EB36488244B65D900D7F96F /* String.swift in Sources */,
				7EAC01EC240D220B009505D0 /* File.swift in Sources */,
				7E458AED2439176B0091BD0F /* Date.swift in Sources */,
				7EB7491924228549007265A4 /* JupyterPreview.swift in Sources */,
				7E1B16922455D93E00E2B84D /* HTMLRenderer.swift in Sources */,
				7E8DEDBF242C20A000F2DABB /* OfflineWebView.swift in Sources */,
				7EE10F84244F679B007214D8 /* Log.swift in Sources */,
				7E21C88E24390BE400818EB2 /* Stats.swift in Sources */,
				7E1DC51F240E6CE300D0A061 /* PreviewVC.swift in Sources */,
				7E45F899244DA45500BFB869 /* FileTree.swift in Sources */,
				7E9F0D7F24168870007F1008 /* WebAsset.swift in Sources */,
				7E022BE52452181F000EFCD3 /* WebPreviewVC.swift in Sources */,
				7E08A50F2454372200B7FF53 /* TablePreviewVC.swift in Sources */,
				7E6EF200240CC802009E4199 /* MainVC.swift in Sources */,
				7E7A9DAD244F24B900276E51 /* TARPreview.swift in Sources */,
				7E1DC528240E6F4A00D0A061 /* PreviewVCFactory.swift in Sources */,
				7E1DC521240E6D8000D0A061 /* MarkdownPreview.swift in Sources */,
				7E413F802418DD6200CFBB1D /* TSVPreview.swift in Sources */,
				7E1DC52A240E6FDE00D0A061 /* CodePreview.swift in Sources */,
				7E022BED245253B3000EFCD3 /* OutlinePreviewVC.swift in Sources */,
				7E9F0D7E24168870007F1008 /* Script.swift in Sources */,
				7EB3648A244B665700D7F96F /* ZIPPreview.swift in Sources */,
				7E9F0D7D24168870007F1008 /* Stylesheet.swift in Sources */,
			);
			runOnlyForDeploymentPostprocessing = 0;
		};
		7ECC8CEA240CB4CC000D6970 /* Sources */ = {
			isa = PBXSourcesBuildPhase;
			buildActionMask = 2147483647;
			files = (
				7E458AF0243944810091BD0F /* URL.swift in Sources */,
				7ECC8CF4240CB4CC000D6970 /* ViewController.swift in Sources */,
				7EE10F85244F696F007214D8 /* Log.swift in Sources */,
				7E458AF52439481F0091BD0F /* Menu.swift in Sources */,
				7E21C88D2438CAA500818EB2 /* Stats.swift in Sources */,
				7ECC8CF2240CB4CC000D6970 /* AppDelegate.swift in Sources */,
				7E458AF22439474E0091BD0F /* NSMenuItem.swift in Sources */,
				7ED140662450C671007A7C70 /* SupportedFilesWC.swift in Sources */,
				7E21C89124390E3100818EB2 /* Date.swift in Sources */,
			);
			runOnlyForDeploymentPostprocessing = 0;
		};
/* End PBXSourcesBuildPhase section */

/* Begin PBXTargetDependency section */
		7E6EF207240CC802009E4199 /* PBXTargetDependency */ = {
			isa = PBXTargetDependency;
			target = 7E6EF1F9240CC802009E4199 /* QLPlugin */;
			targetProxy = 7E6EF206240CC802009E4199 /* PBXContainerItemProxy */;
		};
/* End PBXTargetDependency section */

/* Begin XCBuildConfiguration section */
		7E6EF20A240CC802009E4199 /* Debug */ = {
			isa = XCBuildConfiguration;
			buildSettings = {
				CODE_SIGN_ENTITLEMENTS = QLPlugin/QLPlugin.entitlements;
				CODE_SIGN_IDENTITY = "Apple Development";
				CODE_SIGN_STYLE = Automatic;
				DEVELOPMENT_TEAM = 5AKCUQXMXK;
				ENABLE_HARDENED_RUNTIME = YES;
				FRAMEWORK_SEARCH_PATHS = "$(inherited)";
				INFOPLIST_FILE = QLPlugin/Info.plist;
				LD_RUNPATH_SEARCH_PATHS = (
					"$(inherited)",
					"@executable_path/../Frameworks",
					"@executable_path/../../../../Frameworks",
				);
				LIBRARY_SEARCH_PATHS = (
					"$(SRCROOT)/**",
					"$(PROJECT_DIR)/HTMLConverter",
				);
				PRODUCT_BUNDLE_IDENTIFIER = com.samuelmeuli.Glance.QLPlugin;
				PRODUCT_NAME = "$(TARGET_NAME)";
				SKIP_INSTALL = YES;
				SWIFT_INCLUDE_PATHS = "$(SRCROOT)/**";
				SWIFT_VERSION = 5.0;
			};
			name = Debug;
		};
		7E6EF20B240CC802009E4199 /* Release */ = {
			isa = XCBuildConfiguration;
			buildSettings = {
				CODE_SIGN_ENTITLEMENTS = QLPlugin/QLPlugin.entitlements;
				CODE_SIGN_IDENTITY = "Apple Development";
				CODE_SIGN_STYLE = Automatic;
				DEVELOPMENT_TEAM = 5AKCUQXMXK;
				ENABLE_HARDENED_RUNTIME = YES;
				FRAMEWORK_SEARCH_PATHS = "$(inherited)";
				INFOPLIST_FILE = QLPlugin/Info.plist;
				LD_RUNPATH_SEARCH_PATHS = (
					"$(inherited)",
					"@executable_path/../Frameworks",
					"@executable_path/../../../../Frameworks",
				);
				LIBRARY_SEARCH_PATHS = (
					"$(SRCROOT)/**",
					"$(PROJECT_DIR)/HTMLConverter",
				);
				PRODUCT_BUNDLE_IDENTIFIER = com.samuelmeuli.Glance.QLPlugin;
				PRODUCT_NAME = "$(TARGET_NAME)";
				SKIP_INSTALL = YES;
				SWIFT_INCLUDE_PATHS = "$(SRCROOT)/**";
				SWIFT_VERSION = 5.0;
			};
			name = Release;
		};
		7ECC8CFC240CB4CC000D6970 /* Debug */ = {
			isa = XCBuildConfiguration;
			buildSettings = {
				ALWAYS_SEARCH_USER_PATHS = NO;
				CLANG_ANALYZER_NONNULL = YES;
				CLANG_ANALYZER_NUMBER_OBJECT_CONVERSION = YES_AGGRESSIVE;
				CLANG_CXX_LANGUAGE_STANDARD = "gnu++14";
				CLANG_CXX_LIBRARY = "libc++";
				CLANG_ENABLE_MODULES = YES;
				CLANG_ENABLE_OBJC_ARC = YES;
				CLANG_ENABLE_OBJC_WEAK = YES;
				CLANG_WARN_BLOCK_CAPTURE_AUTORELEASING = YES;
				CLANG_WARN_BOOL_CONVERSION = YES;
				CLANG_WARN_COMMA = YES;
				CLANG_WARN_CONSTANT_CONVERSION = YES;
				CLANG_WARN_DEPRECATED_OBJC_IMPLEMENTATIONS = YES;
				CLANG_WARN_DIRECT_OBJC_ISA_USAGE = YES_ERROR;
				CLANG_WARN_DOCUMENTATION_COMMENTS = YES;
				CLANG_WARN_EMPTY_BODY = YES;
				CLANG_WARN_ENUM_CONVERSION = YES;
				CLANG_WARN_INFINITE_RECURSION = YES;
				CLANG_WARN_INT_CONVERSION = YES;
				CLANG_WARN_NON_LITERAL_NULL_CONVERSION = YES;
				CLANG_WARN_OBJC_IMPLICIT_RETAIN_SELF = YES;
				CLANG_WARN_OBJC_LITERAL_CONVERSION = YES;
				CLANG_WARN_OBJC_ROOT_CLASS = YES_ERROR;
				CLANG_WARN_RANGE_LOOP_ANALYSIS = YES;
				CLANG_WARN_STRICT_PROTOTYPES = YES;
				CLANG_WARN_SUSPICIOUS_MOVE = YES;
				CLANG_WARN_UNGUARDED_AVAILABILITY = YES_AGGRESSIVE;
				CLANG_WARN_UNREACHABLE_CODE = YES;
				CLANG_WARN__DUPLICATE_METHOD_MATCH = YES;
				COPY_PHASE_STRIP = NO;
				DEBUG_INFORMATION_FORMAT = dwarf;
				ENABLE_STRICT_OBJC_MSGSEND = YES;
				ENABLE_TESTABILITY = YES;
				GCC_C_LANGUAGE_STANDARD = gnu11;
				GCC_DYNAMIC_NO_PIC = NO;
				GCC_NO_COMMON_BLOCKS = YES;
				GCC_OPTIMIZATION_LEVEL = 0;
				GCC_PREPROCESSOR_DEFINITIONS = (
					"DEBUG=1",
					"$(inherited)",
				);
				GCC_WARN_64_TO_32_BIT_CONVERSION = YES;
				GCC_WARN_ABOUT_RETURN_TYPE = YES_ERROR;
				GCC_WARN_UNDECLARED_SELECTOR = YES;
				GCC_WARN_UNINITIALIZED_AUTOS = YES_AGGRESSIVE;
				GCC_WARN_UNUSED_FUNCTION = YES;
				GCC_WARN_UNUSED_VARIABLE = YES;
				MACOSX_DEPLOYMENT_TARGET = 10.13;
				MTL_ENABLE_DEBUG_INFO = INCLUDE_SOURCE;
				MTL_FAST_MATH = YES;
				ONLY_ACTIVE_ARCH = YES;
				SDKROOT = macosx;
				SWIFT_ACTIVE_COMPILATION_CONDITIONS = DEBUG;
				SWIFT_OPTIMIZATION_LEVEL = "-Onone";
			};
			name = Debug;
		};
		7ECC8CFD240CB4CC000D6970 /* Release */ = {
			isa = XCBuildConfiguration;
			buildSettings = {
				ALWAYS_SEARCH_USER_PATHS = NO;
				CLANG_ANALYZER_NONNULL = YES;
				CLANG_ANALYZER_NUMBER_OBJECT_CONVERSION = YES_AGGRESSIVE;
				CLANG_CXX_LANGUAGE_STANDARD = "gnu++14";
				CLANG_CXX_LIBRARY = "libc++";
				CLANG_ENABLE_MODULES = YES;
				CLANG_ENABLE_OBJC_ARC = YES;
				CLANG_ENABLE_OBJC_WEAK = YES;
				CLANG_WARN_BLOCK_CAPTURE_AUTORELEASING = YES;
				CLANG_WARN_BOOL_CONVERSION = YES;
				CLANG_WARN_COMMA = YES;
				CLANG_WARN_CONSTANT_CONVERSION = YES;
				CLANG_WARN_DEPRECATED_OBJC_IMPLEMENTATIONS = YES;
				CLANG_WARN_DIRECT_OBJC_ISA_USAGE = YES_ERROR;
				CLANG_WARN_DOCUMENTATION_COMMENTS = YES;
				CLANG_WARN_EMPTY_BODY = YES;
				CLANG_WARN_ENUM_CONVERSION = YES;
				CLANG_WARN_INFINITE_RECURSION = YES;
				CLANG_WARN_INT_CONVERSION = YES;
				CLANG_WARN_NON_LITERAL_NULL_CONVERSION = YES;
				CLANG_WARN_OBJC_IMPLICIT_RETAIN_SELF = YES;
				CLANG_WARN_OBJC_LITERAL_CONVERSION = YES;
				CLANG_WARN_OBJC_ROOT_CLASS = YES_ERROR;
				CLANG_WARN_RANGE_LOOP_ANALYSIS = YES;
				CLANG_WARN_STRICT_PROTOTYPES = YES;
				CLANG_WARN_SUSPICIOUS_MOVE = YES;
				CLANG_WARN_UNGUARDED_AVAILABILITY = YES_AGGRESSIVE;
				CLANG_WARN_UNREACHABLE_CODE = YES;
				CLANG_WARN__DUPLICATE_METHOD_MATCH = YES;
				COPY_PHASE_STRIP = NO;
				DEBUG_INFORMATION_FORMAT = "dwarf-with-dsym";
				ENABLE_NS_ASSERTIONS = NO;
				ENABLE_STRICT_OBJC_MSGSEND = YES;
				GCC_C_LANGUAGE_STANDARD = gnu11;
				GCC_NO_COMMON_BLOCKS = YES;
				GCC_WARN_64_TO_32_BIT_CONVERSION = YES;
				GCC_WARN_ABOUT_RETURN_TYPE = YES_ERROR;
				GCC_WARN_UNDECLARED_SELECTOR = YES;
				GCC_WARN_UNINITIALIZED_AUTOS = YES_AGGRESSIVE;
				GCC_WARN_UNUSED_FUNCTION = YES;
				GCC_WARN_UNUSED_VARIABLE = YES;
				MACOSX_DEPLOYMENT_TARGET = 10.13;
				MTL_ENABLE_DEBUG_INFO = NO;
				MTL_FAST_MATH = YES;
				SDKROOT = macosx;
				SWIFT_COMPILATION_MODE = wholemodule;
				SWIFT_OPTIMIZATION_LEVEL = "-O";
			};
			name = Release;
		};
		7ECC8CFF240CB4CC000D6970 /* Debug */ = {
			isa = XCBuildConfiguration;
			buildSettings = {
				ALWAYS_EMBED_SWIFT_STANDARD_LIBRARIES = YES;
				ASSETCATALOG_COMPILER_APPICON_NAME = AppIcon;
				CODE_SIGN_ENTITLEMENTS = Glance/Glance.entitlements;
				CODE_SIGN_IDENTITY = "Apple Development";
				CODE_SIGN_STYLE = Automatic;
				COMBINE_HIDPI_IMAGES = YES;
				DEVELOPMENT_TEAM = 5AKCUQXMXK;
				ENABLE_HARDENED_RUNTIME = YES;
				INFOPLIST_FILE = Glance/Info.plist;
				LD_RUNPATH_SEARCH_PATHS = (
					"$(inherited)",
					"@executable_path/../Frameworks",
				);
				PRODUCT_BUNDLE_IDENTIFIER = com.samuelmeuli.Glance;
				PRODUCT_NAME = "$(TARGET_NAME)";
				SWIFT_VERSION = 5.0;
			};
			name = Debug;
		};
		7ECC8D00240CB4CC000D6970 /* Release */ = {
			isa = XCBuildConfiguration;
			buildSettings = {
				ALWAYS_EMBED_SWIFT_STANDARD_LIBRARIES = YES;
				ASSETCATALOG_COMPILER_APPICON_NAME = AppIcon;
				CODE_SIGN_ENTITLEMENTS = Glance/Glance.entitlements;
				CODE_SIGN_IDENTITY = "Apple Development";
				CODE_SIGN_STYLE = Automatic;
				COMBINE_HIDPI_IMAGES = YES;
				DEVELOPMENT_TEAM = 5AKCUQXMXK;
				ENABLE_HARDENED_RUNTIME = YES;
				INFOPLIST_FILE = Glance/Info.plist;
				LD_RUNPATH_SEARCH_PATHS = (
					"$(inherited)",
					"@executable_path/../Frameworks",
				);
				PRODUCT_BUNDLE_IDENTIFIER = com.samuelmeuli.Glance;
				PRODUCT_NAME = "$(TARGET_NAME)";
				SWIFT_VERSION = 5.0;
			};
			name = Release;
		};
/* End XCBuildConfiguration section */

/* Begin XCConfigurationList section */
		7E6EF20C240CC802009E4199 /* Build configuration list for PBXNativeTarget "QLPlugin" */ = {
			isa = XCConfigurationList;
			buildConfigurations = (
				7E6EF20A240CC802009E4199 /* Debug */,
				7E6EF20B240CC802009E4199 /* Release */,
			);
			defaultConfigurationIsVisible = 0;
			defaultConfigurationName = Release;
		};
		7ECC8CE9240CB4CC000D6970 /* Build configuration list for PBXProject "Glance" */ = {
			isa = XCConfigurationList;
			buildConfigurations = (
				7ECC8CFC240CB4CC000D6970 /* Debug */,
				7ECC8CFD240CB4CC000D6970 /* Release */,
			);
			defaultConfigurationIsVisible = 0;
			defaultConfigurationName = Release;
		};
		7ECC8CFE240CB4CC000D6970 /* Build configuration list for PBXNativeTarget "Glance" */ = {
			isa = XCConfigurationList;
			buildConfigurations = (
				7ECC8CFF240CB4CC000D6970 /* Debug */,
				7ECC8D00240CB4CC000D6970 /* Release */,
			);
			defaultConfigurationIsVisible = 0;
			defaultConfigurationName = Release;
		};
/* End XCConfigurationList section */

/* Begin XCRemoteSwiftPackageReference section */
		7E5E49492455E3EB00C8C148 /* XCRemoteSwiftPackageReference "swift-exec" */ = {
			isa = XCRemoteSwiftPackageReference;
			repositoryURL = "https://github.com/samuelmeuli/swift-exec";
			requirement = {
				kind = upToNextMinorVersion;
				minimumVersion = 0.1.1;
			};
		};
		7E616BAE244997420043F7AB /* XCRemoteSwiftPackageReference "SwiftCSV" */ = {
			isa = XCRemoteSwiftPackageReference;
			repositoryURL = "https://github.com/swiftcsv/SwiftCSV";
			requirement = {
				kind = upToNextMinorVersion;
				minimumVersion = 0.5.6;
			};
		};
/* End XCRemoteSwiftPackageReference section */

/* Begin XCSwiftPackageProductDependency section */
		7E5E494A2455E3EB00C8C148 /* SwiftExec */ = {
			isa = XCSwiftPackageProductDependency;
			package = 7E5E49492455E3EB00C8C148 /* XCRemoteSwiftPackageReference "swift-exec" */;
			productName = SwiftExec;
		};
		7E616BAF244997420043F7AB /* SwiftCSV */ = {
			isa = XCSwiftPackageProductDependency;
			package = 7E616BAE244997420043F7AB /* XCRemoteSwiftPackageReference "SwiftCSV" */;
			productName = SwiftCSV;
		};
/* End XCSwiftPackageProductDependency section */
	};
	rootObject = 7ECC8CE6240CB4CC000D6970 /* Project object */;
}
