// !$*UTF8*$!
{
	archiveVersion = 1;
	classes = {
	};
	objectVersion = 52;
	objects = {

/* Begin PBXBuildFile section */
		7E1DC515240E5A4B00D0A061 /* shared-main.css in Resources */ = {isa = PBXBuildFile; fileRef = 7E1DC50A240E5A4B00D0A061 /* shared-main.css */; };
		7E1DC51F240E6CE300D0A061 /* Renderer.swift in Sources */ = {isa = PBXBuildFile; fileRef = 7E1DC51E240E6CE300D0A061 /* Renderer.swift */; };
		7E1DC521240E6D8000D0A061 /* MarkdownRenderer.swift in Sources */ = {isa = PBXBuildFile; fileRef = 7E1DC520240E6D8000D0A061 /* MarkdownRenderer.swift */; };
		7E1DC528240E6F4A00D0A061 /* RendererFactory.swift in Sources */ = {isa = PBXBuildFile; fileRef = 7E1DC527240E6F4A00D0A061 /* RendererFactory.swift */; };
		7E1DC52A240E6FDE00D0A061 /* CodeRenderer.swift in Sources */ = {isa = PBXBuildFile; fileRef = 7E1DC529240E6FDE00D0A061 /* CodeRenderer.swift */; };
		7E413F802418DD6200CFBB1D /* CsvRenderer.swift in Sources */ = {isa = PBXBuildFile; fileRef = 7E413F7F2418DD6200CFBB1D /* CsvRenderer.swift */; };
		7E413F822418EB4B00CFBB1D /* csv-papaparse.min.js in Resources */ = {isa = PBXBuildFile; fileRef = 7E413F812418EB4B00CFBB1D /* csv-papaparse.min.js */; };
		7E413F862418EEC100CFBB1D /* csv-main.js in Resources */ = {isa = PBXBuildFile; fileRef = 7E413F852418EEC100CFBB1D /* csv-main.js */; };
		7E6EF1FD240CC802009E4199 /* Quartz.framework in Frameworks */ = {isa = PBXBuildFile; fileRef = 7E6EF1FC240CC802009E4199 /* Quartz.framework */; };
		7E6EF200240CC802009E4199 /* PreviewViewController.swift in Sources */ = {isa = PBXBuildFile; fileRef = 7E6EF1FF240CC802009E4199 /* PreviewViewController.swift */; };
		7E6EF208240CC802009E4199 /* QLPlugin.appex in Embed App Extensions */ = {isa = PBXBuildFile; fileRef = 7E6EF1FA240CC802009E4199 /* QLPlugin.appex */; settings = {ATTRIBUTES = (RemoveHeadersOnCopy, ); }; };
		7E8DEDAB242BE1FA00F2DABB /* Down in Frameworks */ = {isa = PBXBuildFile; productRef = 7E8DEDAA242BE1FA00F2DABB /* Down */; };
		7E8DEDAE242BE20F00F2DABB /* SwiftExec in Frameworks */ = {isa = PBXBuildFile; productRef = 7E8DEDAD242BE20F00F2DABB /* SwiftExec */; };
		7E8DEDB0242BEF3700F2DABB /* nbtohtml-v0.4.0 in Resources */ = {isa = PBXBuildFile; fileRef = 7E8DEDAF242BEF3700F2DABB /* nbtohtml-v0.4.0 */; };
		7E8DEDB1242BEF3900F2DABB /* nbtohtml-v0.4.0 in CopyFiles */ = {isa = PBXBuildFile; fileRef = 7E8DEDAF242BEF3700F2DABB /* nbtohtml-v0.4.0 */; settings = {ATTRIBUTES = (CodeSignOnCopy, ); }; };
		7E8DEDB2242BEF4500F2DABB /* nbtohtml-v0.4.0 in Frameworks */ = {isa = PBXBuildFile; fileRef = 7E8DEDAF242BEF3700F2DABB /* nbtohtml-v0.4.0 */; };
		7E8DEDBF242C20A000F2DABB /* OfflineWebView.swift in Sources */ = {isa = PBXBuildFile; fileRef = 7E8DEDBE242C20A000F2DABB /* OfflineWebView.swift */; };
		7E8DEE99240CC4D2007A1477 /* GlanceApp.swift in Sources */ = {isa = PBXBuildFile; fileRef = 7E8DEE98240CC4D2007A1477 /* GlanceApp.swift */; };
		7E9F0D5D24164260007F1008 /* chroma-v0.7.0 in Frameworks */ = {isa = PBXBuildFile; fileRef = 7E9F0D592416286A007F1008 /* chroma-v0.7.0 */; };
		7E9F0D5F24164290007F1008 /* chroma-v0.7.0 in CopyFiles */ = {isa = PBXBuildFile; fileRef = 7E9F0D592416286A007F1008 /* chroma-v0.7.0 */; settings = {ATTRIBUTES = (CodeSignOnCopy, ); }; };
		7E9F0D6124164D35007F1008 /* shared-chroma.css in Resources */ = {isa = PBXBuildFile; fileRef = 7E9F0D6024164D35007F1008 /* shared-chroma.css */; };
		7E9F0D7D24168870007F1008 /* Stylesheet.swift in Sources */ = {isa = PBXBuildFile; fileRef = 7E9F0D7A24168870007F1008 /* Stylesheet.swift */; };
		7E9F0D7E24168870007F1008 /* Script.swift in Sources */ = {isa = PBXBuildFile; fileRef = 7E9F0D7B24168870007F1008 /* Script.swift */; };
		7E9F0D7F24168870007F1008 /* Asset.swift in Sources */ = {isa = PBXBuildFile; fileRef = 7E9F0D7C24168870007F1008 /* Asset.swift */; };
		7EAC01EA240D2063009505D0 /* PreviewWebView.swift in Sources */ = {isa = PBXBuildFile; fileRef = 7EAC01E9240D2063009505D0 /* PreviewWebView.swift */; };
		7EAC01EC240D220B009505D0 /* File.swift in Sources */ = {isa = PBXBuildFile; fileRef = 7EAC01EB240D220B009505D0 /* File.swift */; };
		7EB7489724228374007265A4 /* jupyter-katex.min.css in Resources */ = {isa = PBXBuildFile; fileRef = 7EB7489424228374007265A4 /* jupyter-katex.min.css */; };
		7EB7489824228374007265A4 /* jupyter-katex.min.js in Resources */ = {isa = PBXBuildFile; fileRef = 7EB7489524228374007265A4 /* jupyter-katex.min.js */; };
		7EB748DA2422851D007265A4 /* KaTeX_Typewriter-Regular.woff2 in Resources */ = {isa = PBXBuildFile; fileRef = 7EB7489B2422851C007265A4 /* KaTeX_Typewriter-Regular.woff2 */; };
		7EB748DB2422851D007265A4 /* KaTeX_Main-Regular.woff in Resources */ = {isa = PBXBuildFile; fileRef = 7EB7489C2422851C007265A4 /* KaTeX_Main-Regular.woff */; };
		7EB748DC2422851D007265A4 /* KaTeX_AMS-Regular.ttf in Resources */ = {isa = PBXBuildFile; fileRef = 7EB7489D2422851C007265A4 /* KaTeX_AMS-Regular.ttf */; };
		7EB748DD2422851D007265A4 /* KaTeX_Main-BoldItalic.woff in Resources */ = {isa = PBXBuildFile; fileRef = 7EB7489E2422851C007265A4 /* KaTeX_Main-BoldItalic.woff */; };
		7EB748DE2422851D007265A4 /* KaTeX_AMS-Regular.woff2 in Resources */ = {isa = PBXBuildFile; fileRef = 7EB7489F2422851C007265A4 /* KaTeX_AMS-Regular.woff2 */; };
		7EB748DF2422851D007265A4 /* KaTeX_Size3-Regular.woff2 in Resources */ = {isa = PBXBuildFile; fileRef = 7EB748A02422851C007265A4 /* KaTeX_Size3-Regular.woff2 */; };
		7EB748E02422851D007265A4 /* KaTeX_Main-Regular.woff2 in Resources */ = {isa = PBXBuildFile; fileRef = 7EB748A12422851C007265A4 /* KaTeX_Main-Regular.woff2 */; };
		7EB748E12422851D007265A4 /* KaTeX_Script-Regular.ttf in Resources */ = {isa = PBXBuildFile; fileRef = 7EB748A22422851C007265A4 /* KaTeX_Script-Regular.ttf */; };
		7EB748E22422851D007265A4 /* KaTeX_Caligraphic-Bold.woff2 in Resources */ = {isa = PBXBuildFile; fileRef = 7EB748A32422851C007265A4 /* KaTeX_Caligraphic-Bold.woff2 */; };
		7EB748E32422851D007265A4 /* KaTeX_Size3-Regular.ttf in Resources */ = {isa = PBXBuildFile; fileRef = 7EB748A42422851C007265A4 /* KaTeX_Size3-Regular.ttf */; };
		7EB748E42422851D007265A4 /* KaTeX_Typewriter-Regular.woff in Resources */ = {isa = PBXBuildFile; fileRef = 7EB748A52422851C007265A4 /* KaTeX_Typewriter-Regular.woff */; };
		7EB748E52422851D007265A4 /* KaTeX_Caligraphic-Regular.woff in Resources */ = {isa = PBXBuildFile; fileRef = 7EB748A62422851C007265A4 /* KaTeX_Caligraphic-Regular.woff */; };
		7EB748E62422851D007265A4 /* KaTeX_Typewriter-Regular.ttf in Resources */ = {isa = PBXBuildFile; fileRef = 7EB748A72422851C007265A4 /* KaTeX_Typewriter-Regular.ttf */; };
		7EB748E72422851D007265A4 /* KaTeX_Main-Italic.woff in Resources */ = {isa = PBXBuildFile; fileRef = 7EB748A82422851C007265A4 /* KaTeX_Main-Italic.woff */; };
		7EB748E82422851D007265A4 /* KaTeX_Caligraphic-Bold.ttf in Resources */ = {isa = PBXBuildFile; fileRef = 7EB748A92422851C007265A4 /* KaTeX_Caligraphic-Bold.ttf */; };
		7EB748E92422851D007265A4 /* KaTeX_SansSerif-Bold.woff2 in Resources */ = {isa = PBXBuildFile; fileRef = 7EB748AA2422851C007265A4 /* KaTeX_SansSerif-Bold.woff2 */; };
		7EB748EA2422851D007265A4 /* KaTeX_Math-Italic.woff2 in Resources */ = {isa = PBXBuildFile; fileRef = 7EB748AB2422851C007265A4 /* KaTeX_Math-Italic.woff2 */; };
		7EB748EB2422851D007265A4 /* KaTeX_Size4-Regular.woff2 in Resources */ = {isa = PBXBuildFile; fileRef = 7EB748AC2422851C007265A4 /* KaTeX_Size4-Regular.woff2 */; };
		7EB748EC2422851D007265A4 /* KaTeX_Fraktur-Bold.woff2 in Resources */ = {isa = PBXBuildFile; fileRef = 7EB748AD2422851C007265A4 /* KaTeX_Fraktur-Bold.woff2 */; };
		7EB748ED2422851D007265A4 /* KaTeX_Caligraphic-Bold.woff in Resources */ = {isa = PBXBuildFile; fileRef = 7EB748AE2422851C007265A4 /* KaTeX_Caligraphic-Bold.woff */; };
		7EB748EE2422851D007265A4 /* KaTeX_SansSerif-Bold.ttf in Resources */ = {isa = PBXBuildFile; fileRef = 7EB748AF2422851C007265A4 /* KaTeX_SansSerif-Bold.ttf */; };
		7EB748EF2422851D007265A4 /* KaTeX_Fraktur-Regular.woff in Resources */ = {isa = PBXBuildFile; fileRef = 7EB748B02422851C007265A4 /* KaTeX_Fraktur-Regular.woff */; };
		7EB748F02422851D007265A4 /* KaTeX_Main-Bold.ttf in Resources */ = {isa = PBXBuildFile; fileRef = 7EB748B12422851C007265A4 /* KaTeX_Main-Bold.ttf */; };
		7EB748F12422851D007265A4 /* KaTeX_SansSerif-Italic.woff2 in Resources */ = {isa = PBXBuildFile; fileRef = 7EB748B22422851C007265A4 /* KaTeX_SansSerif-Italic.woff2 */; };
		7EB748F22422851D007265A4 /* KaTeX_Main-Bold.woff2 in Resources */ = {isa = PBXBuildFile; fileRef = 7EB748B32422851C007265A4 /* KaTeX_Main-Bold.woff2 */; };
		7EB748F32422851D007265A4 /* KaTeX_SansSerif-Regular.woff2 in Resources */ = {isa = PBXBuildFile; fileRef = 7EB748B42422851C007265A4 /* KaTeX_SansSerif-Regular.woff2 */; };
		7EB748F42422851D007265A4 /* KaTeX_Fraktur-Regular.ttf in Resources */ = {isa = PBXBuildFile; fileRef = 7EB748B52422851C007265A4 /* KaTeX_Fraktur-Regular.ttf */; };
		7EB748F52422851D007265A4 /* KaTeX_Main-Regular.ttf in Resources */ = {isa = PBXBuildFile; fileRef = 7EB748B62422851C007265A4 /* KaTeX_Main-Regular.ttf */; };
		7EB748F62422851D007265A4 /* KaTeX_Size2-Regular.woff in Resources */ = {isa = PBXBuildFile; fileRef = 7EB748B72422851C007265A4 /* KaTeX_Size2-Regular.woff */; };
		7EB748F72422851D007265A4 /* KaTeX_Main-BoldItalic.woff2 in Resources */ = {isa = PBXBuildFile; fileRef = 7EB748B82422851C007265A4 /* KaTeX_Main-BoldItalic.woff2 */; };
		7EB748F82422851D007265A4 /* KaTeX_Fraktur-Regular.woff2 in Resources */ = {isa = PBXBuildFile; fileRef = 7EB748B92422851C007265A4 /* KaTeX_Fraktur-Regular.woff2 */; };
		7EB748F92422851D007265A4 /* KaTeX_Script-Regular.woff2 in Resources */ = {isa = PBXBuildFile; fileRef = 7EB748BA2422851C007265A4 /* KaTeX_Script-Regular.woff2 */; };
		7EB748FA2422851D007265A4 /* KaTeX_Size4-Regular.woff in Resources */ = {isa = PBXBuildFile; fileRef = 7EB748BB2422851C007265A4 /* KaTeX_Size4-Regular.woff */; };
		7EB748FB2422851D007265A4 /* KaTeX_Size3-Regular.woff in Resources */ = {isa = PBXBuildFile; fileRef = 7EB748BC2422851C007265A4 /* KaTeX_Size3-Regular.woff */; };
		7EB748FC2422851D007265A4 /* KaTeX_AMS-Regular.woff in Resources */ = {isa = PBXBuildFile; fileRef = 7EB748BD2422851C007265A4 /* KaTeX_AMS-Regular.woff */; };
		7EB748FD2422851D007265A4 /* KaTeX_Main-Bold.woff in Resources */ = {isa = PBXBuildFile; fileRef = 7EB748BE2422851C007265A4 /* KaTeX_Main-Bold.woff */; };
		7EB748FE2422851D007265A4 /* KaTeX_SansSerif-Italic.ttf in Resources */ = {isa = PBXBuildFile; fileRef = 7EB748BF2422851C007265A4 /* KaTeX_SansSerif-Italic.ttf */; };
		7EB748FF2422851D007265A4 /* KaTeX_Math-Italic.ttf in Resources */ = {isa = PBXBuildFile; fileRef = 7EB748C02422851C007265A4 /* KaTeX_Math-Italic.ttf */; };
		7EB749002422851D007265A4 /* KaTeX_Size1-Regular.woff in Resources */ = {isa = PBXBuildFile; fileRef = 7EB748C12422851C007265A4 /* KaTeX_Size1-Regular.woff */; };
		7EB749012422851D007265A4 /* KaTeX_SansSerif-Regular.woff in Resources */ = {isa = PBXBuildFile; fileRef = 7EB748C22422851C007265A4 /* KaTeX_SansSerif-Regular.woff */; };
		7EB749022422851D007265A4 /* KaTeX_Main-Italic.ttf in Resources */ = {isa = PBXBuildFile; fileRef = 7EB748C32422851C007265A4 /* KaTeX_Main-Italic.ttf */; };
		7EB749032422851D007265A4 /* KaTeX_Math-Italic.woff in Resources */ = {isa = PBXBuildFile; fileRef = 7EB748C42422851C007265A4 /* KaTeX_Math-Italic.woff */; };
		7EB749042422851D007265A4 /* KaTeX_Math-BoldItalic.woff2 in Resources */ = {isa = PBXBuildFile; fileRef = 7EB748C52422851C007265A4 /* KaTeX_Math-BoldItalic.woff2 */; };
		7EB749052422851D007265A4 /* KaTeX_Fraktur-Bold.ttf in Resources */ = {isa = PBXBuildFile; fileRef = 7EB748C62422851C007265A4 /* KaTeX_Fraktur-Bold.ttf */; };
		7EB749062422851D007265A4 /* KaTeX_Size2-Regular.ttf in Resources */ = {isa = PBXBuildFile; fileRef = 7EB748C72422851C007265A4 /* KaTeX_Size2-Regular.ttf */; };
		7EB749072422851D007265A4 /* KaTeX_SansSerif-Italic.woff in Resources */ = {isa = PBXBuildFile; fileRef = 7EB748C82422851C007265A4 /* KaTeX_SansSerif-Italic.woff */; };
		7EB749082422851D007265A4 /* KaTeX_Main-Italic.woff2 in Resources */ = {isa = PBXBuildFile; fileRef = 7EB748C92422851C007265A4 /* KaTeX_Main-Italic.woff2 */; };
		7EB749092422851D007265A4 /* KaTeX_Size1-Regular.woff2 in Resources */ = {isa = PBXBuildFile; fileRef = 7EB748CA2422851C007265A4 /* KaTeX_Size1-Regular.woff2 */; };
		7EB7490A2422851D007265A4 /* KaTeX_Fraktur-Bold.woff in Resources */ = {isa = PBXBuildFile; fileRef = 7EB748CB2422851C007265A4 /* KaTeX_Fraktur-Bold.woff */; };
		7EB7490B2422851D007265A4 /* KaTeX_Script-Regular.woff in Resources */ = {isa = PBXBuildFile; fileRef = 7EB748CC2422851C007265A4 /* KaTeX_Script-Regular.woff */; };
		7EB7490C2422851D007265A4 /* KaTeX_SansSerif-Regular.ttf in Resources */ = {isa = PBXBuildFile; fileRef = 7EB748CD2422851C007265A4 /* KaTeX_SansSerif-Regular.ttf */; };
		7EB7490D2422851D007265A4 /* KaTeX_Math-BoldItalic.woff in Resources */ = {isa = PBXBuildFile; fileRef = 7EB748CE2422851C007265A4 /* KaTeX_Math-BoldItalic.woff */; };
		7EB7490E2422851D007265A4 /* KaTeX_Size1-Regular.ttf in Resources */ = {isa = PBXBuildFile; fileRef = 7EB748CF2422851C007265A4 /* KaTeX_Size1-Regular.ttf */; };
		7EB7490F2422851D007265A4 /* KaTeX_Caligraphic-Regular.ttf in Resources */ = {isa = PBXBuildFile; fileRef = 7EB748D02422851C007265A4 /* KaTeX_Caligraphic-Regular.ttf */; };
		7EB749102422851D007265A4 /* KaTeX_Size4-Regular.ttf in Resources */ = {isa = PBXBuildFile; fileRef = 7EB748D12422851C007265A4 /* KaTeX_Size4-Regular.ttf */; };
		7EB749112422851D007265A4 /* KaTeX_Size2-Regular.woff2 in Resources */ = {isa = PBXBuildFile; fileRef = 7EB748D22422851C007265A4 /* KaTeX_Size2-Regular.woff2 */; };
		7EB749122422851D007265A4 /* KaTeX_Caligraphic-Regular.woff2 in Resources */ = {isa = PBXBuildFile; fileRef = 7EB748D32422851C007265A4 /* KaTeX_Caligraphic-Regular.woff2 */; };
		7EB749132422851D007265A4 /* KaTeX_Main-BoldItalic.ttf in Resources */ = {isa = PBXBuildFile; fileRef = 7EB748D42422851C007265A4 /* KaTeX_Main-BoldItalic.ttf */; };
		7EB749142422851D007265A4 /* KaTeX_SansSerif-Bold.woff in Resources */ = {isa = PBXBuildFile; fileRef = 7EB748D52422851C007265A4 /* KaTeX_SansSerif-Bold.woff */; };
		7EB749152422851D007265A4 /* KaTeX_Math-BoldItalic.ttf in Resources */ = {isa = PBXBuildFile; fileRef = 7EB748D62422851C007265A4 /* KaTeX_Math-BoldItalic.ttf */; };
		7EB7491924228549007265A4 /* JupyterRenderer.swift in Sources */ = {isa = PBXBuildFile; fileRef = 7EB7491824228549007265A4 /* JupyterRenderer.swift */; };
		7EB7491F242287AB007265A4 /* jupyter-main.css in Resources */ = {isa = PBXBuildFile; fileRef = 7EB7491E242287AB007265A4 /* jupyter-main.css */; };
		7ECC8CF2240CB4CC000D6970 /* AppDelegate.swift in Sources */ = {isa = PBXBuildFile; fileRef = 7ECC8CF1240CB4CC000D6970 /* AppDelegate.swift */; };
		7ECC8CF4240CB4CC000D6970 /* ViewController.swift in Sources */ = {isa = PBXBuildFile; fileRef = 7ECC8CF3240CB4CC000D6970 /* ViewController.swift */; };
		7ECC8CF6240CB4CC000D6970 /* Assets.xcassets in Resources */ = {isa = PBXBuildFile; fileRef = 7ECC8CF5240CB4CC000D6970 /* Assets.xcassets */; };
		7ECC93C8242780C000E23D99 /* markdown-main.css in Resources */ = {isa = PBXBuildFile; fileRef = 7ECC93C7242780BF00E23D99 /* markdown-main.css */; };
		7EFC7512242648CF0095E5D0 /* jupyter-katex-auto-render.min.js in Resources */ = {isa = PBXBuildFile; fileRef = 7EFC7511242648CF0095E5D0 /* jupyter-katex-auto-render.min.js */; };
/* End PBXBuildFile section */

/* Begin PBXContainerItemProxy section */
		7E6EF206240CC802009E4199 /* PBXContainerItemProxy */ = {
			isa = PBXContainerItemProxy;
			containerPortal = 7ECC8CE6240CB4CC000D6970 /* Project object */;
			proxyType = 1;
			remoteGlobalIDString = 7E6EF1F9240CC802009E4199;
			remoteInfo = QLPlugin;
		};
/* End PBXContainerItemProxy section */

/* Begin PBXCopyFilesBuildPhase section */
		7E6EF209240CC802009E4199 /* Embed App Extensions */ = {
			isa = PBXCopyFilesBuildPhase;
			buildActionMask = 2147483647;
			dstPath = "";
			dstSubfolderSpec = 13;
			files = (
				7E6EF208240CC802009E4199 /* QLPlugin.appex in Embed App Extensions */,
			);
			name = "Embed App Extensions";
			runOnlyForDeploymentPostprocessing = 0;
		};
		7E9F0D5E2416427B007F1008 /* CopyFiles */ = {
			isa = PBXCopyFilesBuildPhase;
			buildActionMask = 2147483647;
			dstPath = "";
			dstSubfolderSpec = 6;
			files = (
				7E9F0D5F24164290007F1008 /* chroma-v0.7.0 in CopyFiles */,
				7E8DEDB1242BEF3900F2DABB /* nbtohtml-v0.4.0 in CopyFiles */,
			);
			runOnlyForDeploymentPostprocessing = 0;
		};
/* End PBXCopyFilesBuildPhase section */

/* Begin PBXFileReference section */
		7E1DC50A240E5A4B00D0A061 /* shared-main.css */ = {isa = PBXFileReference; fileEncoding = 4; lastKnownFileType = text.css; path = "shared-main.css"; sourceTree = "<group>"; };
		7E1DC51E240E6CE300D0A061 /* Renderer.swift */ = {isa = PBXFileReference; lastKnownFileType = sourcecode.swift; path = Renderer.swift; sourceTree = "<group>"; };
		7E1DC520240E6D8000D0A061 /* MarkdownRenderer.swift */ = {isa = PBXFileReference; lastKnownFileType = sourcecode.swift; path = MarkdownRenderer.swift; sourceTree = "<group>"; };
		7E1DC527240E6F4A00D0A061 /* RendererFactory.swift */ = {isa = PBXFileReference; lastKnownFileType = sourcecode.swift; path = RendererFactory.swift; sourceTree = "<group>"; };
		7E1DC529240E6FDE00D0A061 /* CodeRenderer.swift */ = {isa = PBXFileReference; lastKnownFileType = sourcecode.swift; path = CodeRenderer.swift; sourceTree = "<group>"; };
		7E413F7F2418DD6200CFBB1D /* CsvRenderer.swift */ = {isa = PBXFileReference; lastKnownFileType = sourcecode.swift; path = CsvRenderer.swift; sourceTree = "<group>"; };
		7E413F812418EB4B00CFBB1D /* csv-papaparse.min.js */ = {isa = PBXFileReference; fileEncoding = 4; lastKnownFileType = sourcecode.javascript; path = "csv-papaparse.min.js"; sourceTree = "<group>"; };
		7E413F852418EEC100CFBB1D /* csv-main.js */ = {isa = PBXFileReference; lastKnownFileType = sourcecode.javascript; path = "csv-main.js"; sourceTree = "<group>"; };
		7E6EF1FA240CC802009E4199 /* QLPlugin.appex */ = {isa = PBXFileReference; explicitFileType = "wrapper.app-extension"; includeInIndex = 0; path = QLPlugin.appex; sourceTree = BUILT_PRODUCTS_DIR; };
		7E6EF1FC240CC802009E4199 /* Quartz.framework */ = {isa = PBXFileReference; lastKnownFileType = wrapper.framework; name = Quartz.framework; path = System/Library/Frameworks/Quartz.framework; sourceTree = SDKROOT; };
		7E6EF1FF240CC802009E4199 /* PreviewViewController.swift */ = {isa = PBXFileReference; lastKnownFileType = sourcecode.swift; path = PreviewViewController.swift; sourceTree = "<group>"; };
		7E6EF204240CC802009E4199 /* Info.plist */ = {isa = PBXFileReference; lastKnownFileType = text.plist.xml; path = Info.plist; sourceTree = "<group>"; };
		7E6EF205240CC802009E4199 /* QLPlugin.entitlements */ = {isa = PBXFileReference; lastKnownFileType = text.plist.entitlements; path = QLPlugin.entitlements; sourceTree = "<group>"; };
		7E8DEDAF242BEF3700F2DABB /* nbtohtml-v0.4.0 */ = {isa = PBXFileReference; lastKnownFileType = "compiled.mach-o.executable"; path = "nbtohtml-v0.4.0"; sourceTree = "<group>"; };
		7E8DEDBE242C20A000F2DABB /* OfflineWebView.swift */ = {isa = PBXFileReference; lastKnownFileType = sourcecode.swift; path = OfflineWebView.swift; sourceTree = "<group>"; };
		7E8DEE98240CC4D2007A1477 /* GlanceApp.swift */ = {isa = PBXFileReference; fileEncoding = 4; lastKnownFileType = sourcecode.swift; path = GlanceApp.swift; sourceTree = "<group>"; };
		7E9F0D582416284A007F1008 /* chroma */ = {isa = PBXFileReference; lastKnownFileType = "compiled.mach-o.executable"; name = chroma; path = "../../../Downloads/chroma-0.7.0-darwin-amd64/chroma"; sourceTree = "<group>"; };
		7E9F0D592416286A007F1008 /* chroma-v0.7.0 */ = {isa = PBXFileReference; lastKnownFileType = "compiled.mach-o.executable"; path = "chroma-v0.7.0"; sourceTree = "<group>"; };
		7E9F0D6024164D35007F1008 /* shared-chroma.css */ = {isa = PBXFileReference; lastKnownFileType = text.css; path = "shared-chroma.css"; sourceTree = "<group>"; };
		7E9F0D7A24168870007F1008 /* Stylesheet.swift */ = {isa = PBXFileReference; fileEncoding = 4; lastKnownFileType = sourcecode.swift; path = Stylesheet.swift; sourceTree = "<group>"; };
		7E9F0D7B24168870007F1008 /* Script.swift */ = {isa = PBXFileReference; fileEncoding = 4; lastKnownFileType = sourcecode.swift; path = Script.swift; sourceTree = "<group>"; };
		7E9F0D7C24168870007F1008 /* Asset.swift */ = {isa = PBXFileReference; fileEncoding = 4; lastKnownFileType = sourcecode.swift; path = Asset.swift; sourceTree = "<group>"; };
		7EAC01E9240D2063009505D0 /* PreviewWebView.swift */ = {isa = PBXFileReference; lastKnownFileType = sourcecode.swift; path = PreviewWebView.swift; sourceTree = "<group>"; };
		7EAC01EB240D220B009505D0 /* File.swift */ = {isa = PBXFileReference; lastKnownFileType = sourcecode.swift; path = File.swift; sourceTree = "<group>"; };
		7EB7489424228374007265A4 /* jupyter-katex.min.css */ = {isa = PBXFileReference; fileEncoding = 4; lastKnownFileType = text.css; path = "jupyter-katex.min.css"; sourceTree = "<group>"; };
		7EB7489524228374007265A4 /* jupyter-katex.min.js */ = {isa = PBXFileReference; fileEncoding = 4; lastKnownFileType = sourcecode.javascript; path = "jupyter-katex.min.js"; sourceTree = "<group>"; };
		7EB7489B2422851C007265A4 /* KaTeX_Typewriter-Regular.woff2 */ = {isa = PBXFileReference; lastKnownFileType = file; path = "KaTeX_Typewriter-Regular.woff2"; sourceTree = "<group>"; };
		7EB7489C2422851C007265A4 /* KaTeX_Main-Regular.woff */ = {isa = PBXFileReference; lastKnownFileType = file; path = "KaTeX_Main-Regular.woff"; sourceTree = "<group>"; };
		7EB7489D2422851C007265A4 /* KaTeX_AMS-Regular.ttf */ = {isa = PBXFileReference; lastKnownFileType = file; path = "KaTeX_AMS-Regular.ttf"; sourceTree = "<group>"; };
		7EB7489E2422851C007265A4 /* KaTeX_Main-BoldItalic.woff */ = {isa = PBXFileReference; lastKnownFileType = file; path = "KaTeX_Main-BoldItalic.woff"; sourceTree = "<group>"; };
		7EB7489F2422851C007265A4 /* KaTeX_AMS-Regular.woff2 */ = {isa = PBXFileReference; lastKnownFileType = file; path = "KaTeX_AMS-Regular.woff2"; sourceTree = "<group>"; };
		7EB748A02422851C007265A4 /* KaTeX_Size3-Regular.woff2 */ = {isa = PBXFileReference; lastKnownFileType = file; path = "KaTeX_Size3-Regular.woff2"; sourceTree = "<group>"; };
		7EB748A12422851C007265A4 /* KaTeX_Main-Regular.woff2 */ = {isa = PBXFileReference; lastKnownFileType = file; path = "KaTeX_Main-Regular.woff2"; sourceTree = "<group>"; };
		7EB748A22422851C007265A4 /* KaTeX_Script-Regular.ttf */ = {isa = PBXFileReference; lastKnownFileType = file; path = "KaTeX_Script-Regular.ttf"; sourceTree = "<group>"; };
		7EB748A32422851C007265A4 /* KaTeX_Caligraphic-Bold.woff2 */ = {isa = PBXFileReference; lastKnownFileType = file; path = "KaTeX_Caligraphic-Bold.woff2"; sourceTree = "<group>"; };
		7EB748A42422851C007265A4 /* KaTeX_Size3-Regular.ttf */ = {isa = PBXFileReference; lastKnownFileType = file; path = "KaTeX_Size3-Regular.ttf"; sourceTree = "<group>"; };
		7EB748A52422851C007265A4 /* KaTeX_Typewriter-Regular.woff */ = {isa = PBXFileReference; lastKnownFileType = file; path = "KaTeX_Typewriter-Regular.woff"; sourceTree = "<group>"; };
		7EB748A62422851C007265A4 /* KaTeX_Caligraphic-Regular.woff */ = {isa = PBXFileReference; lastKnownFileType = file; path = "KaTeX_Caligraphic-Regular.woff"; sourceTree = "<group>"; };
		7EB748A72422851C007265A4 /* KaTeX_Typewriter-Regular.ttf */ = {isa = PBXFileReference; lastKnownFileType = file; path = "KaTeX_Typewriter-Regular.ttf"; sourceTree = "<group>"; };
		7EB748A82422851C007265A4 /* KaTeX_Main-Italic.woff */ = {isa = PBXFileReference; lastKnownFileType = file; path = "KaTeX_Main-Italic.woff"; sourceTree = "<group>"; };
		7EB748A92422851C007265A4 /* KaTeX_Caligraphic-Bold.ttf */ = {isa = PBXFileReference; lastKnownFileType = file; path = "KaTeX_Caligraphic-Bold.ttf"; sourceTree = "<group>"; };
		7EB748AA2422851C007265A4 /* KaTeX_SansSerif-Bold.woff2 */ = {isa = PBXFileReference; lastKnownFileType = file; path = "KaTeX_SansSerif-Bold.woff2"; sourceTree = "<group>"; };
		7EB748AB2422851C007265A4 /* KaTeX_Math-Italic.woff2 */ = {isa = PBXFileReference; lastKnownFileType = file; path = "KaTeX_Math-Italic.woff2"; sourceTree = "<group>"; };
		7EB748AC2422851C007265A4 /* KaTeX_Size4-Regular.woff2 */ = {isa = PBXFileReference; lastKnownFileType = file; path = "KaTeX_Size4-Regular.woff2"; sourceTree = "<group>"; };
		7EB748AD2422851C007265A4 /* KaTeX_Fraktur-Bold.woff2 */ = {isa = PBXFileReference; lastKnownFileType = file; path = "KaTeX_Fraktur-Bold.woff2"; sourceTree = "<group>"; };
		7EB748AE2422851C007265A4 /* KaTeX_Caligraphic-Bold.woff */ = {isa = PBXFileReference; lastKnownFileType = file; path = "KaTeX_Caligraphic-Bold.woff"; sourceTree = "<group>"; };
		7EB748AF2422851C007265A4 /* KaTeX_SansSerif-Bold.ttf */ = {isa = PBXFileReference; lastKnownFileType = file; path = "KaTeX_SansSerif-Bold.ttf"; sourceTree = "<group>"; };
		7EB748B02422851C007265A4 /* KaTeX_Fraktur-Regular.woff */ = {isa = PBXFileReference; lastKnownFileType = file; path = "KaTeX_Fraktur-Regular.woff"; sourceTree = "<group>"; };
		7EB748B12422851C007265A4 /* KaTeX_Main-Bold.ttf */ = {isa = PBXFileReference; lastKnownFileType = file; path = "KaTeX_Main-Bold.ttf"; sourceTree = "<group>"; };
		7EB748B22422851C007265A4 /* KaTeX_SansSerif-Italic.woff2 */ = {isa = PBXFileReference; lastKnownFileType = file; path = "KaTeX_SansSerif-Italic.woff2"; sourceTree = "<group>"; };
		7EB748B32422851C007265A4 /* KaTeX_Main-Bold.woff2 */ = {isa = PBXFileReference; lastKnownFileType = file; path = "KaTeX_Main-Bold.woff2"; sourceTree = "<group>"; };
		7EB748B42422851C007265A4 /* KaTeX_SansSerif-Regular.woff2 */ = {isa = PBXFileReference; lastKnownFileType = file; path = "KaTeX_SansSerif-Regular.woff2"; sourceTree = "<group>"; };
		7EB748B52422851C007265A4 /* KaTeX_Fraktur-Regular.ttf */ = {isa = PBXFileReference; lastKnownFileType = file; path = "KaTeX_Fraktur-Regular.ttf"; sourceTree = "<group>"; };
		7EB748B62422851C007265A4 /* KaTeX_Main-Regular.ttf */ = {isa = PBXFileReference; lastKnownFileType = file; path = "KaTeX_Main-Regular.ttf"; sourceTree = "<group>"; };
		7EB748B72422851C007265A4 /* KaTeX_Size2-Regular.woff */ = {isa = PBXFileReference; lastKnownFileType = file; path = "KaTeX_Size2-Regular.woff"; sourceTree = "<group>"; };
		7EB748B82422851C007265A4 /* KaTeX_Main-BoldItalic.woff2 */ = {isa = PBXFileReference; lastKnownFileType = file; path = "KaTeX_Main-BoldItalic.woff2"; sourceTree = "<group>"; };
		7EB748B92422851C007265A4 /* KaTeX_Fraktur-Regular.woff2 */ = {isa = PBXFileReference; lastKnownFileType = file; path = "KaTeX_Fraktur-Regular.woff2"; sourceTree = "<group>"; };
		7EB748BA2422851C007265A4 /* KaTeX_Script-Regular.woff2 */ = {isa = PBXFileReference; lastKnownFileType = file; path = "KaTeX_Script-Regular.woff2"; sourceTree = "<group>"; };
		7EB748BB2422851C007265A4 /* KaTeX_Size4-Regular.woff */ = {isa = PBXFileReference; lastKnownFileType = file; path = "KaTeX_Size4-Regular.woff"; sourceTree = "<group>"; };
		7EB748BC2422851C007265A4 /* KaTeX_Size3-Regular.woff */ = {isa = PBXFileReference; lastKnownFileType = file; path = "KaTeX_Size3-Regular.woff"; sourceTree = "<group>"; };
		7EB748BD2422851C007265A4 /* KaTeX_AMS-Regular.woff */ = {isa = PBXFileReference; lastKnownFileType = file; path = "KaTeX_AMS-Regular.woff"; sourceTree = "<group>"; };
		7EB748BE2422851C007265A4 /* KaTeX_Main-Bold.woff */ = {isa = PBXFileReference; lastKnownFileType = file; path = "KaTeX_Main-Bold.woff"; sourceTree = "<group>"; };
		7EB748BF2422851C007265A4 /* KaTeX_SansSerif-Italic.ttf */ = {isa = PBXFileReference; lastKnownFileType = file; path = "KaTeX_SansSerif-Italic.ttf"; sourceTree = "<group>"; };
		7EB748C02422851C007265A4 /* KaTeX_Math-Italic.ttf */ = {isa = PBXFileReference; lastKnownFileType = file; path = "KaTeX_Math-Italic.ttf"; sourceTree = "<group>"; };
		7EB748C12422851C007265A4 /* KaTeX_Size1-Regular.woff */ = {isa = PBXFileReference; lastKnownFileType = file; path = "KaTeX_Size1-Regular.woff"; sourceTree = "<group>"; };
		7EB748C22422851C007265A4 /* KaTeX_SansSerif-Regular.woff */ = {isa = PBXFileReference; lastKnownFileType = file; path = "KaTeX_SansSerif-Regular.woff"; sourceTree = "<group>"; };
		7EB748C32422851C007265A4 /* KaTeX_Main-Italic.ttf */ = {isa = PBXFileReference; lastKnownFileType = file; path = "KaTeX_Main-Italic.ttf"; sourceTree = "<group>"; };
		7EB748C42422851C007265A4 /* KaTeX_Math-Italic.woff */ = {isa = PBXFileReference; lastKnownFileType = file; path = "KaTeX_Math-Italic.woff"; sourceTree = "<group>"; };
		7EB748C52422851C007265A4 /* KaTeX_Math-BoldItalic.woff2 */ = {isa = PBXFileReference; lastKnownFileType = file; path = "KaTeX_Math-BoldItalic.woff2"; sourceTree = "<group>"; };
		7EB748C62422851C007265A4 /* KaTeX_Fraktur-Bold.ttf */ = {isa = PBXFileReference; lastKnownFileType = file; path = "KaTeX_Fraktur-Bold.ttf"; sourceTree = "<group>"; };
		7EB748C72422851C007265A4 /* KaTeX_Size2-Regular.ttf */ = {isa = PBXFileReference; lastKnownFileType = file; path = "KaTeX_Size2-Regular.ttf"; sourceTree = "<group>"; };
		7EB748C82422851C007265A4 /* KaTeX_SansSerif-Italic.woff */ = {isa = PBXFileReference; lastKnownFileType = file; path = "KaTeX_SansSerif-Italic.woff"; sourceTree = "<group>"; };
		7EB748C92422851C007265A4 /* KaTeX_Main-Italic.woff2 */ = {isa = PBXFileReference; lastKnownFileType = file; path = "KaTeX_Main-Italic.woff2"; sourceTree = "<group>"; };
		7EB748CA2422851C007265A4 /* KaTeX_Size1-Regular.woff2 */ = {isa = PBXFileReference; lastKnownFileType = file; path = "KaTeX_Size1-Regular.woff2"; sourceTree = "<group>"; };
		7EB748CB2422851C007265A4 /* KaTeX_Fraktur-Bold.woff */ = {isa = PBXFileReference; lastKnownFileType = file; path = "KaTeX_Fraktur-Bold.woff"; sourceTree = "<group>"; };
		7EB748CC2422851C007265A4 /* KaTeX_Script-Regular.woff */ = {isa = PBXFileReference; lastKnownFileType = file; path = "KaTeX_Script-Regular.woff"; sourceTree = "<group>"; };
		7EB748CD2422851C007265A4 /* KaTeX_SansSerif-Regular.ttf */ = {isa = PBXFileReference; lastKnownFileType = file; path = "KaTeX_SansSerif-Regular.ttf"; sourceTree = "<group>"; };
		7EB748CE2422851C007265A4 /* KaTeX_Math-BoldItalic.woff */ = {isa = PBXFileReference; lastKnownFileType = file; path = "KaTeX_Math-BoldItalic.woff"; sourceTree = "<group>"; };
		7EB748CF2422851C007265A4 /* KaTeX_Size1-Regular.ttf */ = {isa = PBXFileReference; lastKnownFileType = file; path = "KaTeX_Size1-Regular.ttf"; sourceTree = "<group>"; };
		7EB748D02422851C007265A4 /* KaTeX_Caligraphic-Regular.ttf */ = {isa = PBXFileReference; lastKnownFileType = file; path = "KaTeX_Caligraphic-Regular.ttf"; sourceTree = "<group>"; };
		7EB748D12422851C007265A4 /* KaTeX_Size4-Regular.ttf */ = {isa = PBXFileReference; lastKnownFileType = file; path = "KaTeX_Size4-Regular.ttf"; sourceTree = "<group>"; };
		7EB748D22422851C007265A4 /* KaTeX_Size2-Regular.woff2 */ = {isa = PBXFileReference; lastKnownFileType = file; path = "KaTeX_Size2-Regular.woff2"; sourceTree = "<group>"; };
		7EB748D32422851C007265A4 /* KaTeX_Caligraphic-Regular.woff2 */ = {isa = PBXFileReference; lastKnownFileType = file; path = "KaTeX_Caligraphic-Regular.woff2"; sourceTree = "<group>"; };
		7EB748D42422851C007265A4 /* KaTeX_Main-BoldItalic.ttf */ = {isa = PBXFileReference; lastKnownFileType = file; path = "KaTeX_Main-BoldItalic.ttf"; sourceTree = "<group>"; };
		7EB748D52422851C007265A4 /* KaTeX_SansSerif-Bold.woff */ = {isa = PBXFileReference; lastKnownFileType = file; path = "KaTeX_SansSerif-Bold.woff"; sourceTree = "<group>"; };
		7EB748D62422851C007265A4 /* KaTeX_Math-BoldItalic.ttf */ = {isa = PBXFileReference; lastKnownFileType = file; path = "KaTeX_Math-BoldItalic.ttf"; sourceTree = "<group>"; };
		7EB7491824228549007265A4 /* JupyterRenderer.swift */ = {isa = PBXFileReference; fileEncoding = 4; lastKnownFileType = sourcecode.swift; path = JupyterRenderer.swift; sourceTree = "<group>"; };
		7EB7491E242287AB007265A4 /* jupyter-main.css */ = {isa = PBXFileReference; lastKnownFileType = text.css; path = "jupyter-main.css"; sourceTree = "<group>"; };
		7ECC8CEE240CB4CC000D6970 /* Glance.app */ = {isa = PBXFileReference; explicitFileType = wrapper.application; includeInIndex = 0; path = Glance.app; sourceTree = BUILT_PRODUCTS_DIR; };
		7ECC8CF1240CB4CC000D6970 /* AppDelegate.swift */ = {isa = PBXFileReference; lastKnownFileType = sourcecode.swift; path = AppDelegate.swift; sourceTree = "<group>"; };
		7ECC8CF3240CB4CC000D6970 /* ViewController.swift */ = {isa = PBXFileReference; lastKnownFileType = sourcecode.swift; path = ViewController.swift; sourceTree = "<group>"; };
		7ECC8CF5240CB4CC000D6970 /* Assets.xcassets */ = {isa = PBXFileReference; lastKnownFileType = folder.assetcatalog; path = Assets.xcassets; sourceTree = "<group>"; };
		7ECC8CFA240CB4CC000D6970 /* Info.plist */ = {isa = PBXFileReference; lastKnownFileType = text.plist.xml; path = Info.plist; sourceTree = "<group>"; };
		7ECC8CFB240CB4CC000D6970 /* Glance.entitlements */ = {isa = PBXFileReference; lastKnownFileType = text.plist.entitlements; path = Glance.entitlements; sourceTree = "<group>"; };
		7ECC93C7242780BF00E23D99 /* markdown-main.css */ = {isa = PBXFileReference; fileEncoding = 4; lastKnownFileType = text.css; path = "markdown-main.css"; sourceTree = "<group>"; };
		7EFC7511242648CF0095E5D0 /* jupyter-katex-auto-render.min.js */ = {isa = PBXFileReference; fileEncoding = 4; lastKnownFileType = sourcecode.javascript; path = "jupyter-katex-auto-render.min.js"; sourceTree = "<group>"; };
/* End PBXFileReference section */

/* Begin PBXFrameworksBuildPhase section */
		7E6EF1F7240CC802009E4199 /* Frameworks */ = {
			isa = PBXFrameworksBuildPhase;
			buildActionMask = 2147483647;
			files = (
				7E9F0D5D24164260007F1008 /* chroma-v0.7.0 in Frameworks */,
				7E8DEDAE242BE20F00F2DABB /* SwiftExec in Frameworks */,
				7E8DEDAB242BE1FA00F2DABB /* Down in Frameworks */,
				7E8DEDB2242BEF4500F2DABB /* nbtohtml-v0.4.0 in Frameworks */,
				7E6EF1FD240CC802009E4199 /* Quartz.framework in Frameworks */,
			);
			runOnlyForDeploymentPostprocessing = 0;
		};
		7ECC8CEB240CB4CC000D6970 /* Frameworks */ = {
			isa = PBXFrameworksBuildPhase;
			buildActionMask = 2147483647;
			files = (
			);
			runOnlyForDeploymentPostprocessing = 0;
		};
/* End PBXFrameworksBuildPhase section */

/* Begin PBXGroup section */
		7E1DC51C240E674300D0A061 /* Utils */ = {
			isa = PBXGroup;
			children = (
				7E9F0D7924168870007F1008 /* Asset */,
				7EAC01EB240D220B009505D0 /* File.swift */,
			);
			path = Utils;
			sourceTree = "<group>";
		};
		7E1DC51D240E68AF00D0A061 /* Views */ = {
			isa = PBXGroup;
			children = (
				7EAC01E9240D2063009505D0 /* PreviewWebView.swift */,
				7E8DEDBE242C20A000F2DABB /* OfflineWebView.swift */,
			);
			path = Views;
			sourceTree = "<group>";
		};
		7E1DC52B240E91FC00D0A061 /* Assets */ = {
			isa = PBXGroup;
			children = (
				7E413F7E2418DD3000CFBB1D /* csv */,
				7EB7489224228374007265A4 /* jupyter */,
				7ECC93C6242780BF00E23D99 /* markdown */,
				7E1DC52D240E9D2C00D0A061 /* shared */,
			);
			path = Assets;
			sourceTree = "<group>";
		};
		7E1DC52C240E9A3700D0A061 /* FileTypeRenderers */ = {
			isa = PBXGroup;
			children = (
				7E1DC529240E6FDE00D0A061 /* CodeRenderer.swift */,
				7E413F7F2418DD6200CFBB1D /* CsvRenderer.swift */,
				7EB7491824228549007265A4 /* JupyterRenderer.swift */,
				7E1DC520240E6D8000D0A061 /* MarkdownRenderer.swift */,
			);
			path = FileTypeRenderers;
			sourceTree = "<group>";
		};
		7E1DC52D240E9D2C00D0A061 /* shared */ = {
			isa = PBXGroup;
			children = (
				7E9F0D6024164D35007F1008 /* shared-chroma.css */,
				7E1DC50A240E5A4B00D0A061 /* shared-main.css */,
			);
			path = shared;
			sourceTree = "<group>";
		};
		7E413F7E2418DD3000CFBB1D /* csv */ = {
			isa = PBXGroup;
			children = (
				7E413F852418EEC100CFBB1D /* csv-main.js */,
				7E413F812418EB4B00CFBB1D /* csv-papaparse.min.js */,
			);
			path = csv;
			sourceTree = "<group>";
		};
		7E6EF1FB240CC802009E4199 /* Frameworks */ = {
			isa = PBXGroup;
			children = (
				7E9F0D582416284A007F1008 /* chroma */,
				7E6EF1FC240CC802009E4199 /* Quartz.framework */,
			);
			name = Frameworks;
			sourceTree = "<group>";
		};
		7E6EF1FE240CC802009E4199 /* QLPlugin */ = {
			isa = PBXGroup;
			children = (
				7E1DC52B240E91FC00D0A061 /* Assets */,
				7E9F0D5B24162920007F1008 /* Binaries */,
				7E1DC51D240E68AF00D0A061 /* Views */,
				7EAC01E1240D1E94009505D0 /* Renderers */,
				7E1DC51C240E674300D0A061 /* Utils */,
				7E6EF1FF240CC802009E4199 /* PreviewViewController.swift */,
				7E6EF204240CC802009E4199 /* Info.plist */,
				7E6EF205240CC802009E4199 /* QLPlugin.entitlements */,
			);
			path = QLPlugin;
			sourceTree = "<group>";
		};
		7E9F0D5B24162920007F1008 /* Binaries */ = {
			isa = PBXGroup;
			children = (
				7E9F0D592416286A007F1008 /* chroma-v0.7.0 */,
				7E8DEDAF242BEF3700F2DABB /* nbtohtml-v0.4.0 */,
			);
			path = Binaries;
			sourceTree = "<group>";
		};
		7E9F0D7924168870007F1008 /* Asset */ = {
			isa = PBXGroup;
			children = (
				7E9F0D7A24168870007F1008 /* Stylesheet.swift */,
				7E9F0D7B24168870007F1008 /* Script.swift */,
				7E9F0D7C24168870007F1008 /* Asset.swift */,
			);
			path = Asset;
			sourceTree = "<group>";
		};
		7EAC01E1240D1E94009505D0 /* Renderers */ = {
			isa = PBXGroup;
			children = (
				7E1DC527240E6F4A00D0A061 /* RendererFactory.swift */,
				7E1DC51E240E6CE300D0A061 /* Renderer.swift */,
				7E1DC52C240E9A3700D0A061 /* FileTypeRenderers */,
			);
			path = Renderers;
			sourceTree = "<group>";
		};
		7EB7489224228374007265A4 /* jupyter */ = {
			isa = PBXGroup;
			children = (
				7EB7489A2422851C007265A4 /* fonts */,
				7EB7489424228374007265A4 /* jupyter-katex.min.css */,
				7EB7489524228374007265A4 /* jupyter-katex.min.js */,
				7EFC7511242648CF0095E5D0 /* jupyter-katex-auto-render.min.js */,
				7EB7491E242287AB007265A4 /* jupyter-main.css */,
			);
			name = jupyter;
			path = QLPlugin/Assets/jupyter;
			sourceTree = SOURCE_ROOT;
		};
		7EB7489A2422851C007265A4 /* fonts */ = {
			isa = PBXGroup;
			children = (
				7EB7489B2422851C007265A4 /* KaTeX_Typewriter-Regular.woff2 */,
				7EB7489C2422851C007265A4 /* KaTeX_Main-Regular.woff */,
				7EB7489D2422851C007265A4 /* KaTeX_AMS-Regular.ttf */,
				7EB7489E2422851C007265A4 /* KaTeX_Main-BoldItalic.woff */,
				7EB7489F2422851C007265A4 /* KaTeX_AMS-Regular.woff2 */,
				7EB748A02422851C007265A4 /* KaTeX_Size3-Regular.woff2 */,
				7EB748A12422851C007265A4 /* KaTeX_Main-Regular.woff2 */,
				7EB748A22422851C007265A4 /* KaTeX_Script-Regular.ttf */,
				7EB748A32422851C007265A4 /* KaTeX_Caligraphic-Bold.woff2 */,
				7EB748A42422851C007265A4 /* KaTeX_Size3-Regular.ttf */,
				7EB748A52422851C007265A4 /* KaTeX_Typewriter-Regular.woff */,
				7EB748A62422851C007265A4 /* KaTeX_Caligraphic-Regular.woff */,
				7EB748A72422851C007265A4 /* KaTeX_Typewriter-Regular.ttf */,
				7EB748A82422851C007265A4 /* KaTeX_Main-Italic.woff */,
				7EB748A92422851C007265A4 /* KaTeX_Caligraphic-Bold.ttf */,
				7EB748AA2422851C007265A4 /* KaTeX_SansSerif-Bold.woff2 */,
				7EB748AB2422851C007265A4 /* KaTeX_Math-Italic.woff2 */,
				7EB748AC2422851C007265A4 /* KaTeX_Size4-Regular.woff2 */,
				7EB748AD2422851C007265A4 /* KaTeX_Fraktur-Bold.woff2 */,
				7EB748AE2422851C007265A4 /* KaTeX_Caligraphic-Bold.woff */,
				7EB748AF2422851C007265A4 /* KaTeX_SansSerif-Bold.ttf */,
				7EB748B02422851C007265A4 /* KaTeX_Fraktur-Regular.woff */,
				7EB748B12422851C007265A4 /* KaTeX_Main-Bold.ttf */,
				7EB748B22422851C007265A4 /* KaTeX_SansSerif-Italic.woff2 */,
				7EB748B32422851C007265A4 /* KaTeX_Main-Bold.woff2 */,
				7EB748B42422851C007265A4 /* KaTeX_SansSerif-Regular.woff2 */,
				7EB748B52422851C007265A4 /* KaTeX_Fraktur-Regular.ttf */,
				7EB748B62422851C007265A4 /* KaTeX_Main-Regular.ttf */,
				7EB748B72422851C007265A4 /* KaTeX_Size2-Regular.woff */,
				7EB748B82422851C007265A4 /* KaTeX_Main-BoldItalic.woff2 */,
				7EB748B92422851C007265A4 /* KaTeX_Fraktur-Regular.woff2 */,
				7EB748BA2422851C007265A4 /* KaTeX_Script-Regular.woff2 */,
				7EB748BB2422851C007265A4 /* KaTeX_Size4-Regular.woff */,
				7EB748BC2422851C007265A4 /* KaTeX_Size3-Regular.woff */,
				7EB748BD2422851C007265A4 /* KaTeX_AMS-Regular.woff */,
				7EB748BE2422851C007265A4 /* KaTeX_Main-Bold.woff */,
				7EB748BF2422851C007265A4 /* KaTeX_SansSerif-Italic.ttf */,
				7EB748C02422851C007265A4 /* KaTeX_Math-Italic.ttf */,
				7EB748C12422851C007265A4 /* KaTeX_Size1-Regular.woff */,
				7EB748C22422851C007265A4 /* KaTeX_SansSerif-Regular.woff */,
				7EB748C32422851C007265A4 /* KaTeX_Main-Italic.ttf */,
				7EB748C42422851C007265A4 /* KaTeX_Math-Italic.woff */,
				7EB748C52422851C007265A4 /* KaTeX_Math-BoldItalic.woff2 */,
				7EB748C62422851C007265A4 /* KaTeX_Fraktur-Bold.ttf */,
				7EB748C72422851C007265A4 /* KaTeX_Size2-Regular.ttf */,
				7EB748C82422851C007265A4 /* KaTeX_SansSerif-Italic.woff */,
				7EB748C92422851C007265A4 /* KaTeX_Main-Italic.woff2 */,
				7EB748CA2422851C007265A4 /* KaTeX_Size1-Regular.woff2 */,
				7EB748CB2422851C007265A4 /* KaTeX_Fraktur-Bold.woff */,
				7EB748CC2422851C007265A4 /* KaTeX_Script-Regular.woff */,
				7EB748CD2422851C007265A4 /* KaTeX_SansSerif-Regular.ttf */,
				7EB748CE2422851C007265A4 /* KaTeX_Math-BoldItalic.woff */,
				7EB748CF2422851C007265A4 /* KaTeX_Size1-Regular.ttf */,
				7EB748D02422851C007265A4 /* KaTeX_Caligraphic-Regular.ttf */,
				7EB748D12422851C007265A4 /* KaTeX_Size4-Regular.ttf */,
				7EB748D22422851C007265A4 /* KaTeX_Size2-Regular.woff2 */,
				7EB748D32422851C007265A4 /* KaTeX_Caligraphic-Regular.woff2 */,
				7EB748D42422851C007265A4 /* KaTeX_Main-BoldItalic.ttf */,
				7EB748D52422851C007265A4 /* KaTeX_SansSerif-Bold.woff */,
				7EB748D62422851C007265A4 /* KaTeX_Math-BoldItalic.ttf */,
			);
			path = fonts;
			sourceTree = "<group>";
		};
		7ECC8CE5240CB4CC000D6970 = {
			isa = PBXGroup;
			children = (
				7ECC8CF0240CB4CC000D6970 /* Glance */,
				7E6EF1FE240CC802009E4199 /* QLPlugin */,
				7E6EF1FB240CC802009E4199 /* Frameworks */,
				7ECC8CEF240CB4CC000D6970 /* Products */,
			);
			sourceTree = "<group>";
		};
		7ECC8CEF240CB4CC000D6970 /* Products */ = {
			isa = PBXGroup;
			children = (
				7ECC8CEE240CB4CC000D6970 /* Glance.app */,
				7E6EF1FA240CC802009E4199 /* QLPlugin.appex */,
			);
			name = Products;
			sourceTree = "<group>";
		};
		7ECC8CF0240CB4CC000D6970 /* Glance */ = {
			isa = PBXGroup;
			children = (
				7E8DEE98240CC4D2007A1477 /* GlanceApp.swift */,
				7ECC8CF1240CB4CC000D6970 /* AppDelegate.swift */,
				7ECC8CF3240CB4CC000D6970 /* ViewController.swift */,
				7ECC8CF5240CB4CC000D6970 /* Assets.xcassets */,
				7ECC8CFA240CB4CC000D6970 /* Info.plist */,
				7ECC8CFB240CB4CC000D6970 /* Glance.entitlements */,
			);
			path = Glance;
			sourceTree = "<group>";
		};
		7ECC93C6242780BF00E23D99 /* markdown */ = {
			isa = PBXGroup;
			children = (
				7ECC93C7242780BF00E23D99 /* markdown-main.css */,
			);
			path = markdown;
			sourceTree = "<group>";
		};
/* End PBXGroup section */

/* Begin PBXNativeTarget section */
		7E6EF1F9240CC802009E4199 /* QLPlugin */ = {
			isa = PBXNativeTarget;
			buildConfigurationList = 7E6EF20C240CC802009E4199 /* Build configuration list for PBXNativeTarget "QLPlugin" */;
			buildPhases = (
				7E6EF1F6240CC802009E4199 /* Sources */,
				7E9F0D5E2416427B007F1008 /* CopyFiles */,
				7E6EF1F7240CC802009E4199 /* Frameworks */,
				7E6EF1F8240CC802009E4199 /* Resources */,
			);
			buildRules = (
			);
			dependencies = (
			);
			name = QLPlugin;
			packageProductDependencies = (
				7E8DEDAA242BE1FA00F2DABB /* Down */,
				7E8DEDAD242BE20F00F2DABB /* SwiftExec */,
			);
			productName = QLPlugin;
			productReference = 7E6EF1FA240CC802009E4199 /* QLPlugin.appex */;
			productType = "com.apple.product-type.app-extension";
		};
		7ECC8CED240CB4CC000D6970 /* Glance */ = {
			isa = PBXNativeTarget;
			buildConfigurationList = 7ECC8CFE240CB4CC000D6970 /* Build configuration list for PBXNativeTarget "Glance" */;
			buildPhases = (
				7ECC8CEA240CB4CC000D6970 /* Sources */,
				7ECC8CEB240CB4CC000D6970 /* Frameworks */,
				7ECC8CEC240CB4CC000D6970 /* Resources */,
				7E6EF209240CC802009E4199 /* Embed App Extensions */,
			);
			buildRules = (
			);
			dependencies = (
				7E6EF207240CC802009E4199 /* PBXTargetDependency */,
			);
			name = Glance;
			productName = Glance;
			productReference = 7ECC8CEE240CB4CC000D6970 /* Glance.app */;
			productType = "com.apple.product-type.application";
		};
/* End PBXNativeTarget section */

/* Begin PBXProject section */
		7ECC8CE6240CB4CC000D6970 /* Project object */ = {
			isa = PBXProject;
			attributes = {
				LastSwiftUpdateCheck = 1130;
				LastUpgradeCheck = 1140;
				ORGANIZATIONNAME = "Samuel Meuli";
				TargetAttributes = {
					7E6EF1F9240CC802009E4199 = {
						CreatedOnToolsVersion = 11.3.1;
					};
					7ECC8CED240CB4CC000D6970 = {
						CreatedOnToolsVersion = 11.3.1;
					};
				};
			};
			buildConfigurationList = 7ECC8CE9240CB4CC000D6970 /* Build configuration list for PBXProject "Glance" */;
			compatibilityVersion = "Xcode 9.3";
			developmentRegion = en;
			hasScannedForEncodings = 0;
			knownRegions = (
				en,
				Base,
			);
			mainGroup = 7ECC8CE5240CB4CC000D6970;
			packageReferences = (
				7E8DEDA9242BE1FA00F2DABB /* XCRemoteSwiftPackageReference "Down" */,
				7E8DEDAC242BE20F00F2DABB /* XCRemoteSwiftPackageReference "swift-exec" */,
			);
			productRefGroup = 7ECC8CEF240CB4CC000D6970 /* Products */;
			projectDirPath = "";
			projectRoot = "";
			targets = (
				7ECC8CED240CB4CC000D6970 /* Glance */,
				7E6EF1F9240CC802009E4199 /* QLPlugin */,
			);
		};
/* End PBXProject section */

/* Begin PBXResourcesBuildPhase section */
		7E6EF1F8240CC802009E4199 /* Resources */ = {
			isa = PBXResourcesBuildPhase;
			buildActionMask = 2147483647;
			files = (
				7EB748F42422851D007265A4 /* KaTeX_Fraktur-Regular.ttf in Resources */,
				7EB7490A2422851D007265A4 /* KaTeX_Fraktur-Bold.woff in Resources */,
				7EB748FE2422851D007265A4 /* KaTeX_SansSerif-Italic.ttf in Resources */,
				7EB749152422851D007265A4 /* KaTeX_Math-BoldItalic.ttf in Resources */,
				7EB748FB2422851D007265A4 /* KaTeX_Size3-Regular.woff in Resources */,
				7EB749012422851D007265A4 /* KaTeX_SansSerif-Regular.woff in Resources */,
				7EB749122422851D007265A4 /* KaTeX_Caligraphic-Regular.woff2 in Resources */,
				7E1DC515240E5A4B00D0A061 /* shared-main.css in Resources */,
				7EB748E42422851D007265A4 /* KaTeX_Typewriter-Regular.woff in Resources */,
				7EB748DD2422851D007265A4 /* KaTeX_Main-BoldItalic.woff in Resources */,
				7E8DEDB0242BEF3700F2DABB /* nbtohtml-v0.4.0 in Resources */,
				7EB748E02422851D007265A4 /* KaTeX_Main-Regular.woff2 in Resources */,
				7EB748DA2422851D007265A4 /* KaTeX_Typewriter-Regular.woff2 in Resources */,
				7EB749102422851D007265A4 /* KaTeX_Size4-Regular.ttf in Resources */,
				7EB7490F2422851D007265A4 /* KaTeX_Caligraphic-Regular.ttf in Resources */,
				7EB748DF2422851D007265A4 /* KaTeX_Size3-Regular.woff2 in Resources */,
				7EB748FF2422851D007265A4 /* KaTeX_Math-Italic.ttf in Resources */,
				7EB749082422851D007265A4 /* KaTeX_Main-Italic.woff2 in Resources */,
				7EB748E62422851D007265A4 /* KaTeX_Typewriter-Regular.ttf in Resources */,
				7EB748E92422851D007265A4 /* KaTeX_SansSerif-Bold.woff2 in Resources */,
				7EB7489824228374007265A4 /* jupyter-katex.min.js in Resources */,
				7EB748DC2422851D007265A4 /* KaTeX_AMS-Regular.ttf in Resources */,
				7ECC93C8242780C000E23D99 /* markdown-main.css in Resources */,
				7EB749022422851D007265A4 /* KaTeX_Main-Italic.ttf in Resources */,
				7EB748EE2422851D007265A4 /* KaTeX_SansSerif-Bold.ttf in Resources */,
				7EB748E32422851D007265A4 /* KaTeX_Size3-Regular.ttf in Resources */,
				7EB7489724228374007265A4 /* jupyter-katex.min.css in Resources */,
				7EB748FA2422851D007265A4 /* KaTeX_Size4-Regular.woff in Resources */,
				7EB749052422851D007265A4 /* KaTeX_Fraktur-Bold.ttf in Resources */,
				7EB7491F242287AB007265A4 /* jupyter-main.css in Resources */,
				7EB748E52422851D007265A4 /* KaTeX_Caligraphic-Regular.woff in Resources */,
				7EB749072422851D007265A4 /* KaTeX_SansSerif-Italic.woff in Resources */,
				7EB748EA2422851D007265A4 /* KaTeX_Math-Italic.woff2 in Resources */,
				7EB748F92422851D007265A4 /* KaTeX_Script-Regular.woff2 in Resources */,
				7EB7490E2422851D007265A4 /* KaTeX_Size1-Regular.ttf in Resources */,
				7EB748F72422851D007265A4 /* KaTeX_Main-BoldItalic.woff2 in Resources */,
				7EB748F12422851D007265A4 /* KaTeX_SansSerif-Italic.woff2 in Resources */,
				7EB748FD2422851D007265A4 /* KaTeX_Main-Bold.woff in Resources */,
				7EB748F62422851D007265A4 /* KaTeX_Size2-Regular.woff in Resources */,
				7E9F0D6124164D35007F1008 /* shared-chroma.css in Resources */,
				7EB749142422851D007265A4 /* KaTeX_SansSerif-Bold.woff in Resources */,
				7E413F862418EEC100CFBB1D /* csv-main.js in Resources */,
				7EB748ED2422851D007265A4 /* KaTeX_Caligraphic-Bold.woff in Resources */,
				7EB749042422851D007265A4 /* KaTeX_Math-BoldItalic.woff2 in Resources */,
				7EB7490B2422851D007265A4 /* KaTeX_Script-Regular.woff in Resources */,
				7EB748EF2422851D007265A4 /* KaTeX_Fraktur-Regular.woff in Resources */,
				7EB748F82422851D007265A4 /* KaTeX_Fraktur-Regular.woff2 in Resources */,
				7EB748F22422851D007265A4 /* KaTeX_Main-Bold.woff2 in Resources */,
				7EB749032422851D007265A4 /* KaTeX_Math-Italic.woff in Resources */,
				7EB749062422851D007265A4 /* KaTeX_Size2-Regular.ttf in Resources */,
				7EB7490D2422851D007265A4 /* KaTeX_Math-BoldItalic.woff in Resources */,
				7EB748FC2422851D007265A4 /* KaTeX_AMS-Regular.woff in Resources */,
				7E413F822418EB4B00CFBB1D /* csv-papaparse.min.js in Resources */,
				7EFC7512242648CF0095E5D0 /* jupyter-katex-auto-render.min.js in Resources */,
				7EB748E72422851D007265A4 /* KaTeX_Main-Italic.woff in Resources */,
				7EB748EB2422851D007265A4 /* KaTeX_Size4-Regular.woff2 in Resources */,
				7EB748E12422851D007265A4 /* KaTeX_Script-Regular.ttf in Resources */,
				7EB749002422851D007265A4 /* KaTeX_Size1-Regular.woff in Resources */,
				7EB748F32422851D007265A4 /* KaTeX_SansSerif-Regular.woff2 in Resources */,
				7EB748DE2422851D007265A4 /* KaTeX_AMS-Regular.woff2 in Resources */,
				7EB748E82422851D007265A4 /* KaTeX_Caligraphic-Bold.ttf in Resources */,
				7EB748EC2422851D007265A4 /* KaTeX_Fraktur-Bold.woff2 in Resources */,
				7EB749092422851D007265A4 /* KaTeX_Size1-Regular.woff2 in Resources */,
				7EB749112422851D007265A4 /* KaTeX_Size2-Regular.woff2 in Resources */,
				7EB7490C2422851D007265A4 /* KaTeX_SansSerif-Regular.ttf in Resources */,
				7EB748F02422851D007265A4 /* KaTeX_Main-Bold.ttf in Resources */,
				7EB748E22422851D007265A4 /* KaTeX_Caligraphic-Bold.woff2 in Resources */,
				7EB748F52422851D007265A4 /* KaTeX_Main-Regular.ttf in Resources */,
				7EB749132422851D007265A4 /* KaTeX_Main-BoldItalic.ttf in Resources */,
				7EB748DB2422851D007265A4 /* KaTeX_Main-Regular.woff in Resources */,
			);
			runOnlyForDeploymentPostprocessing = 0;
		};
		7ECC8CEC240CB4CC000D6970 /* Resources */ = {
			isa = PBXResourcesBuildPhase;
			buildActionMask = 2147483647;
			files = (
				7ECC8CF6240CB4CC000D6970 /* Assets.xcassets in Resources */,
			);
			runOnlyForDeploymentPostprocessing = 0;
		};
/* End PBXResourcesBuildPhase section */

/* Begin PBXSourcesBuildPhase section */
		7E6EF1F6240CC802009E4199 /* Sources */ = {
			isa = PBXSourcesBuildPhase;
			buildActionMask = 2147483647;
			files = (
				7EAC01EC240D220B009505D0 /* File.swift in Sources */,
				7EB7491924228549007265A4 /* JupyterRenderer.swift in Sources */,
				7E8DEDBF242C20A000F2DABB /* OfflineWebView.swift in Sources */,
				7EAC01EA240D2063009505D0 /* PreviewWebView.swift in Sources */,
				7E1DC51F240E6CE300D0A061 /* Renderer.swift in Sources */,
				7E9F0D7F24168870007F1008 /* Asset.swift in Sources */,
				7E6EF200240CC802009E4199 /* PreviewViewController.swift in Sources */,
				7E1DC528240E6F4A00D0A061 /* RendererFactory.swift in Sources */,
				7E1DC521240E6D8000D0A061 /* MarkdownRenderer.swift in Sources */,
				7E413F802418DD6200CFBB1D /* CsvRenderer.swift in Sources */,
				7E1DC52A240E6FDE00D0A061 /* CodeRenderer.swift in Sources */,
				7E9F0D7E24168870007F1008 /* Script.swift in Sources */,
				7E9F0D7D24168870007F1008 /* Stylesheet.swift in Sources */,
			);
			runOnlyForDeploymentPostprocessing = 0;
		};
		7ECC8CEA240CB4CC000D6970 /* Sources */ = {
			isa = PBXSourcesBuildPhase;
			buildActionMask = 2147483647;
			files = (
				7E8DEE99240CC4D2007A1477 /* GlanceApp.swift in Sources */,
				7ECC8CF4240CB4CC000D6970 /* ViewController.swift in Sources */,
				7ECC8CF2240CB4CC000D6970 /* AppDelegate.swift in Sources */,
			);
			runOnlyForDeploymentPostprocessing = 0;
		};
/* End PBXSourcesBuildPhase section */

/* Begin PBXTargetDependency section */
		7E6EF207240CC802009E4199 /* PBXTargetDependency */ = {
			isa = PBXTargetDependency;
			target = 7E6EF1F9240CC802009E4199 /* QLPlugin */;
			targetProxy = 7E6EF206240CC802009E4199 /* PBXContainerItemProxy */;
		};
/* End PBXTargetDependency section */

/* Begin XCBuildConfiguration section */
		7E6EF20A240CC802009E4199 /* Debug */ = {
			isa = XCBuildConfiguration;
			buildSettings = {
				CODE_SIGN_ENTITLEMENTS = QLPlugin/QLPlugin.entitlements;
				CODE_SIGN_IDENTITY = "-";
				CODE_SIGN_STYLE = Automatic;
				DEVELOPMENT_TEAM = 5AKCUQXMXK;
				ENABLE_HARDENED_RUNTIME = YES;
				INFOPLIST_FILE = QLPlugin/Info.plist;
				LD_RUNPATH_SEARCH_PATHS = (
					"$(inherited)",
					"@executable_path/../Frameworks",
					"@executable_path/../../../../Frameworks",
				);
				PRODUCT_BUNDLE_IDENTIFIER = com.samuelmeuli.Glance.QLPlugin;
				PRODUCT_NAME = "$(TARGET_NAME)";
				SKIP_INSTALL = YES;
				SWIFT_VERSION = 5.0;
			};
			name = Debug;
		};
		7E6EF20B240CC802009E4199 /* Release */ = {
			isa = XCBuildConfiguration;
			buildSettings = {
				CODE_SIGN_ENTITLEMENTS = QLPlugin/QLPlugin.entitlements;
				CODE_SIGN_IDENTITY = "-";
				CODE_SIGN_STYLE = Automatic;
				DEVELOPMENT_TEAM = 5AKCUQXMXK;
				ENABLE_HARDENED_RUNTIME = YES;
				INFOPLIST_FILE = QLPlugin/Info.plist;
				LD_RUNPATH_SEARCH_PATHS = (
					"$(inherited)",
					"@executable_path/../Frameworks",
					"@executable_path/../../../../Frameworks",
				);
				PRODUCT_BUNDLE_IDENTIFIER = com.samuelmeuli.Glance.QLPlugin;
				PRODUCT_NAME = "$(TARGET_NAME)";
				SKIP_INSTALL = YES;
				SWIFT_VERSION = 5.0;
			};
			name = Release;
		};
		7ECC8CFC240CB4CC000D6970 /* Debug */ = {
			isa = XCBuildConfiguration;
			buildSettings = {
				ALWAYS_SEARCH_USER_PATHS = NO;
				CLANG_ANALYZER_NONNULL = YES;
				CLANG_ANALYZER_NUMBER_OBJECT_CONVERSION = YES_AGGRESSIVE;
				CLANG_CXX_LANGUAGE_STANDARD = "gnu++14";
				CLANG_CXX_LIBRARY = "libc++";
				CLANG_ENABLE_MODULES = YES;
				CLANG_ENABLE_OBJC_ARC = YES;
				CLANG_ENABLE_OBJC_WEAK = YES;
				CLANG_WARN_BLOCK_CAPTURE_AUTORELEASING = YES;
				CLANG_WARN_BOOL_CONVERSION = YES;
				CLANG_WARN_COMMA = YES;
				CLANG_WARN_CONSTANT_CONVERSION = YES;
				CLANG_WARN_DEPRECATED_OBJC_IMPLEMENTATIONS = YES;
				CLANG_WARN_DIRECT_OBJC_ISA_USAGE = YES_ERROR;
				CLANG_WARN_DOCUMENTATION_COMMENTS = YES;
				CLANG_WARN_EMPTY_BODY = YES;
				CLANG_WARN_ENUM_CONVERSION = YES;
				CLANG_WARN_INFINITE_RECURSION = YES;
				CLANG_WARN_INT_CONVERSION = YES;
				CLANG_WARN_NON_LITERAL_NULL_CONVERSION = YES;
				CLANG_WARN_OBJC_IMPLICIT_RETAIN_SELF = YES;
				CLANG_WARN_OBJC_LITERAL_CONVERSION = YES;
				CLANG_WARN_OBJC_ROOT_CLASS = YES_ERROR;
				CLANG_WARN_RANGE_LOOP_ANALYSIS = YES;
				CLANG_WARN_STRICT_PROTOTYPES = YES;
				CLANG_WARN_SUSPICIOUS_MOVE = YES;
				CLANG_WARN_UNGUARDED_AVAILABILITY = YES_AGGRESSIVE;
				CLANG_WARN_UNREACHABLE_CODE = YES;
				CLANG_WARN__DUPLICATE_METHOD_MATCH = YES;
				COPY_PHASE_STRIP = NO;
				DEBUG_INFORMATION_FORMAT = dwarf;
				ENABLE_STRICT_OBJC_MSGSEND = YES;
				ENABLE_TESTABILITY = YES;
				GCC_C_LANGUAGE_STANDARD = gnu11;
				GCC_DYNAMIC_NO_PIC = NO;
				GCC_NO_COMMON_BLOCKS = YES;
				GCC_OPTIMIZATION_LEVEL = 0;
				GCC_PREPROCESSOR_DEFINITIONS = (
					"DEBUG=1",
					"$(inherited)",
				);
				GCC_WARN_64_TO_32_BIT_CONVERSION = YES;
				GCC_WARN_ABOUT_RETURN_TYPE = YES_ERROR;
				GCC_WARN_UNDECLARED_SELECTOR = YES;
				GCC_WARN_UNINITIALIZED_AUTOS = YES_AGGRESSIVE;
				GCC_WARN_UNUSED_FUNCTION = YES;
				GCC_WARN_UNUSED_VARIABLE = YES;
				MACOSX_DEPLOYMENT_TARGET = 10.13;
				MTL_ENABLE_DEBUG_INFO = INCLUDE_SOURCE;
				MTL_FAST_MATH = YES;
				ONLY_ACTIVE_ARCH = YES;
				SDKROOT = macosx;
				SWIFT_ACTIVE_COMPILATION_CONDITIONS = DEBUG;
				SWIFT_OPTIMIZATION_LEVEL = "-Onone";
			};
			name = Debug;
		};
		7ECC8CFD240CB4CC000D6970 /* Release */ = {
			isa = XCBuildConfiguration;
			buildSettings = {
				ALWAYS_SEARCH_USER_PATHS = NO;
				CLANG_ANALYZER_NONNULL = YES;
				CLANG_ANALYZER_NUMBER_OBJECT_CONVERSION = YES_AGGRESSIVE;
				CLANG_CXX_LANGUAGE_STANDARD = "gnu++14";
				CLANG_CXX_LIBRARY = "libc++";
				CLANG_ENABLE_MODULES = YES;
				CLANG_ENABLE_OBJC_ARC = YES;
				CLANG_ENABLE_OBJC_WEAK = YES;
				CLANG_WARN_BLOCK_CAPTURE_AUTORELEASING = YES;
				CLANG_WARN_BOOL_CONVERSION = YES;
				CLANG_WARN_COMMA = YES;
				CLANG_WARN_CONSTANT_CONVERSION = YES;
				CLANG_WARN_DEPRECATED_OBJC_IMPLEMENTATIONS = YES;
				CLANG_WARN_DIRECT_OBJC_ISA_USAGE = YES_ERROR;
				CLANG_WARN_DOCUMENTATION_COMMENTS = YES;
				CLANG_WARN_EMPTY_BODY = YES;
				CLANG_WARN_ENUM_CONVERSION = YES;
				CLANG_WARN_INFINITE_RECURSION = YES;
				CLANG_WARN_INT_CONVERSION = YES;
				CLANG_WARN_NON_LITERAL_NULL_CONVERSION = YES;
				CLANG_WARN_OBJC_IMPLICIT_RETAIN_SELF = YES;
				CLANG_WARN_OBJC_LITERAL_CONVERSION = YES;
				CLANG_WARN_OBJC_ROOT_CLASS = YES_ERROR;
				CLANG_WARN_RANGE_LOOP_ANALYSIS = YES;
				CLANG_WARN_STRICT_PROTOTYPES = YES;
				CLANG_WARN_SUSPICIOUS_MOVE = YES;
				CLANG_WARN_UNGUARDED_AVAILABILITY = YES_AGGRESSIVE;
				CLANG_WARN_UNREACHABLE_CODE = YES;
				CLANG_WARN__DUPLICATE_METHOD_MATCH = YES;
				COPY_PHASE_STRIP = NO;
				DEBUG_INFORMATION_FORMAT = "dwarf-with-dsym";
				ENABLE_NS_ASSERTIONS = NO;
				ENABLE_STRICT_OBJC_MSGSEND = YES;
				GCC_C_LANGUAGE_STANDARD = gnu11;
				GCC_NO_COMMON_BLOCKS = YES;
				GCC_WARN_64_TO_32_BIT_CONVERSION = YES;
				GCC_WARN_ABOUT_RETURN_TYPE = YES_ERROR;
				GCC_WARN_UNDECLARED_SELECTOR = YES;
				GCC_WARN_UNINITIALIZED_AUTOS = YES_AGGRESSIVE;
				GCC_WARN_UNUSED_FUNCTION = YES;
				GCC_WARN_UNUSED_VARIABLE = YES;
				MACOSX_DEPLOYMENT_TARGET = 10.13;
				MTL_ENABLE_DEBUG_INFO = NO;
				MTL_FAST_MATH = YES;
				SDKROOT = macosx;
				SWIFT_COMPILATION_MODE = wholemodule;
				SWIFT_OPTIMIZATION_LEVEL = "-O";
			};
			name = Release;
		};
		7ECC8CFF240CB4CC000D6970 /* Debug */ = {
			isa = XCBuildConfiguration;
			buildSettings = {
				ALWAYS_EMBED_SWIFT_STANDARD_LIBRARIES = YES;
				ASSETCATALOG_COMPILER_APPICON_NAME = AppIcon;
				CODE_SIGN_ENTITLEMENTS = Glance/Glance.entitlements;
				CODE_SIGN_IDENTITY = "-";
				CODE_SIGN_STYLE = Automatic;
				COMBINE_HIDPI_IMAGES = YES;
				DEVELOPMENT_TEAM = 5AKCUQXMXK;
				ENABLE_HARDENED_RUNTIME = YES;
				INFOPLIST_FILE = Glance/Info.plist;
				LD_RUNPATH_SEARCH_PATHS = (
					"$(inherited)",
					"@executable_path/../Frameworks",
				);
				PRODUCT_BUNDLE_IDENTIFIER = com.samuelmeuli.Glance;
				PRODUCT_NAME = "$(TARGET_NAME)";
				SWIFT_VERSION = 5.0;
			};
			name = Debug;
		};
		7ECC8D00240CB4CC000D6970 /* Release */ = {
			isa = XCBuildConfiguration;
			buildSettings = {
				ALWAYS_EMBED_SWIFT_STANDARD_LIBRARIES = YES;
				ASSETCATALOG_COMPILER_APPICON_NAME = AppIcon;
				CODE_SIGN_ENTITLEMENTS = Glance/Glance.entitlements;
				CODE_SIGN_IDENTITY = "-";
				CODE_SIGN_STYLE = Automatic;
				COMBINE_HIDPI_IMAGES = YES;
				DEVELOPMENT_TEAM = 5AKCUQXMXK;
				ENABLE_HARDENED_RUNTIME = YES;
				INFOPLIST_FILE = Glance/Info.plist;
				LD_RUNPATH_SEARCH_PATHS = (
					"$(inherited)",
					"@executable_path/../Frameworks",
				);
				PRODUCT_BUNDLE_IDENTIFIER = com.samuelmeuli.Glance;
				PRODUCT_NAME = "$(TARGET_NAME)";
				SWIFT_VERSION = 5.0;
			};
			name = Release;
		};
/* End XCBuildConfiguration section */

/* Begin XCConfigurationList section */
		7E6EF20C240CC802009E4199 /* Build configuration list for PBXNativeTarget "QLPlugin" */ = {
			isa = XCConfigurationList;
			buildConfigurations = (
				7E6EF20A240CC802009E4199 /* Debug */,
				7E6EF20B240CC802009E4199 /* Release */,
			);
			defaultConfigurationIsVisible = 0;
			defaultConfigurationName = Release;
		};
		7ECC8CE9240CB4CC000D6970 /* Build configuration list for PBXProject "Glance" */ = {
			isa = XCConfigurationList;
			buildConfigurations = (
				7ECC8CFC240CB4CC000D6970 /* Debug */,
				7ECC8CFD240CB4CC000D6970 /* Release */,
			);
			defaultConfigurationIsVisible = 0;
			defaultConfigurationName = Release;
		};
		7ECC8CFE240CB4CC000D6970 /* Build configuration list for PBXNativeTarget "Glance" */ = {
			isa = XCConfigurationList;
			buildConfigurations = (
				7ECC8CFF240CB4CC000D6970 /* Debug */,
				7ECC8D00240CB4CC000D6970 /* Release */,
			);
			defaultConfigurationIsVisible = 0;
			defaultConfigurationName = Release;
		};
/* End XCConfigurationList section */

/* Begin XCRemoteSwiftPackageReference section */
		7E8DEDA9242BE1FA00F2DABB /* XCRemoteSwiftPackageReference "Down" */ = {
			isa = XCRemoteSwiftPackageReference;
			repositoryURL = "https://github.com/iwasrobbed/Down";
			requirement = {
				kind = upToNextMajorVersion;
				minimumVersion = 0.9.2;
			};
		};
		7E8DEDAC242BE20F00F2DABB /* XCRemoteSwiftPackageReference "swift-exec" */ = {
			isa = XCRemoteSwiftPackageReference;
			repositoryURL = "https://github.com/samuelmeuli/swift-exec";
			requirement = {
				kind = upToNextMinorVersion;
				minimumVersion = 0.1.0;
			};
		};
/* End XCRemoteSwiftPackageReference section */

/* Begin XCSwiftPackageProductDependency section */
		7E8DEDAA242BE1FA00F2DABB /* Down */ = {
			isa = XCSwiftPackageProductDependency;
			package = 7E8DEDA9242BE1FA00F2DABB /* XCRemoteSwiftPackageReference "Down" */;
			productName = Down;
		};
		7E8DEDAD242BE20F00F2DABB /* SwiftExec */ = {
			isa = XCSwiftPackageProductDependency;
			package = 7E8DEDAC242BE20F00F2DABB /* XCRemoteSwiftPackageReference "swift-exec" */;
			productName = SwiftExec;
		};
/* End XCSwiftPackageProductDependency section */
	};
	rootObject = 7ECC8CE6240CB4CC000D6970 /* Project object */;
}
