// !$*UTF8*$!
{
	archiveVersion = 1;
	classes = {
	};
	objectVersion = 52;
	objects = {

/* Begin PBXBuildFile section */
		7E1DC515240E5A4B00D0A061 /* shared.css in Resources */ = {isa = PBXBuildFile; fileRef = 7E1DC50A240E5A4B00D0A061 /* shared.css */; };
		7E1DC51F240E6CE300D0A061 /* Renderer.swift in Sources */ = {isa = PBXBuildFile; fileRef = 7E1DC51E240E6CE300D0A061 /* Renderer.swift */; };
		7E1DC521240E6D8000D0A061 /* MarkdownRenderer.swift in Sources */ = {isa = PBXBuildFile; fileRef = 7E1DC520240E6D8000D0A061 /* MarkdownRenderer.swift */; };
		7E1DC524240E6DCD00D0A061 /* Down in Frameworks */ = {isa = PBXBuildFile; productRef = 7E1DC523240E6DCD00D0A061 /* Down */; };
		7E1DC528240E6F4A00D0A061 /* RendererFactory.swift in Sources */ = {isa = PBXBuildFile; fileRef = 7E1DC527240E6F4A00D0A061 /* RendererFactory.swift */; };
		7E1DC52A240E6FDE00D0A061 /* CodeRenderer.swift in Sources */ = {isa = PBXBuildFile; fileRef = 7E1DC529240E6FDE00D0A061 /* CodeRenderer.swift */; };
		7E35BFC12410F60F00AB0A3C /* prism.min.css in Resources */ = {isa = PBXBuildFile; fileRef = 7E35BFBF2410F60F00AB0A3C /* prism.min.css */; };
		7E35BFC22410F60F00AB0A3C /* prism.min.js in Resources */ = {isa = PBXBuildFile; fileRef = 7E35BFC02410F60F00AB0A3C /* prism.min.js */; };
		7E35BFC42410FDD800AB0A3C /* minireset.min.css in Resources */ = {isa = PBXBuildFile; fileRef = 7E35BFC32410FDD800AB0A3C /* minireset.min.css */; };
		7E59DDD7240CC3B2009A4E05 /* .gitignore in Resources */ = {isa = PBXBuildFile; fileRef = 7E59DDD6240CC3B2009A4E05 /* .gitignore */; };
		7E6EF1FD240CC802009E4199 /* Quartz.framework in Frameworks */ = {isa = PBXBuildFile; fileRef = 7E6EF1FC240CC802009E4199 /* Quartz.framework */; };
		7E6EF200240CC802009E4199 /* PreviewViewController.swift in Sources */ = {isa = PBXBuildFile; fileRef = 7E6EF1FF240CC802009E4199 /* PreviewViewController.swift */; };
		7E6EF208240CC802009E4199 /* QLPlugin.appex in Embed App Extensions */ = {isa = PBXBuildFile; fileRef = 7E6EF1FA240CC802009E4199 /* QLPlugin.appex */; settings = {ATTRIBUTES = (RemoveHeadersOnCopy, ); }; };
		7E8DEE96240CC47C007A1477 /* .swiftformat in Resources */ = {isa = PBXBuildFile; fileRef = 7E8DEE94240CC47B007A1477 /* .swiftformat */; };
		7E8DEE97240CC47C007A1477 /* .swiftlint.yml in Resources */ = {isa = PBXBuildFile; fileRef = 7E8DEE95240CC47B007A1477 /* .swiftlint.yml */; };
		7E8DEE99240CC4D2007A1477 /* GlanceApp.swift in Sources */ = {isa = PBXBuildFile; fileRef = 7E8DEE98240CC4D2007A1477 /* GlanceApp.swift */; };
		7EAC01EA240D2063009505D0 /* PreviewWebView.swift in Sources */ = {isa = PBXBuildFile; fileRef = 7EAC01E9240D2063009505D0 /* PreviewWebView.swift */; };
		7EAC01EC240D220B009505D0 /* FileInfo.swift in Sources */ = {isa = PBXBuildFile; fileRef = 7EAC01EB240D220B009505D0 /* FileInfo.swift */; };
		7ECC8CF2240CB4CC000D6970 /* AppDelegate.swift in Sources */ = {isa = PBXBuildFile; fileRef = 7ECC8CF1240CB4CC000D6970 /* AppDelegate.swift */; };
		7ECC8CF4240CB4CC000D6970 /* ViewController.swift in Sources */ = {isa = PBXBuildFile; fileRef = 7ECC8CF3240CB4CC000D6970 /* ViewController.swift */; };
		7ECC8CF6240CB4CC000D6970 /* Assets.xcassets in Resources */ = {isa = PBXBuildFile; fileRef = 7ECC8CF5240CB4CC000D6970 /* Assets.xcassets */; };
/* End PBXBuildFile section */

/* Begin PBXContainerItemProxy section */
		7E6EF206240CC802009E4199 /* PBXContainerItemProxy */ = {
			isa = PBXContainerItemProxy;
			containerPortal = 7ECC8CE6240CB4CC000D6970 /* Project object */;
			proxyType = 1;
			remoteGlobalIDString = 7E6EF1F9240CC802009E4199;
			remoteInfo = QLPlugin;
		};
/* End PBXContainerItemProxy section */

/* Begin PBXCopyFilesBuildPhase section */
		7E6EF209240CC802009E4199 /* Embed App Extensions */ = {
			isa = PBXCopyFilesBuildPhase;
			buildActionMask = 2147483647;
			dstPath = "";
			dstSubfolderSpec = 13;
			files = (
				7E6EF208240CC802009E4199 /* QLPlugin.appex in Embed App Extensions */,
			);
			name = "Embed App Extensions";
			runOnlyForDeploymentPostprocessing = 0;
		};
/* End PBXCopyFilesBuildPhase section */

/* Begin PBXFileReference section */
		7E1DC50A240E5A4B00D0A061 /* shared.css */ = {isa = PBXFileReference; fileEncoding = 4; lastKnownFileType = text.css; path = shared.css; sourceTree = "<group>"; };
		7E1DC51E240E6CE300D0A061 /* Renderer.swift */ = {isa = PBXFileReference; lastKnownFileType = sourcecode.swift; path = Renderer.swift; sourceTree = "<group>"; };
		7E1DC520240E6D8000D0A061 /* MarkdownRenderer.swift */ = {isa = PBXFileReference; lastKnownFileType = sourcecode.swift; path = MarkdownRenderer.swift; sourceTree = "<group>"; };
		7E1DC527240E6F4A00D0A061 /* RendererFactory.swift */ = {isa = PBXFileReference; lastKnownFileType = sourcecode.swift; path = RendererFactory.swift; sourceTree = "<group>"; };
		7E1DC529240E6FDE00D0A061 /* CodeRenderer.swift */ = {isa = PBXFileReference; lastKnownFileType = sourcecode.swift; path = CodeRenderer.swift; sourceTree = "<group>"; };
		7E35BFBF2410F60F00AB0A3C /* prism.min.css */ = {isa = PBXFileReference; fileEncoding = 4; lastKnownFileType = text.css; path = prism.min.css; sourceTree = "<group>"; };
		7E35BFC02410F60F00AB0A3C /* prism.min.js */ = {isa = PBXFileReference; fileEncoding = 4; lastKnownFileType = sourcecode.javascript; path = prism.min.js; sourceTree = "<group>"; };
		7E35BFC32410FDD800AB0A3C /* minireset.min.css */ = {isa = PBXFileReference; fileEncoding = 4; lastKnownFileType = text.css; name = minireset.min.css; path = QLPlugin/Assets/minireset.min.css; sourceTree = SOURCE_ROOT; };
		7E59DDD6240CC3B2009A4E05 /* .gitignore */ = {isa = PBXFileReference; fileEncoding = 4; lastKnownFileType = text; path = .gitignore; sourceTree = SOURCE_ROOT; };
		7E6EF1FA240CC802009E4199 /* QLPlugin.appex */ = {isa = PBXFileReference; explicitFileType = "wrapper.app-extension"; includeInIndex = 0; path = QLPlugin.appex; sourceTree = BUILT_PRODUCTS_DIR; };
		7E6EF1FC240CC802009E4199 /* Quartz.framework */ = {isa = PBXFileReference; lastKnownFileType = wrapper.framework; name = Quartz.framework; path = System/Library/Frameworks/Quartz.framework; sourceTree = SDKROOT; };
		7E6EF1FF240CC802009E4199 /* PreviewViewController.swift */ = {isa = PBXFileReference; lastKnownFileType = sourcecode.swift; path = PreviewViewController.swift; sourceTree = "<group>"; };
		7E6EF204240CC802009E4199 /* Info.plist */ = {isa = PBXFileReference; lastKnownFileType = text.plist.xml; path = Info.plist; sourceTree = "<group>"; };
		7E6EF205240CC802009E4199 /* QLPlugin.entitlements */ = {isa = PBXFileReference; lastKnownFileType = text.plist.entitlements; path = QLPlugin.entitlements; sourceTree = "<group>"; };
		7E8DEE94240CC47B007A1477 /* .swiftformat */ = {isa = PBXFileReference; fileEncoding = 4; lastKnownFileType = text; path = .swiftformat; sourceTree = SOURCE_ROOT; };
		7E8DEE95240CC47B007A1477 /* .swiftlint.yml */ = {isa = PBXFileReference; fileEncoding = 4; lastKnownFileType = text.yaml; path = .swiftlint.yml; sourceTree = SOURCE_ROOT; };
		7E8DEE98240CC4D2007A1477 /* GlanceApp.swift */ = {isa = PBXFileReference; fileEncoding = 4; lastKnownFileType = sourcecode.swift; path = GlanceApp.swift; sourceTree = "<group>"; };
		7EAC01E9240D2063009505D0 /* PreviewWebView.swift */ = {isa = PBXFileReference; lastKnownFileType = sourcecode.swift; path = PreviewWebView.swift; sourceTree = "<group>"; };
		7EAC01EB240D220B009505D0 /* FileInfo.swift */ = {isa = PBXFileReference; lastKnownFileType = sourcecode.swift; path = FileInfo.swift; sourceTree = "<group>"; };
		7ECC8CEE240CB4CC000D6970 /* Glance.app */ = {isa = PBXFileReference; explicitFileType = wrapper.application; includeInIndex = 0; path = Glance.app; sourceTree = BUILT_PRODUCTS_DIR; };
		7ECC8CF1240CB4CC000D6970 /* AppDelegate.swift */ = {isa = PBXFileReference; lastKnownFileType = sourcecode.swift; path = AppDelegate.swift; sourceTree = "<group>"; };
		7ECC8CF3240CB4CC000D6970 /* ViewController.swift */ = {isa = PBXFileReference; lastKnownFileType = sourcecode.swift; path = ViewController.swift; sourceTree = "<group>"; };
		7ECC8CF5240CB4CC000D6970 /* Assets.xcassets */ = {isa = PBXFileReference; lastKnownFileType = folder.assetcatalog; path = Assets.xcassets; sourceTree = "<group>"; };
		7ECC8CFA240CB4CC000D6970 /* Info.plist */ = {isa = PBXFileReference; lastKnownFileType = text.plist.xml; path = Info.plist; sourceTree = "<group>"; };
		7ECC8CFB240CB4CC000D6970 /* Glance.entitlements */ = {isa = PBXFileReference; lastKnownFileType = text.plist.entitlements; path = Glance.entitlements; sourceTree = "<group>"; };
/* End PBXFileReference section */

/* Begin PBXFrameworksBuildPhase section */
		7E6EF1F7240CC802009E4199 /* Frameworks */ = {
			isa = PBXFrameworksBuildPhase;
			buildActionMask = 2147483647;
			files = (
				7E1DC524240E6DCD00D0A061 /* Down in Frameworks */,
				7E6EF1FD240CC802009E4199 /* Quartz.framework in Frameworks */,
			);
			runOnlyForDeploymentPostprocessing = 0;
		};
		7ECC8CEB240CB4CC000D6970 /* Frameworks */ = {
			isa = PBXFrameworksBuildPhase;
			buildActionMask = 2147483647;
			files = (
			);
			runOnlyForDeploymentPostprocessing = 0;
		};
/* End PBXFrameworksBuildPhase section */

/* Begin PBXGroup section */
		7E1DC51C240E674300D0A061 /* Utils */ = {
			isa = PBXGroup;
			children = (
				7EAC01EB240D220B009505D0 /* FileInfo.swift */,
			);
			path = Utils;
			sourceTree = "<group>";
		};
		7E1DC51D240E68AF00D0A061 /* Views */ = {
			isa = PBXGroup;
			children = (
				7EAC01E9240D2063009505D0 /* PreviewWebView.swift */,
			);
			path = Views;
			sourceTree = "<group>";
		};
		7E1DC52B240E91FC00D0A061 /* Assets */ = {
			isa = PBXGroup;
			children = (
				7E1DC52D240E9D2C00D0A061 /* code */,
				7E35BFC32410FDD800AB0A3C /* minireset.min.css */,
				7E1DC50A240E5A4B00D0A061 /* shared.css */,
			);
			path = Assets;
			sourceTree = "<group>";
		};
		7E1DC52C240E9A3700D0A061 /* Subclasses */ = {
			isa = PBXGroup;
			children = (
				7E1DC529240E6FDE00D0A061 /* CodeRenderer.swift */,
				7E1DC520240E6D8000D0A061 /* MarkdownRenderer.swift */,
			);
			path = Subclasses;
			sourceTree = "<group>";
		};
		7E1DC52D240E9D2C00D0A061 /* code */ = {
			isa = PBXGroup;
			children = (
				7E35BFBF2410F60F00AB0A3C /* prism.min.css */,
				7E35BFC02410F60F00AB0A3C /* prism.min.js */,
			);
			path = code;
			sourceTree = "<group>";
		};
		7E6EF1FB240CC802009E4199 /* Frameworks */ = {
			isa = PBXGroup;
			children = (
				7E6EF1FC240CC802009E4199 /* Quartz.framework */,
			);
			name = Frameworks;
			sourceTree = "<group>";
		};
		7E6EF1FE240CC802009E4199 /* QLPlugin */ = {
			isa = PBXGroup;
			children = (
				7E1DC52B240E91FC00D0A061 /* Assets */,
				7E1DC51D240E68AF00D0A061 /* Views */,
				7EAC01E1240D1E94009505D0 /* Renderers */,
				7E1DC51C240E674300D0A061 /* Utils */,
				7E6EF1FF240CC802009E4199 /* PreviewViewController.swift */,
				7E6EF204240CC802009E4199 /* Info.plist */,
				7E6EF205240CC802009E4199 /* QLPlugin.entitlements */,
			);
			path = QLPlugin;
			sourceTree = "<group>";
		};
		7EAC01E1240D1E94009505D0 /* Renderers */ = {
			isa = PBXGroup;
			children = (
				7E1DC527240E6F4A00D0A061 /* RendererFactory.swift */,
				7E1DC51E240E6CE300D0A061 /* Renderer.swift */,
				7E1DC52C240E9A3700D0A061 /* Subclasses */,
			);
			path = Renderers;
			sourceTree = "<group>";
		};
		7ECC8CE5240CB4CC000D6970 = {
			isa = PBXGroup;
			children = (
				7ECC8CF0240CB4CC000D6970 /* Glance */,
				7E6EF1FE240CC802009E4199 /* QLPlugin */,
				7E6EF1FB240CC802009E4199 /* Frameworks */,
				7ECC8CEF240CB4CC000D6970 /* Products */,
			);
			sourceTree = "<group>";
		};
		7ECC8CEF240CB4CC000D6970 /* Products */ = {
			isa = PBXGroup;
			children = (
				7ECC8CEE240CB4CC000D6970 /* Glance.app */,
				7E6EF1FA240CC802009E4199 /* QLPlugin.appex */,
			);
			name = Products;
			sourceTree = "<group>";
		};
		7ECC8CF0240CB4CC000D6970 /* Glance */ = {
			isa = PBXGroup;
			children = (
				7E59DDD6240CC3B2009A4E05 /* .gitignore */,
				7E8DEE94240CC47B007A1477 /* .swiftformat */,
				7E8DEE95240CC47B007A1477 /* .swiftlint.yml */,
				7E8DEE98240CC4D2007A1477 /* GlanceApp.swift */,
				7ECC8CF1240CB4CC000D6970 /* AppDelegate.swift */,
				7ECC8CF3240CB4CC000D6970 /* ViewController.swift */,
				7ECC8CF5240CB4CC000D6970 /* Assets.xcassets */,
				7ECC8CFA240CB4CC000D6970 /* Info.plist */,
				7ECC8CFB240CB4CC000D6970 /* Glance.entitlements */,
			);
			path = Glance;
			sourceTree = "<group>";
		};
/* End PBXGroup section */

/* Begin PBXNativeTarget section */
		7E6EF1F9240CC802009E4199 /* QLPlugin */ = {
			isa = PBXNativeTarget;
			buildConfigurationList = 7E6EF20C240CC802009E4199 /* Build configuration list for PBXNativeTarget "QLPlugin" */;
			buildPhases = (
				7E6EF1F6240CC802009E4199 /* Sources */,
				7E6EF1F7240CC802009E4199 /* Frameworks */,
				7E6EF1F8240CC802009E4199 /* Resources */,
			);
			buildRules = (
			);
			dependencies = (
			);
			name = QLPlugin;
			packageProductDependencies = (
				7E1DC523240E6DCD00D0A061 /* Down */,
			);
			productName = QLPlugin;
			productReference = 7E6EF1FA240CC802009E4199 /* QLPlugin.appex */;
			productType = "com.apple.product-type.app-extension";
		};
		7ECC8CED240CB4CC000D6970 /* Glance */ = {
			isa = PBXNativeTarget;
			buildConfigurationList = 7ECC8CFE240CB4CC000D6970 /* Build configuration list for PBXNativeTarget "Glance" */;
			buildPhases = (
				7ECC8CEA240CB4CC000D6970 /* Sources */,
				7ECC8CEB240CB4CC000D6970 /* Frameworks */,
				7ECC8CEC240CB4CC000D6970 /* Resources */,
				7E6EF209240CC802009E4199 /* Embed App Extensions */,
			);
			buildRules = (
			);
			dependencies = (
				7E6EF207240CC802009E4199 /* PBXTargetDependency */,
			);
			name = Glance;
			productName = Glance;
			productReference = 7ECC8CEE240CB4CC000D6970 /* Glance.app */;
			productType = "com.apple.product-type.application";
		};
/* End PBXNativeTarget section */

/* Begin PBXProject section */
		7ECC8CE6240CB4CC000D6970 /* Project object */ = {
			isa = PBXProject;
			attributes = {
				LastSwiftUpdateCheck = 1130;
				LastUpgradeCheck = 1130;
				ORGANIZATIONNAME = "Samuel Meuli";
				TargetAttributes = {
					7E6EF1F9240CC802009E4199 = {
						CreatedOnToolsVersion = 11.3.1;
					};
					7ECC8CED240CB4CC000D6970 = {
						CreatedOnToolsVersion = 11.3.1;
					};
				};
			};
			buildConfigurationList = 7ECC8CE9240CB4CC000D6970 /* Build configuration list for PBXProject "Glance" */;
			compatibilityVersion = "Xcode 9.3";
			developmentRegion = en;
			hasScannedForEncodings = 0;
			knownRegions = (
				en,
				Base,
			);
			mainGroup = 7ECC8CE5240CB4CC000D6970;
			packageReferences = (
				7E1DC522240E6DCD00D0A061 /* XCRemoteSwiftPackageReference "Down" */,
			);
			productRefGroup = 7ECC8CEF240CB4CC000D6970 /* Products */;
			projectDirPath = "";
			projectRoot = "";
			targets = (
				7ECC8CED240CB4CC000D6970 /* Glance */,
				7E6EF1F9240CC802009E4199 /* QLPlugin */,
			);
		};
/* End PBXProject section */

/* Begin PBXResourcesBuildPhase section */
		7E6EF1F8240CC802009E4199 /* Resources */ = {
			isa = PBXResourcesBuildPhase;
			buildActionMask = 2147483647;
			files = (
				7E35BFC22410F60F00AB0A3C /* prism.min.js in Resources */,
				7E35BFC12410F60F00AB0A3C /* prism.min.css in Resources */,
				7E1DC515240E5A4B00D0A061 /* shared.css in Resources */,
				7E35BFC42410FDD800AB0A3C /* minireset.min.css in Resources */,
			);
			runOnlyForDeploymentPostprocessing = 0;
		};
		7ECC8CEC240CB4CC000D6970 /* Resources */ = {
			isa = PBXResourcesBuildPhase;
			buildActionMask = 2147483647;
			files = (
				7E8DEE97240CC47C007A1477 /* .swiftlint.yml in Resources */,
				7E8DEE96240CC47C007A1477 /* .swiftformat in Resources */,
				7ECC8CF6240CB4CC000D6970 /* Assets.xcassets in Resources */,
				7E59DDD7240CC3B2009A4E05 /* .gitignore in Resources */,
			);
			runOnlyForDeploymentPostprocessing = 0;
		};
/* End PBXResourcesBuildPhase section */

/* Begin PBXSourcesBuildPhase section */
		7E6EF1F6240CC802009E4199 /* Sources */ = {
			isa = PBXSourcesBuildPhase;
			buildActionMask = 2147483647;
			files = (
				7EAC01EC240D220B009505D0 /* FileInfo.swift in Sources */,
				7EAC01EA240D2063009505D0 /* PreviewWebView.swift in Sources */,
				7E1DC51F240E6CE300D0A061 /* Renderer.swift in Sources */,
				7E6EF200240CC802009E4199 /* PreviewViewController.swift in Sources */,
				7E1DC528240E6F4A00D0A061 /* RendererFactory.swift in Sources */,
				7E1DC521240E6D8000D0A061 /* MarkdownRenderer.swift in Sources */,
				7E1DC52A240E6FDE00D0A061 /* CodeRenderer.swift in Sources */,
			);
			runOnlyForDeploymentPostprocessing = 0;
		};
		7ECC8CEA240CB4CC000D6970 /* Sources */ = {
			isa = PBXSourcesBuildPhase;
			buildActionMask = 2147483647;
			files = (
				7E8DEE99240CC4D2007A1477 /* GlanceApp.swift in Sources */,
				7ECC8CF4240CB4CC000D6970 /* ViewController.swift in Sources */,
				7ECC8CF2240CB4CC000D6970 /* AppDelegate.swift in Sources */,
			);
			runOnlyForDeploymentPostprocessing = 0;
		};
/* End PBXSourcesBuildPhase section */

/* Begin PBXTargetDependency section */
		7E6EF207240CC802009E4199 /* PBXTargetDependency */ = {
			isa = PBXTargetDependency;
			target = 7E6EF1F9240CC802009E4199 /* QLPlugin */;
			targetProxy = 7E6EF206240CC802009E4199 /* PBXContainerItemProxy */;
		};
/* End PBXTargetDependency section */

/* Begin XCBuildConfiguration section */
		7E6EF20A240CC802009E4199 /* Debug */ = {
			isa = XCBuildConfiguration;
			buildSettings = {
				CODE_SIGN_ENTITLEMENTS = QLPlugin/QLPlugin.entitlements;
				CODE_SIGN_STYLE = Automatic;
				DEVELOPMENT_TEAM = 5AKCUQXMXK;
				ENABLE_HARDENED_RUNTIME = YES;
				INFOPLIST_FILE = QLPlugin/Info.plist;
				LD_RUNPATH_SEARCH_PATHS = (
					"$(inherited)",
					"@executable_path/../Frameworks",
					"@executable_path/../../../../Frameworks",
				);
				PRODUCT_BUNDLE_IDENTIFIER = com.samuelmeuli.Glance.QLPlugin;
				PRODUCT_NAME = "$(TARGET_NAME)";
				SKIP_INSTALL = YES;
				SWIFT_VERSION = 5.0;
			};
			name = Debug;
		};
		7E6EF20B240CC802009E4199 /* Release */ = {
			isa = XCBuildConfiguration;
			buildSettings = {
				CODE_SIGN_ENTITLEMENTS = QLPlugin/QLPlugin.entitlements;
				CODE_SIGN_STYLE = Automatic;
				DEVELOPMENT_TEAM = 5AKCUQXMXK;
				ENABLE_HARDENED_RUNTIME = YES;
				INFOPLIST_FILE = QLPlugin/Info.plist;
				LD_RUNPATH_SEARCH_PATHS = (
					"$(inherited)",
					"@executable_path/../Frameworks",
					"@executable_path/../../../../Frameworks",
				);
				PRODUCT_BUNDLE_IDENTIFIER = com.samuelmeuli.Glance.QLPlugin;
				PRODUCT_NAME = "$(TARGET_NAME)";
				SKIP_INSTALL = YES;
				SWIFT_VERSION = 5.0;
			};
			name = Release;
		};
		7ECC8CFC240CB4CC000D6970 /* Debug */ = {
			isa = XCBuildConfiguration;
			buildSettings = {
				ALWAYS_SEARCH_USER_PATHS = NO;
				CLANG_ANALYZER_NONNULL = YES;
				CLANG_ANALYZER_NUMBER_OBJECT_CONVERSION = YES_AGGRESSIVE;
				CLANG_CXX_LANGUAGE_STANDARD = "gnu++14";
				CLANG_CXX_LIBRARY = "libc++";
				CLANG_ENABLE_MODULES = YES;
				CLANG_ENABLE_OBJC_ARC = YES;
				CLANG_ENABLE_OBJC_WEAK = YES;
				CLANG_WARN_BLOCK_CAPTURE_AUTORELEASING = YES;
				CLANG_WARN_BOOL_CONVERSION = YES;
				CLANG_WARN_COMMA = YES;
				CLANG_WARN_CONSTANT_CONVERSION = YES;
				CLANG_WARN_DEPRECATED_OBJC_IMPLEMENTATIONS = YES;
				CLANG_WARN_DIRECT_OBJC_ISA_USAGE = YES_ERROR;
				CLANG_WARN_DOCUMENTATION_COMMENTS = YES;
				CLANG_WARN_EMPTY_BODY = YES;
				CLANG_WARN_ENUM_CONVERSION = YES;
				CLANG_WARN_INFINITE_RECURSION = YES;
				CLANG_WARN_INT_CONVERSION = YES;
				CLANG_WARN_NON_LITERAL_NULL_CONVERSION = YES;
				CLANG_WARN_OBJC_IMPLICIT_RETAIN_SELF = YES;
				CLANG_WARN_OBJC_LITERAL_CONVERSION = YES;
				CLANG_WARN_OBJC_ROOT_CLASS = YES_ERROR;
				CLANG_WARN_RANGE_LOOP_ANALYSIS = YES;
				CLANG_WARN_STRICT_PROTOTYPES = YES;
				CLANG_WARN_SUSPICIOUS_MOVE = YES;
				CLANG_WARN_UNGUARDED_AVAILABILITY = YES_AGGRESSIVE;
				CLANG_WARN_UNREACHABLE_CODE = YES;
				CLANG_WARN__DUPLICATE_METHOD_MATCH = YES;
				COPY_PHASE_STRIP = NO;
				DEBUG_INFORMATION_FORMAT = dwarf;
				ENABLE_STRICT_OBJC_MSGSEND = YES;
				ENABLE_TESTABILITY = YES;
				GCC_C_LANGUAGE_STANDARD = gnu11;
				GCC_DYNAMIC_NO_PIC = NO;
				GCC_NO_COMMON_BLOCKS = YES;
				GCC_OPTIMIZATION_LEVEL = 0;
				GCC_PREPROCESSOR_DEFINITIONS = (
					"DEBUG=1",
					"$(inherited)",
				);
				GCC_WARN_64_TO_32_BIT_CONVERSION = YES;
				GCC_WARN_ABOUT_RETURN_TYPE = YES_ERROR;
				GCC_WARN_UNDECLARED_SELECTOR = YES;
				GCC_WARN_UNINITIALIZED_AUTOS = YES_AGGRESSIVE;
				GCC_WARN_UNUSED_FUNCTION = YES;
				GCC_WARN_UNUSED_VARIABLE = YES;
				MACOSX_DEPLOYMENT_TARGET = 10.15;
				MTL_ENABLE_DEBUG_INFO = INCLUDE_SOURCE;
				MTL_FAST_MATH = YES;
				ONLY_ACTIVE_ARCH = YES;
				SDKROOT = macosx;
				SWIFT_ACTIVE_COMPILATION_CONDITIONS = DEBUG;
				SWIFT_OPTIMIZATION_LEVEL = "-Onone";
			};
			name = Debug;
		};
		7ECC8CFD240CB4CC000D6970 /* Release */ = {
			isa = XCBuildConfiguration;
			buildSettings = {
				ALWAYS_SEARCH_USER_PATHS = NO;
				CLANG_ANALYZER_NONNULL = YES;
				CLANG_ANALYZER_NUMBER_OBJECT_CONVERSION = YES_AGGRESSIVE;
				CLANG_CXX_LANGUAGE_STANDARD = "gnu++14";
				CLANG_CXX_LIBRARY = "libc++";
				CLANG_ENABLE_MODULES = YES;
				CLANG_ENABLE_OBJC_ARC = YES;
				CLANG_ENABLE_OBJC_WEAK = YES;
				CLANG_WARN_BLOCK_CAPTURE_AUTORELEASING = YES;
				CLANG_WARN_BOOL_CONVERSION = YES;
				CLANG_WARN_COMMA = YES;
				CLANG_WARN_CONSTANT_CONVERSION = YES;
				CLANG_WARN_DEPRECATED_OBJC_IMPLEMENTATIONS = YES;
				CLANG_WARN_DIRECT_OBJC_ISA_USAGE = YES_ERROR;
				CLANG_WARN_DOCUMENTATION_COMMENTS = YES;
				CLANG_WARN_EMPTY_BODY = YES;
				CLANG_WARN_ENUM_CONVERSION = YES;
				CLANG_WARN_INFINITE_RECURSION = YES;
				CLANG_WARN_INT_CONVERSION = YES;
				CLANG_WARN_NON_LITERAL_NULL_CONVERSION = YES;
				CLANG_WARN_OBJC_IMPLICIT_RETAIN_SELF = YES;
				CLANG_WARN_OBJC_LITERAL_CONVERSION = YES;
				CLANG_WARN_OBJC_ROOT_CLASS = YES_ERROR;
				CLANG_WARN_RANGE_LOOP_ANALYSIS = YES;
				CLANG_WARN_STRICT_PROTOTYPES = YES;
				CLANG_WARN_SUSPICIOUS_MOVE = YES;
				CLANG_WARN_UNGUARDED_AVAILABILITY = YES_AGGRESSIVE;
				CLANG_WARN_UNREACHABLE_CODE = YES;
				CLANG_WARN__DUPLICATE_METHOD_MATCH = YES;
				COPY_PHASE_STRIP = NO;
				DEBUG_INFORMATION_FORMAT = "dwarf-with-dsym";
				ENABLE_NS_ASSERTIONS = NO;
				ENABLE_STRICT_OBJC_MSGSEND = YES;
				GCC_C_LANGUAGE_STANDARD = gnu11;
				GCC_NO_COMMON_BLOCKS = YES;
				GCC_WARN_64_TO_32_BIT_CONVERSION = YES;
				GCC_WARN_ABOUT_RETURN_TYPE = YES_ERROR;
				GCC_WARN_UNDECLARED_SELECTOR = YES;
				GCC_WARN_UNINITIALIZED_AUTOS = YES_AGGRESSIVE;
				GCC_WARN_UNUSED_FUNCTION = YES;
				GCC_WARN_UNUSED_VARIABLE = YES;
				MACOSX_DEPLOYMENT_TARGET = 10.15;
				MTL_ENABLE_DEBUG_INFO = NO;
				MTL_FAST_MATH = YES;
				SDKROOT = macosx;
				SWIFT_COMPILATION_MODE = wholemodule;
				SWIFT_OPTIMIZATION_LEVEL = "-O";
			};
			name = Release;
		};
		7ECC8CFF240CB4CC000D6970 /* Debug */ = {
			isa = XCBuildConfiguration;
			buildSettings = {
				ALWAYS_EMBED_SWIFT_STANDARD_LIBRARIES = YES;
				ASSETCATALOG_COMPILER_APPICON_NAME = AppIcon;
				CODE_SIGN_ENTITLEMENTS = Glance/Glance.entitlements;
				CODE_SIGN_STYLE = Automatic;
				COMBINE_HIDPI_IMAGES = YES;
				DEVELOPMENT_TEAM = 5AKCUQXMXK;
				ENABLE_HARDENED_RUNTIME = YES;
				INFOPLIST_FILE = Glance/Info.plist;
				LD_RUNPATH_SEARCH_PATHS = (
					"$(inherited)",
					"@executable_path/../Frameworks",
				);
				PRODUCT_BUNDLE_IDENTIFIER = com.samuelmeuli.Glance;
				PRODUCT_NAME = "$(TARGET_NAME)";
				SWIFT_VERSION = 5.0;
			};
			name = Debug;
		};
		7ECC8D00240CB4CC000D6970 /* Release */ = {
			isa = XCBuildConfiguration;
			buildSettings = {
				ALWAYS_EMBED_SWIFT_STANDARD_LIBRARIES = YES;
				ASSETCATALOG_COMPILER_APPICON_NAME = AppIcon;
				CODE_SIGN_ENTITLEMENTS = Glance/Glance.entitlements;
				CODE_SIGN_STYLE = Automatic;
				COMBINE_HIDPI_IMAGES = YES;
				DEVELOPMENT_TEAM = 5AKCUQXMXK;
				ENABLE_HARDENED_RUNTIME = YES;
				INFOPLIST_FILE = Glance/Info.plist;
				LD_RUNPATH_SEARCH_PATHS = (
					"$(inherited)",
					"@executable_path/../Frameworks",
				);
				PRODUCT_BUNDLE_IDENTIFIER = com.samuelmeuli.Glance;
				PRODUCT_NAME = "$(TARGET_NAME)";
				SWIFT_VERSION = 5.0;
			};
			name = Release;
		};
/* End XCBuildConfiguration section */

/* Begin XCConfigurationList section */
		7E6EF20C240CC802009E4199 /* Build configuration list for PBXNativeTarget "QLPlugin" */ = {
			isa = XCConfigurationList;
			buildConfigurations = (
				7E6EF20A240CC802009E4199 /* Debug */,
				7E6EF20B240CC802009E4199 /* Release */,
			);
			defaultConfigurationIsVisible = 0;
			defaultConfigurationName = Release;
		};
		7ECC8CE9240CB4CC000D6970 /* Build configuration list for PBXProject "Glance" */ = {
			isa = XCConfigurationList;
			buildConfigurations = (
				7ECC8CFC240CB4CC000D6970 /* Debug */,
				7ECC8CFD240CB4CC000D6970 /* Release */,
			);
			defaultConfigurationIsVisible = 0;
			defaultConfigurationName = Release;
		};
		7ECC8CFE240CB4CC000D6970 /* Build configuration list for PBXNativeTarget "Glance" */ = {
			isa = XCConfigurationList;
			buildConfigurations = (
				7ECC8CFF240CB4CC000D6970 /* Debug */,
				7ECC8D00240CB4CC000D6970 /* Release */,
			);
			defaultConfigurationIsVisible = 0;
			defaultConfigurationName = Release;
		};
/* End XCConfigurationList section */

/* Begin XCRemoteSwiftPackageReference section */
		7E1DC522240E6DCD00D0A061 /* XCRemoteSwiftPackageReference "Down" */ = {
			isa = XCRemoteSwiftPackageReference;
			repositoryURL = "https://github.com/iwasrobbed/Down";
			requirement = {
				kind = upToNextMajorVersion;
				minimumVersion = 0.9.1;
			};
		};
/* End XCRemoteSwiftPackageReference section */

/* Begin XCSwiftPackageProductDependency section */
		7E1DC523240E6DCD00D0A061 /* Down */ = {
			isa = XCSwiftPackageProductDependency;
			package = 7E1DC522240E6DCD00D0A061 /* XCRemoteSwiftPackageReference "Down" */;
			productName = Down;
		};
/* End XCSwiftPackageProductDependency section */
	};
	rootObject = 7ECC8CE6240CB4CC000D6970 /* Project object */;
}
